PODS:
  - Giphy (2.1.12):
    - libwebp
  - libwebp (1.2.0):
    - libwebp/demux (= 1.2.0)
    - libwebp/mux (= 1.2.0)
    - libwebp/webp (= 1.2.0)
  - libwebp/demux (1.2.0):
    - libwebp/webp
  - libwebp/mux (1.2.0):
    - libwebp/demux
  - libwebp/webp (1.2.0)
  - youtube-ios-player-helper (1.0.3)

DEPENDENCIES:
  - Giphy
  - youtube-ios-player-helper

SPEC REPOS:
  trunk:
    - Giphy
    - libwebp
    - youtube-ios-player-helper

SPEC CHECKSUMS:
  Giphy: 10a33b884d02b32f19e6350431bd51faa074629d
  libwebp: e90b9c01d99205d03b6bb8f2c8c415e5a4ef66f0
  youtube-ios-player-helper: 0185c57db23c80d63d6ca11251d110abb8a4ca61

PODFILE CHECKSUM: 6e4d636ef9aa5f92671d09dcb34a6b5183707cb7

COCOAPODS: 1.10.1
