{
  "object": {
    "pins": [
      {
        "package": "SoftUIView",
        "repositoryURL": "https://github.com/hmhv/SoftUIView.git",
        "state": {
          "branch": null,
          "revision": "7cad93419bcc4e51c658ff48fcc7626fa6015d95",
          "version": "0.0.3"
        }
      },
      {
        "package": "SwiftyGif",
        "repositoryURL": "https://github.com/kirualex/SwiftyGif.git",
        "state": {
          "branch": null,
          "revision": "0cd770feed5807d9fd4fa8df5ad74b56b814b0c8",
          "version": "5.4.0"
        }
      }
    ]
  },
  "version": 1
}
