// !$*UTF8*$!
{
	archiveVersion = 1;
	classes = {
	};
	objectVersion = 52;
	objects = {

/* Begin PBXBuildFile section */
		441C0CA625EBBF8200BB0710 /* kermit.gif in Resources */ = {isa = PBXBuildFile; fileRef = 441C0CA525EBBF8200BB0710 /* kermit.gif */; };
		443A9EB425E2EF0D001E69BB /* burgercandle.gif in Resources */ = {isa = PBXBuildFile; fileRef = 443A9EB325E2EF0D001E69BB /* burgercandle.gif */; };
		443A9EB925E2F003001E69BB /* dogsinyellowhats.gif in Resources */ = {isa = PBXBuildFile; fileRef = 443A9EB825E2F003001E69BB /* dogsinyellowhats.gif */; };
		443A9EBE25E2F013001E69BB /* pizzacandle.gif in Resources */ = {isa = PBXBuildFile; fileRef = 443A9EBD25E2F013001E69BB /* pizzacandle.gif */; };
		443A9EC325E2F01B001E69BB /* bigmeal.gif in Resources */ = {isa = PBXBuildFile; fileRef = 443A9EC225E2F01B001E69BB /* bigmeal.gif */; };
		443A9EC825E2F037001E69BB /* catlettuce.gif in Resources */ = {isa = PBXBuildFile; fileRef = 443A9EC725E2F037001E69BB /* catlettuce.gif */; };
		443A9ECD25E2F061001E69BB /* stayhome.gif in Resources */ = {isa = PBXBuildFile; fileRef = 443A9ECC25E2F061001E69BB /* stayhome.gif */; };
		443A9ED225E2F071001E69BB /* joewicks.gif in Resources */ = {isa = PBXBuildFile; fileRef = 443A9ED125E2F071001E69BB /* joewicks.gif */; };
		443A9ED725E2F1A3001E69BB /* allbymyself.gif in Resources */ = {isa = PBXBuildFile; fileRef = 443A9ED625E2F1A3001E69BB /* allbymyself.gif */; };
		446CDCC825CA910A0028B799 /* newCharacterViewController.swift in Sources */ = {isa = PBXBuildFile; fileRef = 446CDCC725CA910A0028B799 /* newCharacterViewController.swift */; };
		4472E44125EC1BA2006AEEDC /* yummy_they_said.jpg in Resources */ = {isa = PBXBuildFile; fileRef = 4472E44025EC1BA2006AEEDC /* yummy_they_said.jpg */; };
		4472E44625EC1D09006AEEDC /* grumpy-baby-photo-shoot.jpg in Resources */ = {isa = PBXBuildFile; fileRef = 4472E44525EC1D09006AEEDC /* grumpy-baby-photo-shoot.jpg */; };
		44772128252B16C800C76FB0 /* giphy30.gif in Resources */ = {isa = PBXBuildFile; fileRef = 44772127252B16C800C76FB0 /* giphy30.gif */; };
		4480FC0525ECC1F40074A286 /* powerofno.mp4 in Resources */ = {isa = PBXBuildFile; fileRef = 443A9EDC25E2F2B8001E69BB /* powerofno.mp4 */; };
		4480FC0925ECC2FD0074A286 /* hamsterpinkcar.mp4 in Resources */ = {isa = PBXBuildFile; fileRef = 443A9EDB25E2F292001E69BB /* hamsterpinkcar.mp4 */; };
		4480FC0D25ECC6400074A286 /* blackdog.mp4 in Resources */ = {isa = PBXBuildFile; fileRef = 441C0CAE25EBF43400BB0710 /* blackdog.mp4 */; };
		4480FC1125ECC64D0074A286 /* redjuice.mp4 in Resources */ = {isa = PBXBuildFile; fileRef = 4472E45225EC1F81006AEEDC /* redjuice.mp4 */; };
		4480FC1525ECC6560074A286 /* v07044670000bu2s1grle1ejujl4qvf0.MP4-0.0000-59.1170.mp4 in Resources */ = {isa = PBXBuildFile; fileRef = 44A812D4257D46BA00685A0E /* v07044670000bu2s1grle1ejujl4qvf0.MP4-0.0000-59.1170.mp4 */; };
		4480FC1925ECC6600074A286 /* v09044870000bt9t18n7hc96rduchojg.MP4-0.0000-52.1310.mp4 in Resources */ = {isa = PBXBuildFile; fileRef = 44A812D3257D469800685A0E /* v09044870000bt9t18n7hc96rduchojg.MP4-0.0000-52.1310.mp4 */; };
		4480FC2125ECC7220074A286 /* redShoes.png in Resources */ = {isa = PBXBuildFile; fileRef = 4480FC2025ECC7220074A286 /* redShoes.png */; };
		4493C55025D112F000A6768D /* redbike.jpg in Resources */ = {isa = PBXBuildFile; fileRef = 4493C54F25D112F000A6768D /* redbike.jpg */; };
		4493C55525D1140400A6768D /* 904533F5-6D4F-4B56-AEF6-5B386EBD5BC1_4_5005_c.jpeg in Resources */ = {isa = PBXBuildFile; fileRef = 4493C55425D1140400A6768D /* 904533F5-6D4F-4B56-AEF6-5B386EBD5BC1_4_5005_c.jpeg */; };
		4493C55A25D1144900A6768D /* pokebike.gif in Resources */ = {isa = PBXBuildFile; fileRef = 4493C55925D1144900A6768D /* pokebike.gif */; };
		4493C55F25D115B200A6768D /* day2biketrick.gif in Resources */ = {isa = PBXBuildFile; fileRef = 4493C55E25D115B200A6768D /* day2biketrick.gif */; };
		4493C56425D1183C00A6768D /* catday2.jpeg in Resources */ = {isa = PBXBuildFile; fileRef = 4493C56325D1183C00A6768D /* catday2.jpeg */; };
		4493C56925D1184000A6768D /* dogday2.jpeg in Resources */ = {isa = PBXBuildFile; fileRef = 4493C56825D1184000A6768D /* dogday2.jpeg */; };
		449DFE0D256FD4CE00120774 /* storyline.txt in Resources */ = {isa = PBXBuildFile; fileRef = 449DFE0C256FD4CE00120774 /* storyline.txt */; };
		44A812CA257D45DC00685A0E /* sadanimegirl.gif in Resources */ = {isa = PBXBuildFile; fileRef = 44A812C9257D45DC00685A0E /* sadanimegirl.gif */; };
		44A812CF257D468B00685A0E /* giphy 18.GIF-0.0000-15.0100.gif in Resources */ = {isa = PBXBuildFile; fileRef = 44A812CE257D468B00685A0E /* giphy 18.GIF-0.0000-15.0100.gif */; };
		44A812E3257D549C00685A0E /* redShoes.png in Resources */ = {isa = PBXBuildFile; fileRef = 44A812E2257D549C00685A0E /* redShoes.png */; };
		44A812E8257D554100685A0E /* catlettucesad.png in Resources */ = {isa = PBXBuildFile; fileRef = 44A812E7257D554100685A0E /* catlettucesad.png */; };
		44A812ED257D55B100685A0E /* redvelvet.gif in Resources */ = {isa = PBXBuildFile; fileRef = 44A812EC257D55B100685A0E /* redvelvet.gif */; };
		44A812F7257E38E600685A0E /* garlicbread.png in Resources */ = {isa = PBXBuildFile; fileRef = 44A812F4257E38E600685A0E /* garlicbread.png */; };
		44A812F8257E38E600685A0E /* guyinredcar.png in Resources */ = {isa = PBXBuildFile; fileRef = 44A812F5257E38E600685A0E /* guyinredcar.png */; };
		44A812F9257E38E600685A0E /* cokebottlelids.png in Resources */ = {isa = PBXBuildFile; fileRef = 44A812F6257E38E600685A0E /* cokebottlelids.png */; };
		44A812FE257E390D00685A0E /* cakeparty.gif in Resources */ = {isa = PBXBuildFile; fileRef = 44A812FD257E390D00685A0E /* cakeparty.gif */; };
		44A81303257E39E600685A0E /* giphy30.gif in Resources */ = {isa = PBXBuildFile; fileRef = 44A81302257E39E600685A0E /* giphy30.gif */; };
		44A813202583926D00685A0E /* 07891284.ttf in Resources */ = {isa = PBXBuildFile; fileRef = 44A8131F2583926B00685A0E /* 07891284.ttf */; };
		44A813242583926E00685A0E /* 07891284.ttf in Resources */ = {isa = PBXBuildFile; fileRef = 44A8131F2583926B00685A0E /* 07891284.ttf */; };
		44A813252583926E00685A0E /* 07891284.ttf in Resources */ = {isa = PBXBuildFile; fileRef = 44A8131F2583926B00685A0E /* 07891284.ttf */; };
		44AFA49E256D1F0000CC7A0A /* PostDataInput.swift in Sources */ = {isa = PBXBuildFile; fileRef = 44AFA49D256D1F0000CC7A0A /* PostDataInput.swift */; };
		44BCE16525CDEB4F00760142 /* InteractionViewController.swift in Sources */ = {isa = PBXBuildFile; fileRef = 44BCE16425CDEB4F00760142 /* InteractionViewController.swift */; };
		44C3DEAE2520B67B00D317DA /* FeedPageViewController.swift in Sources */ = {isa = PBXBuildFile; fileRef = 44C3DEAD2520B67B00D317DA /* FeedPageViewController.swift */; };
		44C3DEB42520B76000D317DA /* Feed.swift in Sources */ = {isa = PBXBuildFile; fileRef = 44C3DEB32520B76000D317DA /* Feed.swift */; };
		44C3DEC32520C15600D317DA /* Protocols.swift in Sources */ = {isa = PBXBuildFile; fileRef = 44C3DEC22520C15600D317DA /* Protocols.swift */; };
		44C3DECE2520C30700D317DA /* FeedPagePresenter.swift in Sources */ = {isa = PBXBuildFile; fileRef = 44C3DECD2520C30700D317DA /* FeedPagePresenter.swift */; };
		44C3DED32520C3AE00D317DA /* FeedFetchService.swift in Sources */ = {isa = PBXBuildFile; fileRef = 44C3DED22520C3AE00D317DA /* FeedFetchService.swift */; };
		44C3DF0B2520DEF400D317DA /* Constant.swift in Sources */ = {isa = PBXBuildFile; fileRef = 44C3DF062520DEF400D317DA /* Constant.swift */; };
		44C3DF0C2520DEF400D317DA /* Connection.swift in Sources */ = {isa = PBXBuildFile; fileRef = 44C3DF072520DEF400D317DA /* Connection.swift */; };
		44C3DF0D2520DEF400D317DA /* InteractionUtil.swift in Sources */ = {isa = PBXBuildFile; fileRef = 44C3DF082520DEF400D317DA /* InteractionUtil.swift */; };
		44C3DF0E2520DEF400D317DA /* HTTPRequest.swift in Sources */ = {isa = PBXBuildFile; fileRef = 44C3DF092520DEF400D317DA /* HTTPRequest.swift */; };
		44C3DF0F2520DEF400D317DA /* HTTPError.swift in Sources */ = {isa = PBXBuildFile; fileRef = 44C3DF0A2520DEF400D317DA /* HTTPError.swift */; };
		44C3DF172521D94C00D317DA /* one.jpeg in Resources */ = {isa = PBXBuildFile; fileRef = 44C3DF162521D94C00D317DA /* one.jpeg */; };
		44C3DF1C2521D96100D317DA /* two.jpeg in Resources */ = {isa = PBXBuildFile; fileRef = 44C3DF1B2521D96100D317DA /* two.jpeg */; };
		44C3DF212521D99000D317DA /* three.jpeg in Resources */ = {isa = PBXBuildFile; fileRef = 44C3DF202521D99000D317DA /* three.jpeg */; };
		44C3DF2D2521F1F300D317DA /* giphy-13.gif in Resources */ = {isa = PBXBuildFile; fileRef = 44C3DF2C2521F1F300D317DA /* giphy-13.gif */; };
		44C3DF332521F4FD00D317DA /* SwiftyGif in Frameworks */ = {isa = PBXBuildFile; productRef = 44C3DF322521F4FD00D317DA /* SwiftyGif */; };
		44C3DF47252A274100D317DA /* fieri.jpeg in Resources */ = {isa = PBXBuildFile; fileRef = 44C3DF46252A274100D317DA /* fieri.jpeg */; };
		44D66C68253316B300C81C41 /* TimedComments.swift in Sources */ = {isa = PBXBuildFile; fileRef = 44D66C67253316B300C81C41 /* TimedComments.swift */; };
		44D66C7825336FF100C81C41 /* CommentsView.swift in Sources */ = {isa = PBXBuildFile; fileRef = 44D66C7725336FF100C81C41 /* CommentsView.swift */; };
		44D66C892534556E00C81C41 /* FeedViewLayout.swift in Sources */ = {isa = PBXBuildFile; fileRef = 44D66C882534556E00C81C41 /* FeedViewLayout.swift */; };
		44DC6803256FEA5F00C7C1D4 /* cucumberflower.mp4 in Resources */ = {isa = PBXBuildFile; fileRef = 44DC67C8256FEA5F00C7C1D4 /* cucumberflower.mp4 */; };
		44DC6804256FEA5F00C7C1D4 /* sassyfox.gif in Resources */ = {isa = PBXBuildFile; fileRef = 44DC67C9256FEA5F00C7C1D4 /* sassyfox.gif */; };
		44DC6805256FEA5F00C7C1D4 /* guy_profile_pic.jpeg in Resources */ = {isa = PBXBuildFile; fileRef = 44DC67CA256FEA5F00C7C1D4 /* guy_profile_pic.jpeg */; };
		44DC6806256FEA5F00C7C1D4 /* hotchoc.MP4 in Resources */ = {isa = PBXBuildFile; fileRef = 44DC67CB256FEA5F00C7C1D4 /* hotchoc.MP4 */; };
		44DC6807256FEA5F00C7C1D4 /* 200-9.gif in Resources */ = {isa = PBXBuildFile; fileRef = 44DC67CC256FEA5F00C7C1D4 /* 200-9.gif */; };
		44DC6808256FEA5F00C7C1D4 /* v09044060000bg471jqvfskjjg9j1fcg.mp4 in Resources */ = {isa = PBXBuildFile; fileRef = 44DC67CD256FEA5F00C7C1D4 /* v09044060000bg471jqvfskjjg9j1fcg.mp4 */; };
		44DC6809256FEA5F00C7C1D4 /* v09044d50000brljgip4uh3sr6teo7g0 copy.mp4 in Resources */ = {isa = PBXBuildFile; fileRef = 44DC67CE256FEA5F00C7C1D4 /* v09044d50000brljgip4uh3sr6teo7g0 copy.mp4 */; };
		44DC680A256FEA5F00C7C1D4 /* v07025db0000bu6lh79u0sobgpo574dg.mp4 in Resources */ = {isa = PBXBuildFile; fileRef = 44DC67D1256FEA5F00C7C1D4 /* v07025db0000bu6lh79u0sobgpo574dg.mp4 */; };
		44DC680B256FEA5F00C7C1D4 /* v07025c40000btq2arvglrfa1qbsg6f0.mp4 in Resources */ = {isa = PBXBuildFile; fileRef = 44DC67D2256FEA5F00C7C1D4 /* v07025c40000btq2arvglrfa1qbsg6f0.mp4 */; };
		44DC680C256FEA5F00C7C1D4 /* gift.gif in Resources */ = {isa = PBXBuildFile; fileRef = 44DC67D3256FEA5F00C7C1D4 /* gift.gif */; };
		44DC680D256FEA5F00C7C1D4 /* tomatosauce.MP4 in Resources */ = {isa = PBXBuildFile; fileRef = 44DC67D4256FEA5F00C7C1D4 /* tomatosauce.MP4 */; };
		44DC680E256FEA5F00C7C1D4 /* v09044d50000brljgip4uh3sr6teo7g0.mp4 in Resources */ = {isa = PBXBuildFile; fileRef = 44DC67D7256FEA5F00C7C1D4 /* v09044d50000brljgip4uh3sr6teo7g0.mp4 */; };
		44DC680F256FEA5F00C7C1D4 /* v07044a00000bu8aiu1u0so8eg4kba40.mp4 in Resources */ = {isa = PBXBuildFile; fileRef = 44DC67D8256FEA5F00C7C1D4 /* v07044a00000bu8aiu1u0so8eg4kba40.mp4 */; };
		44DC6810256FEA5F00C7C1D4 /* v09044b80000br7aj2kb0k2lv77r7v10.mp4 in Resources */ = {isa = PBXBuildFile; fileRef = 44DC67D9256FEA5F00C7C1D4 /* v09044b80000br7aj2kb0k2lv77r7v10.mp4 */; };
		44DC6811256FEA5F00C7C1D4 /* giphy-29.gif in Resources */ = {isa = PBXBuildFile; fileRef = 44DC67DB256FEA5F00C7C1D4 /* giphy-29.gif */; };
		44DC6812256FEA5F00C7C1D4 /* v09044200000bq5oe1kb0k2ilcn2iekg.mp4 in Resources */ = {isa = PBXBuildFile; fileRef = 44DC67DC256FEA5F00C7C1D4 /* v09044200000bq5oe1kb0k2ilcn2iekg.mp4 */; };
		44DC6813256FEA5F00C7C1D4 /* v09044b10000bsa3o28h3nflv6m1o8j0.mp4 in Resources */ = {isa = PBXBuildFile; fileRef = 44DC67DD256FEA5F00C7C1D4 /* v09044b10000bsa3o28h3nflv6m1o8j0.mp4 */; };
		44DC6814256FEA5F00C7C1D4 /* v090442d0000br49ja6a9rh57kf7jeu0.mp4 in Resources */ = {isa = PBXBuildFile; fileRef = 44DC67DE256FEA5F00C7C1D4 /* v090442d0000br49ja6a9rh57kf7jeu0.mp4 */; };
		44DC6815256FEA5F00C7C1D4 /* thankyou.MP4 in Resources */ = {isa = PBXBuildFile; fileRef = 44DC67DF256FEA5F00C7C1D4 /* thankyou.MP4 */; };
		44DC6816256FEA5F00C7C1D4 /* 3stepsconfidence.MP4 in Resources */ = {isa = PBXBuildFile; fileRef = 44DC67E0256FEA5F00C7C1D4 /* 3stepsconfidence.MP4 */; };
		44DC6817256FEA5F00C7C1D4 /* v09044c40000bou4iqnc0tomra4mnco0.mp4 in Resources */ = {isa = PBXBuildFile; fileRef = 44DC67E1256FEA5F00C7C1D4 /* v09044c40000bou4iqnc0tomra4mnco0.mp4 */; };
		44DC6818256FEA5F00C7C1D4 /* minidogcake.gif in Resources */ = {isa = PBXBuildFile; fileRef = 44DC67E2256FEA5F00C7C1D4 /* minidogcake.gif */; };
		44DC6819256FEA5F00C7C1D4 /* morph.gif in Resources */ = {isa = PBXBuildFile; fileRef = 44DC67E3256FEA5F00C7C1D4 /* morph.gif */; };
		44DC681A256FEA5F00C7C1D4 /* 200w-23.gif in Resources */ = {isa = PBXBuildFile; fileRef = 44DC67E4256FEA5F00C7C1D4 /* 200w-23.gif */; };
		44DC681B256FEA5F00C7C1D4 /* shyguinea.gif in Resources */ = {isa = PBXBuildFile; fileRef = 44DC67E5256FEA5F00C7C1D4 /* shyguinea.gif */; };
		44DC681C256FEA5F00C7C1D4 /* v090440e0000bl03mcjl96bevlo69jrg 2.mp4 in Resources */ = {isa = PBXBuildFile; fileRef = 44DC67E6256FEA5F00C7C1D4 /* v090440e0000bl03mcjl96bevlo69jrg 2.mp4 */; };
		44DC681D256FEA5F00C7C1D4 /* v09044bd0000brogfeop685g27h318ig.mp4 in Resources */ = {isa = PBXBuildFile; fileRef = 44DC67E7256FEA5F00C7C1D4 /* v09044bd0000brogfeop685g27h318ig.mp4 */; };
		44DC681E256FEA5F00C7C1D4 /* 3b32af8f28332e769cae2685d8dae510.MOV in Resources */ = {isa = PBXBuildFile; fileRef = 44DC67E8256FEA5F00C7C1D4 /* 3b32af8f28332e769cae2685d8dae510.MOV */; };
		44DC681F256FEA5F00C7C1D4 /* anxiety.MP4 in Resources */ = {isa = PBXBuildFile; fileRef = 44DC67E9256FEA5F00C7C1D4 /* anxiety.MP4 */; };
		44DC6820256FEA5F00C7C1D4 /* v09044660000bsnfe40o4qnk4c1hu2e0.mp4 in Resources */ = {isa = PBXBuildFile; fileRef = 44DC67EA256FEA5F00C7C1D4 /* v09044660000bsnfe40o4qnk4c1hu2e0.mp4 */; };
		44DC6821256FEA5F00C7C1D4 /* penguins.gif in Resources */ = {isa = PBXBuildFile; fileRef = 44DC67EB256FEA5F00C7C1D4 /* penguins.gif */; };
		44DC6822256FEA5F00C7C1D4 /* v09044140000bteecr019l167crjal30.mp4 in Resources */ = {isa = PBXBuildFile; fileRef = 44DC67EE256FEA5F00C7C1D4 /* v09044140000bteecr019l167crjal30.mp4 */; };
		44DC6823256FEA5F00C7C1D4 /* giphy-31.gif in Resources */ = {isa = PBXBuildFile; fileRef = 44DC67F1256FEA5F00C7C1D4 /* giphy-31.gif */; };
		44DC6824256FEA5F00C7C1D4 /* strawberry.mp4 in Resources */ = {isa = PBXBuildFile; fileRef = 44DC67F3256FEA5F00C7C1D4 /* strawberry.mp4 */; };
		44DC6825256FEA5F00C7C1D4 /* redpuff.gif in Resources */ = {isa = PBXBuildFile; fileRef = 44DC67F4256FEA5F00C7C1D4 /* redpuff.gif */; };
		44DC6826256FEA5F00C7C1D4 /* friends.jpeg in Resources */ = {isa = PBXBuildFile; fileRef = 44DC67F5256FEA5F00C7C1D4 /* friends.jpeg */; };
		44DC6827256FEA5F00C7C1D4 /* redjuice.MP4 in Resources */ = {isa = PBXBuildFile; fileRef = 44DC67F6256FEA5F00C7C1D4 /* redjuice.MP4 */; };
		44DC6828256FEA5F00C7C1D4 /* guy_side_headphones.jpeg in Resources */ = {isa = PBXBuildFile; fileRef = 44DC67F7256FEA5F00C7C1D4 /* guy_side_headphones.jpeg */; };
		44DC6829256FEA5F00C7C1D4 /* catwatermelon.mp4 in Resources */ = {isa = PBXBuildFile; fileRef = 44DC67F8256FEA5F00C7C1D4 /* catwatermelon.mp4 */; };
		44DC682A256FEA5F00C7C1D4 /* parrotheadstroke.gif in Resources */ = {isa = PBXBuildFile; fileRef = 44DC67F9256FEA5F00C7C1D4 /* parrotheadstroke.gif */; };
		44DC682B256FEA5F00C7C1D4 /* v09044b60000bss1rnph20v13vrciuu0.mp4 in Resources */ = {isa = PBXBuildFile; fileRef = 44DC67FA256FEA5F00C7C1D4 /* v09044b60000bss1rnph20v13vrciuu0.mp4 */; };
		44DC682C256FEA5F00C7C1D4 /* v09044870000bt9t18n7hc96rduchojg.mp4 in Resources */ = {isa = PBXBuildFile; fileRef = 44DC67FB256FEA5F00C7C1D4 /* v09044870000bt9t18n7hc96rduchojg.mp4 */; };
		44DC682D256FEA5F00C7C1D4 /* v09044aa0000bqbh3q3ucagpg9houai0.mp4 in Resources */ = {isa = PBXBuildFile; fileRef = 44DC67FC256FEA5F00C7C1D4 /* v09044aa0000bqbh3q3ucagpg9houai0.mp4 */; };
		44DC682E256FEA5F00C7C1D4 /* v09044030000blnsldfdgse6emlj0lo0.mp4 in Resources */ = {isa = PBXBuildFile; fileRef = 44DC67FE256FEA5F00C7C1D4 /* v09044030000blnsldfdgse6emlj0lo0.mp4 */; };
		44DC682F256FEA5F00C7C1D4 /* no.mp4 in Resources */ = {isa = PBXBuildFile; fileRef = 44DC6800256FEA5F00C7C1D4 /* no.mp4 */; };
		44DC6830256FEA5F00C7C1D4 /* v090440e0000bl03mcjl96bevlo69jrg.mp4 in Resources */ = {isa = PBXBuildFile; fileRef = 44DC6801256FEA5F00C7C1D4 /* v090440e0000bl03mcjl96bevlo69jrg.mp4 */; };
		44DC6831256FEA5F00C7C1D4 /* wireflower.mp4 in Resources */ = {isa = PBXBuildFile; fileRef = 44DC6802256FEA5F00C7C1D4 /* wireflower.mp4 */; };
		44EACC8125D0114E0015A9EC /* cupcake.gif in Resources */ = {isa = PBXBuildFile; fileRef = 44EACC8025D0114E0015A9EC /* cupcake.gif */; };
		44EACC8625D011760015A9EC /* giphy 30-5163.gif in Resources */ = {isa = PBXBuildFile; fileRef = 44EACC8525D011760015A9EC /* giphy 30-5163.gif */; };
		44EACC8B25D0118C0015A9EC /* tenor-6369.gif in Resources */ = {isa = PBXBuildFile; fileRef = 44EACC8A25D0118C0015A9EC /* tenor-6369.gif */; };
		44EACC9025D011B80015A9EC /* tenor-6559.gif in Resources */ = {isa = PBXBuildFile; fileRef = 44EACC8F25D011B80015A9EC /* tenor-6559.gif */; };
		44EACC9525D012570015A9EC /* d63b946f9d9fde72319b24c439516e4f-small-4490.jpeg in Resources */ = {isa = PBXBuildFile; fileRef = 44EACC9425D012570015A9EC /* d63b946f9d9fde72319b24c439516e4f-small-4490.jpeg */; };
		44EACC9A25D0125B0015A9EC /* db43afbcc77a2c9be3cef525c7d74d0b-4487.jpg in Resources */ = {isa = PBXBuildFile; fileRef = 44EACC9925D0125B0015A9EC /* db43afbcc77a2c9be3cef525c7d74d0b-4487.jpg */; };
		44EACCB925D027840015A9EC /* catlettucesad.png in Resources */ = {isa = PBXBuildFile; fileRef = 44EACCB825D027840015A9EC /* catlettucesad.png */; };
		44F1918824F8CF7300DC5718 /* FeedViewController.swift in Sources */ = {isa = PBXBuildFile; fileRef = 44F1918724F8CF7300DC5718 /* FeedViewController.swift */; };
		44F1918A24F8E0A100DC5718 /* pineapple.jpeg in Resources */ = {isa = PBXBuildFile; fileRef = 44F1918924F8E0A100DC5718 /* pineapple.jpeg */; };
		6536A648256185B3006D7297 /* Post.swift in Sources */ = {isa = PBXBuildFile; fileRef = 6536A647256185B3006D7297 /* Post.swift */; };
		659F112B2562A4BA00E5C8B1 /* Backend.swift in Sources */ = {isa = PBXBuildFile; fileRef = 659F112A2562A4BA00E5C8B1 /* Backend.swift */; };
		65D07A2224F816C2004CA3E9 /* AppDelegate.swift in Sources */ = {isa = PBXBuildFile; fileRef = 65D07A2124F816C2004CA3E9 /* AppDelegate.swift */; };
		65D07A2424F816C2004CA3E9 /* SceneDelegate.swift in Sources */ = {isa = PBXBuildFile; fileRef = 65D07A2324F816C2004CA3E9 /* SceneDelegate.swift */; };
		65D07A2824F816C2004CA3E9 /* SecondViewController.swift in Sources */ = {isa = PBXBuildFile; fileRef = 65D07A2724F816C2004CA3E9 /* SecondViewController.swift */; };
		65D07A2B24F816C2004CA3E9 /* Main.storyboard in Resources */ = {isa = PBXBuildFile; fileRef = 65D07A2924F816C2004CA3E9 /* Main.storyboard */; };
		65D07A2E24F816C2004CA3E9 /* FoodFeed.xcdatamodeld in Sources */ = {isa = PBXBuildFile; fileRef = 65D07A2C24F816C2004CA3E9 /* FoodFeed.xcdatamodeld */; };
		65D07A3024F816C5004CA3E9 /* Assets.xcassets in Resources */ = {isa = PBXBuildFile; fileRef = 65D07A2F24F816C5004CA3E9 /* Assets.xcassets */; };
		65D07A3324F816C5004CA3E9 /* LaunchScreen.storyboard in Resources */ = {isa = PBXBuildFile; fileRef = 65D07A3124F816C5004CA3E9 /* LaunchScreen.storyboard */; };
		65D07A3E24F816C5004CA3E9 /* FoodFeedTests.swift in Sources */ = {isa = PBXBuildFile; fileRef = 65D07A3D24F816C5004CA3E9 /* FoodFeedTests.swift */; };
		65D07A4924F816C5004CA3E9 /* FoodFeedUITests.swift in Sources */ = {isa = PBXBuildFile; fileRef = 65D07A4824F816C5004CA3E9 /* FoodFeedUITests.swift */; };
/* End PBXBuildFile section */

/* Begin PBXContainerItemProxy section */
		65D07A3A24F816C5004CA3E9 /* PBXContainerItemProxy */ = {
			isa = PBXContainerItemProxy;
			containerPortal = 65D07A1624F816C2004CA3E9 /* Project object */;
			proxyType = 1;
			remoteGlobalIDString = 65D07A1D24F816C2004CA3E9;
			remoteInfo = FoodFeed;
		};
		65D07A4524F816C5004CA3E9 /* PBXContainerItemProxy */ = {
			isa = PBXContainerItemProxy;
			containerPortal = 65D07A1624F816C2004CA3E9 /* Project object */;
			proxyType = 1;
			remoteGlobalIDString = 65D07A1D24F816C2004CA3E9;
			remoteInfo = FoodFeed;
		};
/* End PBXContainerItemProxy section */

/* Begin PBXFileReference section */
		441C0CA525EBBF8200BB0710 /* kermit.gif */ = {isa = PBXFileReference; lastKnownFileType = image.gif; path = kermit.gif; sourceTree = "<group>"; };
		441C0CAE25EBF43400BB0710 /* blackdog.mp4 */ = {isa = PBXFileReference; lastKnownFileType = file; path = blackdog.mp4; sourceTree = "<group>"; };
		443A9EB325E2EF0D001E69BB /* burgercandle.gif */ = {isa = PBXFileReference; lastKnownFileType = image.gif; path = burgercandle.gif; sourceTree = "<group>"; };
		443A9EB825E2F003001E69BB /* dogsinyellowhats.gif */ = {isa = PBXFileReference; lastKnownFileType = image.gif; path = dogsinyellowhats.gif; sourceTree = "<group>"; };
		443A9EBD25E2F013001E69BB /* pizzacandle.gif */ = {isa = PBXFileReference; lastKnownFileType = image.gif; path = pizzacandle.gif; sourceTree = "<group>"; };
		443A9EC225E2F01B001E69BB /* bigmeal.gif */ = {isa = PBXFileReference; lastKnownFileType = image.gif; path = bigmeal.gif; sourceTree = "<group>"; };
		443A9EC725E2F037001E69BB /* catlettuce.gif */ = {isa = PBXFileReference; lastKnownFileType = image.gif; path = catlettuce.gif; sourceTree = "<group>"; };
		443A9ECC25E2F061001E69BB /* stayhome.gif */ = {isa = PBXFileReference; lastKnownFileType = image.gif; path = stayhome.gif; sourceTree = "<group>"; };
		443A9ED125E2F071001E69BB /* joewicks.gif */ = {isa = PBXFileReference; lastKnownFileType = image.gif; path = joewicks.gif; sourceTree = "<group>"; };
		443A9ED625E2F1A3001E69BB /* allbymyself.gif */ = {isa = PBXFileReference; lastKnownFileType = image.gif; path = allbymyself.gif; sourceTree = "<group>"; };
		443A9EDB25E2F292001E69BB /* hamsterpinkcar.mp4 */ = {isa = PBXFileReference; lastKnownFileType = file; path = hamsterpinkcar.mp4; sourceTree = "<group>"; };
		443A9EDC25E2F2B8001E69BB /* powerofno.mp4 */ = {isa = PBXFileReference; lastKnownFileType = file; path = powerofno.mp4; sourceTree = "<group>"; };
		446CDCC725CA910A0028B799 /* newCharacterViewController.swift */ = {isa = PBXFileReference; lastKnownFileType = sourcecode.swift; path = newCharacterViewController.swift; sourceTree = "<group>"; };
		4472E44025EC1BA2006AEEDC /* yummy_they_said.jpg */ = {isa = PBXFileReference; lastKnownFileType = image.jpeg; path = yummy_they_said.jpg; sourceTree = "<group>"; };
		4472E44525EC1D09006AEEDC /* grumpy-baby-photo-shoot.jpg */ = {isa = PBXFileReference; lastKnownFileType = image.jpeg; path = "grumpy-baby-photo-shoot.jpg"; sourceTree = "<group>"; };
		4472E45225EC1F81006AEEDC /* redjuice.mp4 */ = {isa = PBXFileReference; lastKnownFileType = file; name = redjuice.mp4; path = FoodFeed/Assets_for_prototype/Day1/redjuice.mp4; sourceTree = SOURCE_ROOT; };
		44772127252B16C800C76FB0 /* giphy30.gif */ = {isa = PBXFileReference; lastKnownFileType = image.gif; path = giphy30.gif; sourceTree = "<group>"; };
		4480FC2025ECC7220074A286 /* redShoes.png */ = {isa = PBXFileReference; lastKnownFileType = image.png; name = redShoes.png; path = FoodFeed/Assets_for_prototype/Day0/redShoes.png; sourceTree = SOURCE_ROOT; };
		4493C54F25D112F000A6768D /* redbike.jpg */ = {isa = PBXFileReference; lastKnownFileType = image.jpeg; path = redbike.jpg; sourceTree = "<group>"; };
		4493C55425D1140400A6768D /* 904533F5-6D4F-4B56-AEF6-5B386EBD5BC1_4_5005_c.jpeg */ = {isa = PBXFileReference; lastKnownFileType = image.jpeg; path = "904533F5-6D4F-4B56-AEF6-5B386EBD5BC1_4_5005_c.jpeg"; sourceTree = "<group>"; };
		4493C55925D1144900A6768D /* pokebike.gif */ = {isa = PBXFileReference; lastKnownFileType = image.gif; path = pokebike.gif; sourceTree = "<group>"; };
		4493C55E25D115B200A6768D /* day2biketrick.gif */ = {isa = PBXFileReference; lastKnownFileType = image.gif; path = day2biketrick.gif; sourceTree = "<group>"; };
		4493C56325D1183C00A6768D /* catday2.jpeg */ = {isa = PBXFileReference; lastKnownFileType = image.jpeg; path = catday2.jpeg; sourceTree = "<group>"; };
		4493C56825D1184000A6768D /* dogday2.jpeg */ = {isa = PBXFileReference; lastKnownFileType = image.jpeg; path = dogday2.jpeg; sourceTree = "<group>"; };
		449DFE0C256FD4CE00120774 /* storyline.txt */ = {isa = PBXFileReference; fileEncoding = 4; lastKnownFileType = text; path = storyline.txt; sourceTree = "<group>"; };
		44A812C9257D45DC00685A0E /* sadanimegirl.gif */ = {isa = PBXFileReference; lastKnownFileType = image.gif; path = sadanimegirl.gif; sourceTree = "<group>"; };
		44A812CE257D468B00685A0E /* giphy 18.GIF-0.0000-15.0100.gif */ = {isa = PBXFileReference; lastKnownFileType = image.gif; path = "giphy 18.GIF-0.0000-15.0100.gif"; sourceTree = "<group>"; };
		44A812D3257D469800685A0E /* v09044870000bt9t18n7hc96rduchojg.MP4-0.0000-52.1310.mp4 */ = {isa = PBXFileReference; lastKnownFileType = file; path = "v09044870000bt9t18n7hc96rduchojg.MP4-0.0000-52.1310.mp4"; sourceTree = "<group>"; };
		44A812D4257D46BA00685A0E /* v07044670000bu2s1grle1ejujl4qvf0.MP4-0.0000-59.1170.mp4 */ = {isa = PBXFileReference; lastKnownFileType = file; path = "v07044670000bu2s1grle1ejujl4qvf0.MP4-0.0000-59.1170.mp4"; sourceTree = "<group>"; };
		44A812D8257D489900685A0E /* v090440e0000bl03mcjl96bevlo69jrg.MP4-0.0000-62.0000.mp4 */ = {isa = PBXFileReference; lastKnownFileType = file; path = "v090440e0000bl03mcjl96bevlo69jrg.MP4-0.0000-62.0000.mp4"; sourceTree = "<group>"; };
		44A812DE257D48E500685A0E /* v09044250000btn5rl3vvkcpab1rji2g.MP4-0.0000-62.1310.mp4 */ = {isa = PBXFileReference; lastKnownFileType = file; path = "v09044250000btn5rl3vvkcpab1rji2g.MP4-0.0000-62.1310.mp4"; sourceTree = "<group>"; };
		44A812DF257D494000685A0E /* v090448b0000blng9r7smmql6ajj798g.MP4-0.0000-15.1000.mp4 */ = {isa = PBXFileReference; lastKnownFileType = file; path = "v090448b0000blng9r7smmql6ajj798g.MP4-0.0000-15.1000.mp4"; sourceTree = "<group>"; };
		44A812E1257D539800685A0E /* v09044f20000btbbqbpveev1clpdc7ug.MP4-0.0000-13.7340.mp4 */ = {isa = PBXFileReference; lastKnownFileType = file; path = "v09044f20000btbbqbpveev1clpdc7ug.MP4-0.0000-13.7340.mp4"; sourceTree = "<group>"; };
		44A812E2257D549C00685A0E /* redShoes.png */ = {isa = PBXFileReference; lastKnownFileType = image.png; path = redShoes.png; sourceTree = "<group>"; };
		44A812E7257D554100685A0E /* catlettucesad.png */ = {isa = PBXFileReference; lastKnownFileType = image.png; path = catlettucesad.png; sourceTree = "<group>"; };
		44A812EC257D55B100685A0E /* redvelvet.gif */ = {isa = PBXFileReference; lastKnownFileType = image.gif; path = redvelvet.gif; sourceTree = "<group>"; };
		44A812F4257E38E600685A0E /* garlicbread.png */ = {isa = PBXFileReference; lastKnownFileType = image.png; path = garlicbread.png; sourceTree = "<group>"; };
		44A812F5257E38E600685A0E /* guyinredcar.png */ = {isa = PBXFileReference; lastKnownFileType = image.png; path = guyinredcar.png; sourceTree = "<group>"; };
		44A812F6257E38E600685A0E /* cokebottlelids.png */ = {isa = PBXFileReference; lastKnownFileType = image.png; path = cokebottlelids.png; sourceTree = "<group>"; };
		44A812FD257E390D00685A0E /* cakeparty.gif */ = {isa = PBXFileReference; lastKnownFileType = image.gif; path = cakeparty.gif; sourceTree = "<group>"; };
		44A81302257E39E600685A0E /* giphy30.gif */ = {isa = PBXFileReference; lastKnownFileType = image.gif; name = giphy30.gif; path = FoodFeed/PlaceholderAssets/giphy30.gif; sourceTree = SOURCE_ROOT; };
		44A8131A25838E0700685A0E /* 07891284.ttf */ = {isa = PBXFileReference; lastKnownFileType = file; path = 07891284.ttf; sourceTree = "<group>"; };
		44A8131F2583926B00685A0E /* 07891284.ttf */ = {isa = PBXFileReference; lastKnownFileType = file; path = 07891284.ttf; sourceTree = "<group>"; };
		44AFA49D256D1F0000CC7A0A /* PostDataInput.swift */ = {isa = PBXFileReference; lastKnownFileType = sourcecode.swift; path = PostDataInput.swift; sourceTree = "<group>"; };
		44BCE16425CDEB4F00760142 /* InteractionViewController.swift */ = {isa = PBXFileReference; lastKnownFileType = sourcecode.swift; path = InteractionViewController.swift; sourceTree = "<group>"; };
		44C3DEAD2520B67B00D317DA /* FeedPageViewController.swift */ = {isa = PBXFileReference; lastKnownFileType = sourcecode.swift; path = FeedPageViewController.swift; sourceTree = "<group>"; };
		44C3DEB32520B76000D317DA /* Feed.swift */ = {isa = PBXFileReference; lastKnownFileType = sourcecode.swift; path = Feed.swift; sourceTree = "<group>"; };
		44C3DEC22520C15600D317DA /* Protocols.swift */ = {isa = PBXFileReference; lastKnownFileType = sourcecode.swift; path = Protocols.swift; sourceTree = "<group>"; };
		44C3DECD2520C30700D317DA /* FeedPagePresenter.swift */ = {isa = PBXFileReference; lastKnownFileType = sourcecode.swift; name = FeedPagePresenter.swift; path = FoodFeed/Controllers/FeedPagePresenter.swift; sourceTree = SOURCE_ROOT; };
		44C3DED22520C3AE00D317DA /* FeedFetchService.swift */ = {isa = PBXFileReference; lastKnownFileType = sourcecode.swift; path = FeedFetchService.swift; sourceTree = "<group>"; };
		44C3DF062520DEF400D317DA /* Constant.swift */ = {isa = PBXFileReference; fileEncoding = 4; lastKnownFileType = sourcecode.swift; path = Constant.swift; sourceTree = "<group>"; };
		44C3DF072520DEF400D317DA /* Connection.swift */ = {isa = PBXFileReference; fileEncoding = 4; lastKnownFileType = sourcecode.swift; path = Connection.swift; sourceTree = "<group>"; };
		44C3DF082520DEF400D317DA /* InteractionUtil.swift */ = {isa = PBXFileReference; fileEncoding = 4; lastKnownFileType = sourcecode.swift; path = InteractionUtil.swift; sourceTree = "<group>"; };
		44C3DF092520DEF400D317DA /* HTTPRequest.swift */ = {isa = PBXFileReference; fileEncoding = 4; lastKnownFileType = sourcecode.swift; path = HTTPRequest.swift; sourceTree = "<group>"; };
		44C3DF0A2520DEF400D317DA /* HTTPError.swift */ = {isa = PBXFileReference; fileEncoding = 4; lastKnownFileType = sourcecode.swift; path = HTTPError.swift; sourceTree = "<group>"; };
		44C3DF162521D94C00D317DA /* one.jpeg */ = {isa = PBXFileReference; lastKnownFileType = image.jpeg; path = one.jpeg; sourceTree = "<group>"; };
		44C3DF1B2521D96100D317DA /* two.jpeg */ = {isa = PBXFileReference; lastKnownFileType = image.jpeg; path = two.jpeg; sourceTree = "<group>"; };
		44C3DF202521D99000D317DA /* three.jpeg */ = {isa = PBXFileReference; lastKnownFileType = image.jpeg; path = three.jpeg; sourceTree = "<group>"; };
		44C3DF2C2521F1F300D317DA /* giphy-13.gif */ = {isa = PBXFileReference; lastKnownFileType = image.gif; path = "giphy-13.gif"; sourceTree = "<group>"; };
		44C3DF46252A274100D317DA /* fieri.jpeg */ = {isa = PBXFileReference; lastKnownFileType = image.jpeg; path = fieri.jpeg; sourceTree = "<group>"; };
		44D66C67253316B300C81C41 /* TimedComments.swift */ = {isa = PBXFileReference; lastKnownFileType = sourcecode.swift; path = TimedComments.swift; sourceTree = "<group>"; };
		44D66C7725336FF100C81C41 /* CommentsView.swift */ = {isa = PBXFileReference; lastKnownFileType = sourcecode.swift; path = CommentsView.swift; sourceTree = "<group>"; };
		44D66C882534556E00C81C41 /* FeedViewLayout.swift */ = {isa = PBXFileReference; lastKnownFileType = sourcecode.swift; path = FeedViewLayout.swift; sourceTree = "<group>"; };
		44DC67C8256FEA5F00C7C1D4 /* cucumberflower.mp4 */ = {isa = PBXFileReference; lastKnownFileType = file; path = cucumberflower.mp4; sourceTree = "<group>"; };
		44DC67C9256FEA5F00C7C1D4 /* sassyfox.gif */ = {isa = PBXFileReference; lastKnownFileType = image.gif; path = sassyfox.gif; sourceTree = "<group>"; };
		44DC67CA256FEA5F00C7C1D4 /* guy_profile_pic.jpeg */ = {isa = PBXFileReference; lastKnownFileType = image.jpeg; path = guy_profile_pic.jpeg; sourceTree = "<group>"; };
		44DC67CB256FEA5F00C7C1D4 /* hotchoc.MP4 */ = {isa = PBXFileReference; lastKnownFileType = file; path = hotchoc.MP4; sourceTree = "<group>"; };
		44DC67CC256FEA5F00C7C1D4 /* 200-9.gif */ = {isa = PBXFileReference; lastKnownFileType = image.gif; path = "200-9.gif"; sourceTree = "<group>"; };
		44DC67CD256FEA5F00C7C1D4 /* v09044060000bg471jqvfskjjg9j1fcg.mp4 */ = {isa = PBXFileReference; lastKnownFileType = file; path = v09044060000bg471jqvfskjjg9j1fcg.mp4; sourceTree = "<group>"; };
		44DC67CE256FEA5F00C7C1D4 /* v09044d50000brljgip4uh3sr6teo7g0 copy.mp4 */ = {isa = PBXFileReference; lastKnownFileType = file; path = "v09044d50000brljgip4uh3sr6teo7g0 copy.mp4"; sourceTree = "<group>"; };
		44DC67D1256FEA5F00C7C1D4 /* v07025db0000bu6lh79u0sobgpo574dg.mp4 */ = {isa = PBXFileReference; lastKnownFileType = file; path = v07025db0000bu6lh79u0sobgpo574dg.mp4; sourceTree = "<group>"; };
		44DC67D2256FEA5F00C7C1D4 /* v07025c40000btq2arvglrfa1qbsg6f0.mp4 */ = {isa = PBXFileReference; lastKnownFileType = file; path = v07025c40000btq2arvglrfa1qbsg6f0.mp4; sourceTree = "<group>"; };
		44DC67D3256FEA5F00C7C1D4 /* gift.gif */ = {isa = PBXFileReference; lastKnownFileType = image.gif; path = gift.gif; sourceTree = "<group>"; };
		44DC67D4256FEA5F00C7C1D4 /* tomatosauce.MP4 */ = {isa = PBXFileReference; lastKnownFileType = file; path = tomatosauce.MP4; sourceTree = "<group>"; };
		44DC67D7256FEA5F00C7C1D4 /* v09044d50000brljgip4uh3sr6teo7g0.mp4 */ = {isa = PBXFileReference; lastKnownFileType = file; path = v09044d50000brljgip4uh3sr6teo7g0.mp4; sourceTree = "<group>"; };
		44DC67D8256FEA5F00C7C1D4 /* v07044a00000bu8aiu1u0so8eg4kba40.mp4 */ = {isa = PBXFileReference; lastKnownFileType = file; path = v07044a00000bu8aiu1u0so8eg4kba40.mp4; sourceTree = "<group>"; };
		44DC67D9256FEA5F00C7C1D4 /* v09044b80000br7aj2kb0k2lv77r7v10.mp4 */ = {isa = PBXFileReference; lastKnownFileType = file; path = v09044b80000br7aj2kb0k2lv77r7v10.mp4; sourceTree = "<group>"; };
		44DC67DB256FEA5F00C7C1D4 /* giphy-29.gif */ = {isa = PBXFileReference; lastKnownFileType = image.gif; path = "giphy-29.gif"; sourceTree = "<group>"; };
		44DC67DC256FEA5F00C7C1D4 /* v09044200000bq5oe1kb0k2ilcn2iekg.mp4 */ = {isa = PBXFileReference; lastKnownFileType = file; path = v09044200000bq5oe1kb0k2ilcn2iekg.mp4; sourceTree = "<group>"; };
		44DC67DD256FEA5F00C7C1D4 /* v09044b10000bsa3o28h3nflv6m1o8j0.mp4 */ = {isa = PBXFileReference; lastKnownFileType = file; path = v09044b10000bsa3o28h3nflv6m1o8j0.mp4; sourceTree = "<group>"; };
		44DC67DE256FEA5F00C7C1D4 /* v090442d0000br49ja6a9rh57kf7jeu0.mp4 */ = {isa = PBXFileReference; lastKnownFileType = file; path = v090442d0000br49ja6a9rh57kf7jeu0.mp4; sourceTree = "<group>"; };
		44DC67DF256FEA5F00C7C1D4 /* thankyou.MP4 */ = {isa = PBXFileReference; lastKnownFileType = file; path = thankyou.MP4; sourceTree = "<group>"; };
		44DC67E0256FEA5F00C7C1D4 /* 3stepsconfidence.MP4 */ = {isa = PBXFileReference; lastKnownFileType = file; path = 3stepsconfidence.MP4; sourceTree = "<group>"; };
		44DC67E1256FEA5F00C7C1D4 /* v09044c40000bou4iqnc0tomra4mnco0.mp4 */ = {isa = PBXFileReference; lastKnownFileType = file; path = v09044c40000bou4iqnc0tomra4mnco0.mp4; sourceTree = "<group>"; };
		44DC67E2256FEA5F00C7C1D4 /* minidogcake.gif */ = {isa = PBXFileReference; lastKnownFileType = image.gif; path = minidogcake.gif; sourceTree = "<group>"; };
		44DC67E3256FEA5F00C7C1D4 /* morph.gif */ = {isa = PBXFileReference; lastKnownFileType = image.gif; path = morph.gif; sourceTree = "<group>"; };
		44DC67E4256FEA5F00C7C1D4 /* 200w-23.gif */ = {isa = PBXFileReference; lastKnownFileType = image.gif; path = "200w-23.gif"; sourceTree = "<group>"; };
		44DC67E5256FEA5F00C7C1D4 /* shyguinea.gif */ = {isa = PBXFileReference; lastKnownFileType = image.gif; path = shyguinea.gif; sourceTree = "<group>"; };
		44DC67E6256FEA5F00C7C1D4 /* v090440e0000bl03mcjl96bevlo69jrg 2.mp4 */ = {isa = PBXFileReference; lastKnownFileType = file; path = "v090440e0000bl03mcjl96bevlo69jrg 2.mp4"; sourceTree = "<group>"; };
		44DC67E7256FEA5F00C7C1D4 /* v09044bd0000brogfeop685g27h318ig.mp4 */ = {isa = PBXFileReference; lastKnownFileType = file; path = v09044bd0000brogfeop685g27h318ig.mp4; sourceTree = "<group>"; };
		44DC67E8256FEA5F00C7C1D4 /* 3b32af8f28332e769cae2685d8dae510.MOV */ = {isa = PBXFileReference; lastKnownFileType = video.quicktime; path = 3b32af8f28332e769cae2685d8dae510.MOV; sourceTree = "<group>"; };
		44DC67E9256FEA5F00C7C1D4 /* anxiety.MP4 */ = {isa = PBXFileReference; lastKnownFileType = file; path = anxiety.MP4; sourceTree = "<group>"; };
		44DC67EA256FEA5F00C7C1D4 /* v09044660000bsnfe40o4qnk4c1hu2e0.mp4 */ = {isa = PBXFileReference; lastKnownFileType = file; path = v09044660000bsnfe40o4qnk4c1hu2e0.mp4; sourceTree = "<group>"; };
		44DC67EB256FEA5F00C7C1D4 /* penguins.gif */ = {isa = PBXFileReference; lastKnownFileType = image.gif; path = penguins.gif; sourceTree = "<group>"; };
		44DC67EE256FEA5F00C7C1D4 /* v09044140000bteecr019l167crjal30.mp4 */ = {isa = PBXFileReference; lastKnownFileType = file; path = v09044140000bteecr019l167crjal30.mp4; sourceTree = "<group>"; };
		44DC67F1256FEA5F00C7C1D4 /* giphy-31.gif */ = {isa = PBXFileReference; lastKnownFileType = image.gif; path = "giphy-31.gif"; sourceTree = "<group>"; };
		44DC67F3256FEA5F00C7C1D4 /* strawberry.mp4 */ = {isa = PBXFileReference; lastKnownFileType = file; path = strawberry.mp4; sourceTree = "<group>"; };
		44DC67F4256FEA5F00C7C1D4 /* redpuff.gif */ = {isa = PBXFileReference; lastKnownFileType = image.gif; path = redpuff.gif; sourceTree = "<group>"; };
		44DC67F5256FEA5F00C7C1D4 /* friends.jpeg */ = {isa = PBXFileReference; lastKnownFileType = image.jpeg; path = friends.jpeg; sourceTree = "<group>"; };
		44DC67F6256FEA5F00C7C1D4 /* redjuice.MP4 */ = {isa = PBXFileReference; lastKnownFileType = file; path = redjuice.MP4; sourceTree = "<group>"; };
		44DC67F7256FEA5F00C7C1D4 /* guy_side_headphones.jpeg */ = {isa = PBXFileReference; lastKnownFileType = image.jpeg; path = guy_side_headphones.jpeg; sourceTree = "<group>"; };
		44DC67F8256FEA5F00C7C1D4 /* catwatermelon.mp4 */ = {isa = PBXFileReference; lastKnownFileType = file; path = catwatermelon.mp4; sourceTree = "<group>"; };
		44DC67F9256FEA5F00C7C1D4 /* parrotheadstroke.gif */ = {isa = PBXFileReference; lastKnownFileType = image.gif; path = parrotheadstroke.gif; sourceTree = "<group>"; };
		44DC67FA256FEA5F00C7C1D4 /* v09044b60000bss1rnph20v13vrciuu0.mp4 */ = {isa = PBXFileReference; lastKnownFileType = file; path = v09044b60000bss1rnph20v13vrciuu0.mp4; sourceTree = "<group>"; };
		44DC67FB256FEA5F00C7C1D4 /* v09044870000bt9t18n7hc96rduchojg.mp4 */ = {isa = PBXFileReference; lastKnownFileType = file; path = v09044870000bt9t18n7hc96rduchojg.mp4; sourceTree = "<group>"; };
		44DC67FC256FEA5F00C7C1D4 /* v09044aa0000bqbh3q3ucagpg9houai0.mp4 */ = {isa = PBXFileReference; lastKnownFileType = file; path = v09044aa0000bqbh3q3ucagpg9houai0.mp4; sourceTree = "<group>"; };
		44DC67FE256FEA5F00C7C1D4 /* v09044030000blnsldfdgse6emlj0lo0.mp4 */ = {isa = PBXFileReference; lastKnownFileType = file; path = v09044030000blnsldfdgse6emlj0lo0.mp4; sourceTree = "<group>"; };
		44DC6800256FEA5F00C7C1D4 /* no.mp4 */ = {isa = PBXFileReference; lastKnownFileType = file; path = no.mp4; sourceTree = "<group>"; };
		44DC6801256FEA5F00C7C1D4 /* v090440e0000bl03mcjl96bevlo69jrg.mp4 */ = {isa = PBXFileReference; lastKnownFileType = file; path = v090440e0000bl03mcjl96bevlo69jrg.mp4; sourceTree = "<group>"; };
		44DC6802256FEA5F00C7C1D4 /* wireflower.mp4 */ = {isa = PBXFileReference; lastKnownFileType = file; path = wireflower.mp4; sourceTree = "<group>"; };
		44EACC8025D0114E0015A9EC /* cupcake.gif */ = {isa = PBXFileReference; lastKnownFileType = image.gif; path = cupcake.gif; sourceTree = "<group>"; };
		44EACC8525D011760015A9EC /* giphy 30-5163.gif */ = {isa = PBXFileReference; lastKnownFileType = image.gif; path = "giphy 30-5163.gif"; sourceTree = "<group>"; };
		44EACC8A25D0118C0015A9EC /* tenor-6369.gif */ = {isa = PBXFileReference; lastKnownFileType = image.gif; path = "tenor-6369.gif"; sourceTree = "<group>"; };
		44EACC8F25D011B80015A9EC /* tenor-6559.gif */ = {isa = PBXFileReference; lastKnownFileType = image.gif; path = "tenor-6559.gif"; sourceTree = "<group>"; };
		44EACC9425D012570015A9EC /* d63b946f9d9fde72319b24c439516e4f-small-4490.jpeg */ = {isa = PBXFileReference; lastKnownFileType = image.jpeg; path = "d63b946f9d9fde72319b24c439516e4f-small-4490.jpeg"; sourceTree = "<group>"; };
		44EACC9925D0125B0015A9EC /* db43afbcc77a2c9be3cef525c7d74d0b-4487.jpg */ = {isa = PBXFileReference; lastKnownFileType = image.jpeg; path = "db43afbcc77a2c9be3cef525c7d74d0b-4487.jpg"; sourceTree = "<group>"; };
		44EACCB825D027840015A9EC /* catlettucesad.png */ = {isa = PBXFileReference; lastKnownFileType = image.png; name = catlettucesad.png; path = FoodFeed/Assets_for_prototype/Day0/catlettucesad.png; sourceTree = SOURCE_ROOT; };
		44F1918724F8CF7300DC5718 /* FeedViewController.swift */ = {isa = PBXFileReference; lastKnownFileType = sourcecode.swift; path = FeedViewController.swift; sourceTree = "<group>"; };
		44F1918924F8E0A100DC5718 /* pineapple.jpeg */ = {isa = PBXFileReference; lastKnownFileType = image.jpeg; path = pineapple.jpeg; sourceTree = "<group>"; };
		6536A647256185B3006D7297 /* Post.swift */ = {isa = PBXFileReference; lastKnownFileType = sourcecode.swift; path = Post.swift; sourceTree = "<group>"; };
		659F112A2562A4BA00E5C8B1 /* Backend.swift */ = {isa = PBXFileReference; lastKnownFileType = sourcecode.swift; path = Backend.swift; sourceTree = "<group>"; };
		65D07A1E24F816C2004CA3E9 /* FoodFeed.app */ = {isa = PBXFileReference; explicitFileType = wrapper.application; includeInIndex = 0; path = FoodFeed.app; sourceTree = BUILT_PRODUCTS_DIR; };
		65D07A2124F816C2004CA3E9 /* AppDelegate.swift */ = {isa = PBXFileReference; lastKnownFileType = sourcecode.swift; path = AppDelegate.swift; sourceTree = "<group>"; };
		65D07A2324F816C2004CA3E9 /* SceneDelegate.swift */ = {isa = PBXFileReference; lastKnownFileType = sourcecode.swift; path = SceneDelegate.swift; sourceTree = "<group>"; };
		65D07A2724F816C2004CA3E9 /* SecondViewController.swift */ = {isa = PBXFileReference; lastKnownFileType = sourcecode.swift; path = SecondViewController.swift; sourceTree = "<group>"; };
		65D07A2A24F816C2004CA3E9 /* Base */ = {isa = PBXFileReference; lastKnownFileType = file.storyboard; name = Base; path = Base.lproj/Main.storyboard; sourceTree = "<group>"; };
		65D07A2D24F816C2004CA3E9 /* FoodFeed.xcdatamodel */ = {isa = PBXFileReference; lastKnownFileType = wrapper.xcdatamodel; path = FoodFeed.xcdatamodel; sourceTree = "<group>"; };
		65D07A2F24F816C5004CA3E9 /* Assets.xcassets */ = {isa = PBXFileReference; lastKnownFileType = folder.assetcatalog; path = Assets.xcassets; sourceTree = "<group>"; };
		65D07A3224F816C5004CA3E9 /* Base */ = {isa = PBXFileReference; lastKnownFileType = file.storyboard; name = Base; path = Base.lproj/LaunchScreen.storyboard; sourceTree = "<group>"; };
		65D07A3424F816C5004CA3E9 /* Info.plist */ = {isa = PBXFileReference; lastKnownFileType = text.plist.xml; path = Info.plist; sourceTree = "<group>"; };
		65D07A3924F816C5004CA3E9 /* FoodFeedTests.xctest */ = {isa = PBXFileReference; explicitFileType = wrapper.cfbundle; includeInIndex = 0; path = FoodFeedTests.xctest; sourceTree = BUILT_PRODUCTS_DIR; };
		65D07A3D24F816C5004CA3E9 /* FoodFeedTests.swift */ = {isa = PBXFileReference; lastKnownFileType = sourcecode.swift; path = FoodFeedTests.swift; sourceTree = "<group>"; };
		65D07A3F24F816C5004CA3E9 /* Info.plist */ = {isa = PBXFileReference; lastKnownFileType = text.plist.xml; path = Info.plist; sourceTree = "<group>"; };
		65D07A4424F816C5004CA3E9 /* FoodFeedUITests.xctest */ = {isa = PBXFileReference; explicitFileType = wrapper.cfbundle; includeInIndex = 0; path = FoodFeedUITests.xctest; sourceTree = BUILT_PRODUCTS_DIR; };
		65D07A4824F816C5004CA3E9 /* FoodFeedUITests.swift */ = {isa = PBXFileReference; lastKnownFileType = sourcecode.swift; path = FoodFeedUITests.swift; sourceTree = "<group>"; };
		65D07A4A24F816C5004CA3E9 /* Info.plist */ = {isa = PBXFileReference; lastKnownFileType = text.plist.xml; path = Info.plist; sourceTree = "<group>"; };
/* End PBXFileReference section */

/* Begin PBXFrameworksBuildPhase section */
		65D07A1B24F816C2004CA3E9 /* Frameworks */ = {
			isa = PBXFrameworksBuildPhase;
			buildActionMask = 2147483647;
			files = (
				44C3DF332521F4FD00D317DA /* SwiftyGif in Frameworks */,
			);
			runOnlyForDeploymentPostprocessing = 0;
		};
		65D07A3624F816C5004CA3E9 /* Frameworks */ = {
			isa = PBXFrameworksBuildPhase;
			buildActionMask = 2147483647;
			files = (
			);
			runOnlyForDeploymentPostprocessing = 0;
		};
		65D07A4124F816C5004CA3E9 /* Frameworks */ = {
			isa = PBXFrameworksBuildPhase;
			buildActionMask = 2147483647;
			files = (
			);
			runOnlyForDeploymentPostprocessing = 0;
		};
/* End PBXFrameworksBuildPhase section */

/* Begin PBXGroup section */
		44A812D6257D474600685A0E /* Day11 */ = {
			isa = PBXGroup;
			children = (
				44DC67E3256FEA5F00C7C1D4 /* morph.gif */,
				44DC67E9256FEA5F00C7C1D4 /* anxiety.MP4 */,
				44DC67EB256FEA5F00C7C1D4 /* penguins.gif */,
			);
			path = Day11;
			sourceTree = "<group>";
		};
		44A812D7257D478B00685A0E /* Day12 */ = {
			isa = PBXGroup;
			children = (
				44DC67C9256FEA5F00C7C1D4 /* sassyfox.gif */,
				44DC67DF256FEA5F00C7C1D4 /* thankyou.MP4 */,
			);
			path = Day12;
			sourceTree = "<group>";
		};
		44A812E0257D499300685A0E /* Day0 */ = {
			isa = PBXGroup;
			children = (
				44EACC8025D0114E0015A9EC /* cupcake.gif */,
				44EACC9925D0125B0015A9EC /* db43afbcc77a2c9be3cef525c7d74d0b-4487.jpg */,
				44A812E2257D549C00685A0E /* redShoes.png */,
				44A812E7257D554100685A0E /* catlettucesad.png */,
				44EACC9425D012570015A9EC /* d63b946f9d9fde72319b24c439516e4f-small-4490.jpeg */,
				44DC67F3256FEA5F00C7C1D4 /* strawberry.mp4 */,
				44A812EC257D55B100685A0E /* redvelvet.gif */,
			);
			path = Day0;
			sourceTree = "<group>";
		};
		44C3DEB22520B72F00D317DA /* Controllers */ = {
			isa = PBXGroup;
			children = (
				44C3DEAD2520B67B00D317DA /* FeedPageViewController.swift */,
				44F1918724F8CF7300DC5718 /* FeedViewController.swift */,
				44C3DECD2520C30700D317DA /* FeedPagePresenter.swift */,
				65D07A2724F816C2004CA3E9 /* SecondViewController.swift */,
				44C3DED22520C3AE00D317DA /* FeedFetchService.swift */,
			);
			path = Controllers;
			sourceTree = "<group>";
		};
		44C3DEBB2520B78F00D317DA /* Model */ = {
			isa = PBXGroup;
			children = (
				44C3DEB32520B76000D317DA /* Feed.swift */,
				44D66C67253316B300C81C41 /* TimedComments.swift */,
				44C3DEC22520C15600D317DA /* Protocols.swift */,
				65D07A2C24F816C2004CA3E9 /* FoodFeed.xcdatamodeld */,
			);
			path = Model;
			sourceTree = "<group>";
		};
		44C3DF052520DEF400D317DA /* Util */ = {
			isa = PBXGroup;
			children = (
				44C3DF062520DEF400D317DA /* Constant.swift */,
				44C3DF072520DEF400D317DA /* Connection.swift */,
				44C3DF082520DEF400D317DA /* InteractionUtil.swift */,
				44C3DF092520DEF400D317DA /* HTTPRequest.swift */,
				44C3DF0A2520DEF400D317DA /* HTTPError.swift */,
			);
			path = Util;
			sourceTree = "<group>";
		};
		44C3DF2B2521E4E000D317DA /* PlaceholderAssets */ = {
			isa = PBXGroup;
			children = (
				44A8131F2583926B00685A0E /* 07891284.ttf */,
				44C3DF2C2521F1F300D317DA /* giphy-13.gif */,
				44772127252B16C800C76FB0 /* giphy30.gif */,
				44C3DF162521D94C00D317DA /* one.jpeg */,
				44C3DF1B2521D96100D317DA /* two.jpeg */,
				44C3DF202521D99000D317DA /* three.jpeg */,
				44C3DF46252A274100D317DA /* fieri.jpeg */,
			);
			path = PlaceholderAssets;
			sourceTree = "<group>";
		};
		44D66C7C2533700A00C81C41 /* View */ = {
			isa = PBXGroup;
			children = (
				44D66C7725336FF100C81C41 /* CommentsView.swift */,
				44D66C882534556E00C81C41 /* FeedViewLayout.swift */,
			);
			path = View;
			sourceTree = "<group>";
		};
		44DC67C7256FEA5F00C7C1D4 /* Assets_for_prototype */ = {
			isa = PBXGroup;
			children = (
				443A9EDC25E2F2B8001E69BB /* powerofno.mp4 */,
				44A812E0257D499300685A0E /* Day0 */,
				44A812D8257D489900685A0E /* v090440e0000bl03mcjl96bevlo69jrg.MP4-0.0000-62.0000.mp4 */,
				44DC67CA256FEA5F00C7C1D4 /* guy_profile_pic.jpeg */,
				44DC67CD256FEA5F00C7C1D4 /* v09044060000bg471jqvfskjjg9j1fcg.mp4 */,
				44DC67CE256FEA5F00C7C1D4 /* v09044d50000brljgip4uh3sr6teo7g0 copy.mp4 */,
				44EACC8A25D0118C0015A9EC /* tenor-6369.gif */,
				44DC67CF256FEA5F00C7C1D4 /* Day4 */,
				44DC67D0256FEA5F00C7C1D4 /* Day3 */,
				44DC67D4256FEA5F00C7C1D4 /* tomatosauce.MP4 */,
				44DC67D5256FEA5F00C7C1D4 /* Day2 */,
				44DC67D6256FEA5F00C7C1D4 /* Day5 */,
				44DC67D7256FEA5F00C7C1D4 /* v09044d50000brljgip4uh3sr6teo7g0.mp4 */,
				44DC67D8256FEA5F00C7C1D4 /* v07044a00000bu8aiu1u0so8eg4kba40.mp4 */,
				44DC67D9256FEA5F00C7C1D4 /* v09044b80000br7aj2kb0k2lv77r7v10.mp4 */,
				44A812D7257D478B00685A0E /* Day12 */,
				44DC67DA256FEA5F00C7C1D4 /* Unused */,
				44DC67DE256FEA5F00C7C1D4 /* v090442d0000br49ja6a9rh57kf7jeu0.mp4 */,
				44A812D4257D46BA00685A0E /* v07044670000bu2s1grle1ejujl4qvf0.MP4-0.0000-59.1170.mp4 */,
				44DC67E1256FEA5F00C7C1D4 /* v09044c40000bou4iqnc0tomra4mnco0.mp4 */,
				44DC67E2256FEA5F00C7C1D4 /* minidogcake.gif */,
				44DC67E4256FEA5F00C7C1D4 /* 200w-23.gif */,
				44A812D3257D469800685A0E /* v09044870000bt9t18n7hc96rduchojg.MP4-0.0000-52.1310.mp4 */,
				44DC67E5256FEA5F00C7C1D4 /* shyguinea.gif */,
				44DC67E6256FEA5F00C7C1D4 /* v090440e0000bl03mcjl96bevlo69jrg 2.mp4 */,
				44DC67E8256FEA5F00C7C1D4 /* 3b32af8f28332e769cae2685d8dae510.MOV */,
				44A812D6257D474600685A0E /* Day11 */,
				44DC67EC256FEA5F00C7C1D4 /* Day7 */,
				44DC67ED256FEA5F00C7C1D4 /* Day9 */,
				44DC67EF256FEA5F00C7C1D4 /* Day8 */,
				44DC67F0256FEA5F00C7C1D4 /* Day6 */,
				44DC67F2256FEA5F00C7C1D4 /* Day1 */,
				44DC67FA256FEA5F00C7C1D4 /* v09044b60000bss1rnph20v13vrciuu0.mp4 */,
				44DC67FB256FEA5F00C7C1D4 /* v09044870000bt9t18n7hc96rduchojg.mp4 */,
				44DC67FC256FEA5F00C7C1D4 /* v09044aa0000bqbh3q3ucagpg9houai0.mp4 */,
				4493C55925D1144900A6768D /* pokebike.gif */,
				4493C55425D1140400A6768D /* 904533F5-6D4F-4B56-AEF6-5B386EBD5BC1_4_5005_c.jpeg */,
				44DC67FD256FEA5F00C7C1D4 /* Day10 */,
				44DC67FF256FEA5F00C7C1D4 /* ProfilePictures */,
				44DC6800256FEA5F00C7C1D4 /* no.mp4 */,
				44DC6801256FEA5F00C7C1D4 /* v090440e0000bl03mcjl96bevlo69jrg.mp4 */,
				44DC6802256FEA5F00C7C1D4 /* wireflower.mp4 */,
			);
			path = Assets_for_prototype;
			sourceTree = "<group>";
		};
		44DC67CF256FEA5F00C7C1D4 /* Day4 */ = {
			isa = PBXGroup;
			children = (
				44A812C9257D45DC00685A0E /* sadanimegirl.gif */,
			);
			path = Day4;
			sourceTree = "<group>";
		};
		44DC67D0256FEA5F00C7C1D4 /* Day3 */ = {
			isa = PBXGroup;
			children = (
				44DC67D2256FEA5F00C7C1D4 /* v07025c40000btq2arvglrfa1qbsg6f0.mp4 */,
				441C0CAE25EBF43400BB0710 /* blackdog.mp4 */,
				443A9EB325E2EF0D001E69BB /* burgercandle.gif */,
				4472E44525EC1D09006AEEDC /* grumpy-baby-photo-shoot.jpg */,
				443A9EC725E2F037001E69BB /* catlettuce.gif */,
				443A9EB825E2F003001E69BB /* dogsinyellowhats.gif */,
				443A9EC225E2F01B001E69BB /* bigmeal.gif */,
				441C0CA525EBBF8200BB0710 /* kermit.gif */,
				443A9ECC25E2F061001E69BB /* stayhome.gif */,
				443A9ED125E2F071001E69BB /* joewicks.gif */,
				443A9EDB25E2F292001E69BB /* hamsterpinkcar.mp4 */,
				443A9ED625E2F1A3001E69BB /* allbymyself.gif */,
				443A9EBD25E2F013001E69BB /* pizzacandle.gif */,
				44DC67C8256FEA5F00C7C1D4 /* cucumberflower.mp4 */,
				4472E44025EC1BA2006AEEDC /* yummy_they_said.jpg */,
				44DC67D1256FEA5F00C7C1D4 /* v07025db0000bu6lh79u0sobgpo574dg.mp4 */,
				44A812DF257D494000685A0E /* v090448b0000blng9r7smmql6ajj798g.MP4-0.0000-15.1000.mp4 */,
			);
			path = Day3;
			sourceTree = "<group>";
		};
		44DC67D5256FEA5F00C7C1D4 /* Day2 */ = {
			isa = PBXGroup;
			children = (
				4493C56325D1183C00A6768D /* catday2.jpeg */,
				4472E45225EC1F81006AEEDC /* redjuice.mp4 */,
				4493C56825D1184000A6768D /* dogday2.jpeg */,
				4493C54F25D112F000A6768D /* redbike.jpg */,
				44EACC8F25D011B80015A9EC /* tenor-6559.gif */,
				4493C55E25D115B200A6768D /* day2biketrick.gif */,
				44EACC8525D011760015A9EC /* giphy 30-5163.gif */,
				44DC67E7256FEA5F00C7C1D4 /* v09044bd0000brogfeop685g27h318ig.mp4 */,
			);
			path = Day2;
			sourceTree = "<group>";
		};
		44DC67D6256FEA5F00C7C1D4 /* Day5 */ = {
			isa = PBXGroup;
			children = (
			);
			path = Day5;
			sourceTree = "<group>";
		};
		44DC67DA256FEA5F00C7C1D4 /* Unused */ = {
			isa = PBXGroup;
			children = (
				44A812CE257D468B00685A0E /* giphy 18.GIF-0.0000-15.0100.gif */,
			);
			path = Unused;
			sourceTree = "<group>";
		};
		44DC67EC256FEA5F00C7C1D4 /* Day7 */ = {
			isa = PBXGroup;
			children = (
			);
			path = Day7;
			sourceTree = "<group>";
		};
		44DC67ED256FEA5F00C7C1D4 /* Day9 */ = {
			isa = PBXGroup;
			children = (
				44DC67D3256FEA5F00C7C1D4 /* gift.gif */,
				44A812DE257D48E500685A0E /* v09044250000btn5rl3vvkcpab1rji2g.MP4-0.0000-62.1310.mp4 */,
				44DC67EE256FEA5F00C7C1D4 /* v09044140000bteecr019l167crjal30.mp4 */,
				44DC67DB256FEA5F00C7C1D4 /* giphy-29.gif */,
			);
			path = Day9;
			sourceTree = "<group>";
		};
		44DC67EF256FEA5F00C7C1D4 /* Day8 */ = {
			isa = PBXGroup;
			children = (
			);
			path = Day8;
			sourceTree = "<group>";
		};
		44DC67F0256FEA5F00C7C1D4 /* Day6 */ = {
			isa = PBXGroup;
			children = (
				44DC67EA256FEA5F00C7C1D4 /* v09044660000bsnfe40o4qnk4c1hu2e0.mp4 */,
				44DC67DC256FEA5F00C7C1D4 /* v09044200000bq5oe1kb0k2ilcn2iekg.mp4 */,
				44DC67F1256FEA5F00C7C1D4 /* giphy-31.gif */,
			);
			path = Day6;
			sourceTree = "<group>";
		};
		44DC67F2256FEA5F00C7C1D4 /* Day1 */ = {
			isa = PBXGroup;
			children = (
				44A81302257E39E600685A0E /* giphy30.gif */,
				44A812F6257E38E600685A0E /* cokebottlelids.png */,
				44A812F4257E38E600685A0E /* garlicbread.png */,
				44A812F5257E38E600685A0E /* guyinredcar.png */,
				44A812FD257E390D00685A0E /* cakeparty.gif */,
				44DC67CC256FEA5F00C7C1D4 /* 200-9.gif */,
				44DC67F4256FEA5F00C7C1D4 /* redpuff.gif */,
				44DC67F5256FEA5F00C7C1D4 /* friends.jpeg */,
				4480FC2025ECC7220074A286 /* redShoes.png */,
				44DC67F6256FEA5F00C7C1D4 /* redjuice.MP4 */,
				44EACCB825D027840015A9EC /* catlettucesad.png */,
				44DC67F7256FEA5F00C7C1D4 /* guy_side_headphones.jpeg */,
				44DC67F8256FEA5F00C7C1D4 /* catwatermelon.mp4 */,
				44DC67F9256FEA5F00C7C1D4 /* parrotheadstroke.gif */,
			);
			path = Day1;
			sourceTree = "<group>";
		};
		44DC67FD256FEA5F00C7C1D4 /* Day10 */ = {
			isa = PBXGroup;
			children = (
				44A812E1257D539800685A0E /* v09044f20000btbbqbpveev1clpdc7ug.MP4-0.0000-13.7340.mp4 */,
				44DC67DD256FEA5F00C7C1D4 /* v09044b10000bsa3o28h3nflv6m1o8j0.mp4 */,
				44DC67FE256FEA5F00C7C1D4 /* v09044030000blnsldfdgse6emlj0lo0.mp4 */,
				44DC67CB256FEA5F00C7C1D4 /* hotchoc.MP4 */,
				44DC67E0256FEA5F00C7C1D4 /* 3stepsconfidence.MP4 */,
			);
			path = Day10;
			sourceTree = "<group>";
		};
		44DC67FF256FEA5F00C7C1D4 /* ProfilePictures */ = {
			isa = PBXGroup;
			children = (
			);
			path = ProfilePictures;
			sourceTree = "<group>";
		};
		6536A64625618597006D7297 /* Post */ = {
			isa = PBXGroup;
			children = (
				6536A647256185B3006D7297 /* Post.swift */,
			);
			path = Post;
			sourceTree = "<group>";
		};
		659F11292562A49300E5C8B1 /* Service */ = {
			isa = PBXGroup;
			children = (
				659F112A2562A4BA00E5C8B1 /* Backend.swift */,
			);
			path = Service;
			sourceTree = "<group>";
		};
		65D07A1524F816C2004CA3E9 = {
			isa = PBXGroup;
			children = (
				44BCE16425CDEB4F00760142 /* InteractionViewController.swift */,
				65D07A2024F816C2004CA3E9 /* FoodFeed */,
				65D07A3C24F816C5004CA3E9 /* FoodFeedTests */,
				65D07A4724F816C5004CA3E9 /* FoodFeedUITests */,
				65D07A1F24F816C2004CA3E9 /* Products */,
			);
			sourceTree = "<group>";
		};
		65D07A1F24F816C2004CA3E9 /* Products */ = {
			isa = PBXGroup;
			children = (
				65D07A1E24F816C2004CA3E9 /* FoodFeed.app */,
				65D07A3924F816C5004CA3E9 /* FoodFeedTests.xctest */,
				65D07A4424F816C5004CA3E9 /* FoodFeedUITests.xctest */,
			);
			name = Products;
			sourceTree = "<group>";
		};
		65D07A2024F816C2004CA3E9 /* FoodFeed */ = {
			isa = PBXGroup;
			children = (
				44A8131A25838E0700685A0E /* 07891284.ttf */,
				449DFE0C256FD4CE00120774 /* storyline.txt */,
				659F11292562A49300E5C8B1 /* Service */,
				6536A64625618597006D7297 /* Post */,
				65D07A2124F816C2004CA3E9 /* AppDelegate.swift */,
				65D07A2324F816C2004CA3E9 /* SceneDelegate.swift */,
				44C3DEBB2520B78F00D317DA /* Model */,
				44C3DEB22520B72F00D317DA /* Controllers */,
				44D66C7C2533700A00C81C41 /* View */,
				44C3DF052520DEF400D317DA /* Util */,
				65D07A2924F816C2004CA3E9 /* Main.storyboard */,
				446CDCC725CA910A0028B799 /* newCharacterViewController.swift */,
				44AFA49D256D1F0000CC7A0A /* PostDataInput.swift */,
				44DC67C7256FEA5F00C7C1D4 /* Assets_for_prototype */,
				65D07A2F24F816C5004CA3E9 /* Assets.xcassets */,
				44C3DF2B2521E4E000D317DA /* PlaceholderAssets */,
				65D07A3124F816C5004CA3E9 /* LaunchScreen.storyboard */,
				65D07A3424F816C5004CA3E9 /* Info.plist */,
				44F1918924F8E0A100DC5718 /* pineapple.jpeg */,
			);
			path = FoodFeed;
			sourceTree = "<group>";
		};
		65D07A3C24F816C5004CA3E9 /* FoodFeedTests */ = {
			isa = PBXGroup;
			children = (
				65D07A3D24F816C5004CA3E9 /* FoodFeedTests.swift */,
				65D07A3F24F816C5004CA3E9 /* Info.plist */,
			);
			path = FoodFeedTests;
			sourceTree = "<group>";
		};
		65D07A4724F816C5004CA3E9 /* FoodFeedUITests */ = {
			isa = PBXGroup;
			children = (
				65D07A4824F816C5004CA3E9 /* FoodFeedUITests.swift */,
				65D07A4A24F816C5004CA3E9 /* Info.plist */,
			);
			path = FoodFeedUITests;
			sourceTree = "<group>";
		};
/* End PBXGroup section */

/* Begin PBXNativeTarget section */
		65D07A1D24F816C2004CA3E9 /* FoodFeed */ = {
			isa = PBXNativeTarget;
			buildConfigurationList = 65D07A4D24F816C5004CA3E9 /* Build configuration list for PBXNativeTarget "FoodFeed" */;
			buildPhases = (
				65D07A1A24F816C2004CA3E9 /* Sources */,
				65D07A1B24F816C2004CA3E9 /* Frameworks */,
				65D07A1C24F816C2004CA3E9 /* Resources */,
			);
			buildRules = (
			);
			dependencies = (
			);
			name = FoodFeed;
			packageProductDependencies = (
				44C3DF322521F4FD00D317DA /* SwiftyGif */,
			);
			productName = FoodFeed;
			productReference = 65D07A1E24F816C2004CA3E9 /* FoodFeed.app */;
			productType = "com.apple.product-type.application";
		};
		65D07A3824F816C5004CA3E9 /* FoodFeedTests */ = {
			isa = PBXNativeTarget;
			buildConfigurationList = 65D07A5024F816C5004CA3E9 /* Build configuration list for PBXNativeTarget "FoodFeedTests" */;
			buildPhases = (
				65D07A3524F816C5004CA3E9 /* Sources */,
				65D07A3624F816C5004CA3E9 /* Frameworks */,
				65D07A3724F816C5004CA3E9 /* Resources */,
			);
			buildRules = (
			);
			dependencies = (
				65D07A3B24F816C5004CA3E9 /* PBXTargetDependency */,
			);
			name = FoodFeedTests;
			productName = FoodFeedTests;
			productReference = 65D07A3924F816C5004CA3E9 /* FoodFeedTests.xctest */;
			productType = "com.apple.product-type.bundle.unit-test";
		};
		65D07A4324F816C5004CA3E9 /* FoodFeedUITests */ = {
			isa = PBXNativeTarget;
			buildConfigurationList = 65D07A5324F816C5004CA3E9 /* Build configuration list for PBXNativeTarget "FoodFeedUITests" */;
			buildPhases = (
				65D07A4024F816C5004CA3E9 /* Sources */,
				65D07A4124F816C5004CA3E9 /* Frameworks */,
				65D07A4224F816C5004CA3E9 /* Resources */,
			);
			buildRules = (
			);
			dependencies = (
				65D07A4624F816C5004CA3E9 /* PBXTargetDependency */,
			);
			name = FoodFeedUITests;
			productName = FoodFeedUITests;
			productReference = 65D07A4424F816C5004CA3E9 /* FoodFeedUITests.xctest */;
			productType = "com.apple.product-type.bundle.ui-testing";
		};
/* End PBXNativeTarget section */

/* Begin PBXProject section */
		65D07A1624F816C2004CA3E9 /* Project object */ = {
			isa = PBXProject;
			attributes = {
				LastSwiftUpdateCheck = 1150;
				LastUpgradeCheck = 1210;
				ORGANIZATIONNAME = "Daniel Haight";
				TargetAttributes = {
					65D07A1D24F816C2004CA3E9 = {
						CreatedOnToolsVersion = 11.5;
					};
					65D07A3824F816C5004CA3E9 = {
						CreatedOnToolsVersion = 11.5;
						TestTargetID = 65D07A1D24F816C2004CA3E9;
					};
					65D07A4324F816C5004CA3E9 = {
						CreatedOnToolsVersion = 11.5;
						TestTargetID = 65D07A1D24F816C2004CA3E9;
					};
				};
			};
			buildConfigurationList = 65D07A1924F816C2004CA3E9 /* Build configuration list for PBXProject "FoodFeed" */;
			compatibilityVersion = "Xcode 9.3";
			developmentRegion = en;
			hasScannedForEncodings = 0;
			knownRegions = (
				en,
				Base,
			);
			mainGroup = 65D07A1524F816C2004CA3E9;
			packageReferences = (
				44C3DF312521F4FD00D317DA /* XCRemoteSwiftPackageReference "SwiftyGif" */,
			);
			productRefGroup = 65D07A1F24F816C2004CA3E9 /* Products */;
			projectDirPath = "";
			projectRoot = "";
			targets = (
				65D07A1D24F816C2004CA3E9 /* FoodFeed */,
				65D07A3824F816C5004CA3E9 /* FoodFeedTests */,
				65D07A4324F816C5004CA3E9 /* FoodFeedUITests */,
			);
		};
/* End PBXProject section */

/* Begin PBXResourcesBuildPhase section */
		65D07A1C24F816C2004CA3E9 /* Resources */ = {
			isa = PBXResourcesBuildPhase;
			buildActionMask = 2147483647;
			files = (
				44EACC9025D011B80015A9EC /* tenor-6559.gif in Resources */,
				443A9EB425E2EF0D001E69BB /* burgercandle.gif in Resources */,
				443A9ECD25E2F061001E69BB /* stayhome.gif in Resources */,
				44DC6806256FEA5F00C7C1D4 /* hotchoc.MP4 in Resources */,
				443A9EC825E2F037001E69BB /* catlettuce.gif in Resources */,
				4493C56925D1184000A6768D /* dogday2.jpeg in Resources */,
				44DC680A256FEA5F00C7C1D4 /* v07025db0000bu6lh79u0sobgpo574dg.mp4 in Resources */,
				44DC680B256FEA5F00C7C1D4 /* v07025c40000btq2arvglrfa1qbsg6f0.mp4 in Resources */,
				44DC6825256FEA5F00C7C1D4 /* redpuff.gif in Resources */,
				44DC6819256FEA5F00C7C1D4 /* morph.gif in Resources */,
				44DC6810256FEA5F00C7C1D4 /* v09044b80000br7aj2kb0k2lv77r7v10.mp4 in Resources */,
				44DC6818256FEA5F00C7C1D4 /* minidogcake.gif in Resources */,
				44A812E8257D554100685A0E /* catlettucesad.png in Resources */,
				44DC681B256FEA5F00C7C1D4 /* shyguinea.gif in Resources */,
				44DC682A256FEA5F00C7C1D4 /* parrotheadstroke.gif in Resources */,
				44DC6816256FEA5F00C7C1D4 /* 3stepsconfidence.MP4 in Resources */,
				443A9EC325E2F01B001E69BB /* bigmeal.gif in Resources */,
				44C3DF172521D94C00D317DA /* one.jpeg in Resources */,
				44DC6820256FEA5F00C7C1D4 /* v09044660000bsnfe40o4qnk4c1hu2e0.mp4 in Resources */,
				449DFE0D256FD4CE00120774 /* storyline.txt in Resources */,
				44DC6804256FEA5F00C7C1D4 /* sassyfox.gif in Resources */,
				44F1918A24F8E0A100DC5718 /* pineapple.jpeg in Resources */,
				44DC6829256FEA5F00C7C1D4 /* catwatermelon.mp4 in Resources */,
				44DC6828256FEA5F00C7C1D4 /* guy_side_headphones.jpeg in Resources */,
				4480FC1525ECC6560074A286 /* v07044670000bu2s1grle1ejujl4qvf0.MP4-0.0000-59.1170.mp4 in Resources */,
				44DC6807256FEA5F00C7C1D4 /* 200-9.gif in Resources */,
				44A813202583926D00685A0E /* 07891284.ttf in Resources */,
				44C3DF2D2521F1F300D317DA /* giphy-13.gif in Resources */,
				44DC680F256FEA5F00C7C1D4 /* v07044a00000bu8aiu1u0so8eg4kba40.mp4 in Resources */,
				44A81303257E39E600685A0E /* giphy30.gif in Resources */,
				44DC680D256FEA5F00C7C1D4 /* tomatosauce.MP4 in Resources */,
				4493C56425D1183C00A6768D /* catday2.jpeg in Resources */,
				44DC6826256FEA5F00C7C1D4 /* friends.jpeg in Resources */,
				44A812E3257D549C00685A0E /* redShoes.png in Resources */,
				44DC6830256FEA5F00C7C1D4 /* v090440e0000bl03mcjl96bevlo69jrg.mp4 in Resources */,
				44C3DF1C2521D96100D317DA /* two.jpeg in Resources */,
				44DC681C256FEA5F00C7C1D4 /* v090440e0000bl03mcjl96bevlo69jrg 2.mp4 in Resources */,
				44DC680C256FEA5F00C7C1D4 /* gift.gif in Resources */,
				4480FC1925ECC6600074A286 /* v09044870000bt9t18n7hc96rduchojg.MP4-0.0000-52.1310.mp4 in Resources */,
				44DC6815256FEA5F00C7C1D4 /* thankyou.MP4 in Resources */,
				44C3DF47252A274100D317DA /* fieri.jpeg in Resources */,
				443A9ED225E2F071001E69BB /* joewicks.gif in Resources */,
				44DC681D256FEA5F00C7C1D4 /* v09044bd0000brogfeop685g27h318ig.mp4 in Resources */,
				4493C55025D112F000A6768D /* redbike.jpg in Resources */,
				44DC6821256FEA5F00C7C1D4 /* penguins.gif in Resources */,
				44DC682E256FEA5F00C7C1D4 /* v09044030000blnsldfdgse6emlj0lo0.mp4 in Resources */,
				443A9EB925E2F003001E69BB /* dogsinyellowhats.gif in Resources */,
				44DC6814256FEA5F00C7C1D4 /* v090442d0000br49ja6a9rh57kf7jeu0.mp4 in Resources */,
				44EACC9525D012570015A9EC /* d63b946f9d9fde72319b24c439516e4f-small-4490.jpeg in Resources */,
				4480FC0525ECC1F40074A286 /* powerofno.mp4 in Resources */,
				44DC6811256FEA5F00C7C1D4 /* giphy-29.gif in Resources */,
				44A812ED257D55B100685A0E /* redvelvet.gif in Resources */,
				44EACC9A25D0125B0015A9EC /* db43afbcc77a2c9be3cef525c7d74d0b-4487.jpg in Resources */,
				44A812F9257E38E600685A0E /* cokebottlelids.png in Resources */,
				443A9EBE25E2F013001E69BB /* pizzacandle.gif in Resources */,
				44EACC8125D0114E0015A9EC /* cupcake.gif in Resources */,
				65D07A3324F816C5004CA3E9 /* LaunchScreen.storyboard in Resources */,
				65D07A3024F816C5004CA3E9 /* Assets.xcassets in Resources */,
				441C0CA625EBBF8200BB0710 /* kermit.gif in Resources */,
				4493C55A25D1144900A6768D /* pokebike.gif in Resources */,
				44DC6824256FEA5F00C7C1D4 /* strawberry.mp4 in Resources */,
				44DC6812256FEA5F00C7C1D4 /* v09044200000bq5oe1kb0k2ilcn2iekg.mp4 in Resources */,
				44DC6808256FEA5F00C7C1D4 /* v09044060000bg471jqvfskjjg9j1fcg.mp4 in Resources */,
				4480FC1125ECC64D0074A286 /* redjuice.mp4 in Resources */,
				4480FC0D25ECC6400074A286 /* blackdog.mp4 in Resources */,
				44DC681F256FEA5F00C7C1D4 /* anxiety.MP4 in Resources */,
				44C3DF212521D99000D317DA /* three.jpeg in Resources */,
				65D07A2B24F816C2004CA3E9 /* Main.storyboard in Resources */,
				44DC681A256FEA5F00C7C1D4 /* 200w-23.gif in Resources */,
				4472E44125EC1BA2006AEEDC /* yummy_they_said.jpg in Resources */,
				44A812CF257D468B00685A0E /* giphy 18.GIF-0.0000-15.0100.gif in Resources */,
				44DC6803256FEA5F00C7C1D4 /* cucumberflower.mp4 in Resources */,
				44DC682F256FEA5F00C7C1D4 /* no.mp4 in Resources */,
				44A812F7257E38E600685A0E /* garlicbread.png in Resources */,
				44DC682B256FEA5F00C7C1D4 /* v09044b60000bss1rnph20v13vrciuu0.mp4 in Resources */,
				44DC6827256FEA5F00C7C1D4 /* redjuice.MP4 in Resources */,
				44DC6817256FEA5F00C7C1D4 /* v09044c40000bou4iqnc0tomra4mnco0.mp4 in Resources */,
				44DC682C256FEA5F00C7C1D4 /* v09044870000bt9t18n7hc96rduchojg.mp4 in Resources */,
				443A9ED725E2F1A3001E69BB /* allbymyself.gif in Resources */,
				44DC6805256FEA5F00C7C1D4 /* guy_profile_pic.jpeg in Resources */,
				4480FC0925ECC2FD0074A286 /* hamsterpinkcar.mp4 in Resources */,
				4472E44625EC1D09006AEEDC /* grumpy-baby-photo-shoot.jpg in Resources */,
				44DC680E256FEA5F00C7C1D4 /* v09044d50000brljgip4uh3sr6teo7g0.mp4 in Resources */,
				44EACCB925D027840015A9EC /* catlettucesad.png in Resources */,
				44EACC8B25D0118C0015A9EC /* tenor-6369.gif in Resources */,
				44DC681E256FEA5F00C7C1D4 /* 3b32af8f28332e769cae2685d8dae510.MOV in Resources */,
				44DC6813256FEA5F00C7C1D4 /* v09044b10000bsa3o28h3nflv6m1o8j0.mp4 in Resources */,
				44A812CA257D45DC00685A0E /* sadanimegirl.gif in Resources */,
				4480FC2125ECC7220074A286 /* redShoes.png in Resources */,
				44A812F8257E38E600685A0E /* guyinredcar.png in Resources */,
				44DC6822256FEA5F00C7C1D4 /* v09044140000bteecr019l167crjal30.mp4 in Resources */,
				44DC6809256FEA5F00C7C1D4 /* v09044d50000brljgip4uh3sr6teo7g0 copy.mp4 in Resources */,
				44DC6823256FEA5F00C7C1D4 /* giphy-31.gif in Resources */,
				44DC682D256FEA5F00C7C1D4 /* v09044aa0000bqbh3q3ucagpg9houai0.mp4 in Resources */,
				44A812FE257E390D00685A0E /* cakeparty.gif in Resources */,
				4493C55525D1140400A6768D /* 904533F5-6D4F-4B56-AEF6-5B386EBD5BC1_4_5005_c.jpeg in Resources */,
				44772128252B16C800C76FB0 /* giphy30.gif in Resources */,
				4493C55F25D115B200A6768D /* day2biketrick.gif in Resources */,
				44DC6831256FEA5F00C7C1D4 /* wireflower.mp4 in Resources */,
				44EACC8625D011760015A9EC /* giphy 30-5163.gif in Resources */,
			);
			runOnlyForDeploymentPostprocessing = 0;
		};
		65D07A3724F816C5004CA3E9 /* Resources */ = {
			isa = PBXResourcesBuildPhase;
			buildActionMask = 2147483647;
			files = (
				44A813242583926E00685A0E /* 07891284.ttf in Resources */,
			);
			runOnlyForDeploymentPostprocessing = 0;
		};
		65D07A4224F816C5004CA3E9 /* Resources */ = {
			isa = PBXResourcesBuildPhase;
			buildActionMask = 2147483647;
			files = (
				44A813252583926E00685A0E /* 07891284.ttf in Resources */,
			);
			runOnlyForDeploymentPostprocessing = 0;
		};
/* End PBXResourcesBuildPhase section */

/* Begin PBXSourcesBuildPhase section */
		65D07A1A24F816C2004CA3E9 /* Sources */ = {
			isa = PBXSourcesBuildPhase;
			buildActionMask = 2147483647;
			files = (
				44C3DECE2520C30700D317DA /* FeedPagePresenter.swift in Sources */,
				44D66C68253316B300C81C41 /* TimedComments.swift in Sources */,
				44D66C7825336FF100C81C41 /* CommentsView.swift in Sources */,
				65D07A2E24F816C2004CA3E9 /* FoodFeed.xcdatamodeld in Sources */,
				44AFA49E256D1F0000CC7A0A /* PostDataInput.swift in Sources */,
				659F112B2562A4BA00E5C8B1 /* Backend.swift in Sources */,
				44C3DEB42520B76000D317DA /* Feed.swift in Sources */,
				65D07A2824F816C2004CA3E9 /* SecondViewController.swift in Sources */,
				44BCE16525CDEB4F00760142 /* InteractionViewController.swift in Sources */,
				44C3DEC32520C15600D317DA /* Protocols.swift in Sources */,
				65D07A2224F816C2004CA3E9 /* AppDelegate.swift in Sources */,
				44D66C892534556E00C81C41 /* FeedViewLayout.swift in Sources */,
				44F1918824F8CF7300DC5718 /* FeedViewController.swift in Sources */,
				44C3DF0C2520DEF400D317DA /* Connection.swift in Sources */,
				65D07A2424F816C2004CA3E9 /* SceneDelegate.swift in Sources */,
				44C3DF0B2520DEF400D317DA /* Constant.swift in Sources */,
				44C3DED32520C3AE00D317DA /* FeedFetchService.swift in Sources */,
				44C3DF0E2520DEF400D317DA /* HTTPRequest.swift in Sources */,
				44C3DF0D2520DEF400D317DA /* InteractionUtil.swift in Sources */,
				6536A648256185B3006D7297 /* Post.swift in Sources */,
				44C3DF0F2520DEF400D317DA /* HTTPError.swift in Sources */,
				446CDCC825CA910A0028B799 /* newCharacterViewController.swift in Sources */,
				44C3DEAE2520B67B00D317DA /* FeedPageViewController.swift in Sources */,
			);
			runOnlyForDeploymentPostprocessing = 0;
		};
		65D07A3524F816C5004CA3E9 /* Sources */ = {
			isa = PBXSourcesBuildPhase;
			buildActionMask = 2147483647;
			files = (
				65D07A3E24F816C5004CA3E9 /* FoodFeedTests.swift in Sources */,
			);
			runOnlyForDeploymentPostprocessing = 0;
		};
		65D07A4024F816C5004CA3E9 /* Sources */ = {
			isa = PBXSourcesBuildPhase;
			buildActionMask = 2147483647;
			files = (
				65D07A4924F816C5004CA3E9 /* FoodFeedUITests.swift in Sources */,
			);
			runOnlyForDeploymentPostprocessing = 0;
		};
/* End PBXSourcesBuildPhase section */

/* Begin PBXTargetDependency section */
		65D07A3B24F816C5004CA3E9 /* PBXTargetDependency */ = {
			isa = PBXTargetDependency;
			target = 65D07A1D24F816C2004CA3E9 /* FoodFeed */;
			targetProxy = 65D07A3A24F816C5004CA3E9 /* PBXContainerItemProxy */;
		};
		65D07A4624F816C5004CA3E9 /* PBXTargetDependency */ = {
			isa = PBXTargetDependency;
			target = 65D07A1D24F816C2004CA3E9 /* FoodFeed */;
			targetProxy = 65D07A4524F816C5004CA3E9 /* PBXContainerItemProxy */;
		};
/* End PBXTargetDependency section */

/* Begin PBXVariantGroup section */
		65D07A2924F816C2004CA3E9 /* Main.storyboard */ = {
			isa = PBXVariantGroup;
			children = (
				65D07A2A24F816C2004CA3E9 /* Base */,
			);
			name = Main.storyboard;
			sourceTree = "<group>";
		};
		65D07A3124F816C5004CA3E9 /* LaunchScreen.storyboard */ = {
			isa = PBXVariantGroup;
			children = (
				65D07A3224F816C5004CA3E9 /* Base */,
			);
			name = LaunchScreen.storyboard;
			sourceTree = "<group>";
		};
/* End PBXVariantGroup section */

/* Begin XCBuildConfiguration section */
		65D07A4B24F816C5004CA3E9 /* Debug */ = {
			isa = XCBuildConfiguration;
			buildSettings = {
				ALWAYS_SEARCH_USER_PATHS = NO;
				CLANG_ANALYZER_NONNULL = YES;
				CLANG_ANALYZER_NUMBER_OBJECT_CONVERSION = YES_AGGRESSIVE;
				CLANG_CXX_LANGUAGE_STANDARD = "gnu++14";
				CLANG_CXX_LIBRARY = "libc++";
				CLANG_ENABLE_MODULES = YES;
				CLANG_ENABLE_OBJC_ARC = YES;
				CLANG_ENABLE_OBJC_WEAK = YES;
				CLANG_WARN_BLOCK_CAPTURE_AUTORELEASING = YES;
				CLANG_WARN_BOOL_CONVERSION = YES;
				CLANG_WARN_COMMA = YES;
				CLANG_WARN_CONSTANT_CONVERSION = YES;
				CLANG_WARN_DEPRECATED_OBJC_IMPLEMENTATIONS = YES;
				CLANG_WARN_DIRECT_OBJC_ISA_USAGE = YES_ERROR;
				CLANG_WARN_DOCUMENTATION_COMMENTS = YES;
				CLANG_WARN_EMPTY_BODY = YES;
				CLANG_WARN_ENUM_CONVERSION = YES;
				CLANG_WARN_INFINITE_RECURSION = YES;
				CLANG_WARN_INT_CONVERSION = YES;
				CLANG_WARN_NON_LITERAL_NULL_CONVERSION = YES;
				CLANG_WARN_OBJC_IMPLICIT_RETAIN_SELF = YES;
				CLANG_WARN_OBJC_LITERAL_CONVERSION = YES;
				CLANG_WARN_OBJC_ROOT_CLASS = YES_ERROR;
				CLANG_WARN_QUOTED_INCLUDE_IN_FRAMEWORK_HEADER = YES;
				CLANG_WARN_RANGE_LOOP_ANALYSIS = YES;
				CLANG_WARN_STRICT_PROTOTYPES = YES;
				CLANG_WARN_SUSPICIOUS_MOVE = YES;
				CLANG_WARN_UNGUARDED_AVAILABILITY = YES_AGGRESSIVE;
				CLANG_WARN_UNREACHABLE_CODE = YES;
				CLANG_WARN__DUPLICATE_METHOD_MATCH = YES;
				COPY_PHASE_STRIP = NO;
				DEBUG_INFORMATION_FORMAT = dwarf;
				ENABLE_STRICT_OBJC_MSGSEND = YES;
				ENABLE_TESTABILITY = YES;
				GCC_C_LANGUAGE_STANDARD = gnu11;
				GCC_DYNAMIC_NO_PIC = NO;
				GCC_NO_COMMON_BLOCKS = YES;
				GCC_OPTIMIZATION_LEVEL = 0;
				GCC_PREPROCESSOR_DEFINITIONS = (
					"DEBUG=1",
					"$(inherited)",
				);
				GCC_WARN_64_TO_32_BIT_CONVERSION = YES;
				GCC_WARN_ABOUT_RETURN_TYPE = YES_ERROR;
				GCC_WARN_UNDECLARED_SELECTOR = YES;
				GCC_WARN_UNINITIALIZED_AUTOS = YES_AGGRESSIVE;
				GCC_WARN_UNUSED_FUNCTION = YES;
				GCC_WARN_UNUSED_VARIABLE = YES;
				IPHONEOS_DEPLOYMENT_TARGET = 12.0;
				MTL_ENABLE_DEBUG_INFO = INCLUDE_SOURCE;
				MTL_FAST_MATH = YES;
				ONLY_ACTIVE_ARCH = YES;
				SDKROOT = iphoneos;
				SUPPORTED_PLATFORMS = "iphonesimulator iphoneos";
				SWIFT_ACTIVE_COMPILATION_CONDITIONS = DEBUG;
				SWIFT_OPTIMIZATION_LEVEL = "-Onone";
			};
			name = Debug;
		};
		65D07A4C24F816C5004CA3E9 /* Release */ = {
			isa = XCBuildConfiguration;
			buildSettings = {
				ALWAYS_SEARCH_USER_PATHS = NO;
				CLANG_ANALYZER_NONNULL = YES;
				CLANG_ANALYZER_NUMBER_OBJECT_CONVERSION = YES_AGGRESSIVE;
				CLANG_CXX_LANGUAGE_STANDARD = "gnu++14";
				CLANG_CXX_LIBRARY = "libc++";
				CLANG_ENABLE_MODULES = YES;
				CLANG_ENABLE_OBJC_ARC = YES;
				CLANG_ENABLE_OBJC_WEAK = YES;
				CLANG_WARN_BLOCK_CAPTURE_AUTORELEASING = YES;
				CLANG_WARN_BOOL_CONVERSION = YES;
				CLANG_WARN_COMMA = YES;
				CLANG_WARN_CONSTANT_CONVERSION = YES;
				CLANG_WARN_DEPRECATED_OBJC_IMPLEMENTATIONS = YES;
				CLANG_WARN_DIRECT_OBJC_ISA_USAGE = YES_ERROR;
				CLANG_WARN_DOCUMENTATION_COMMENTS = YES;
				CLANG_WARN_EMPTY_BODY = YES;
				CLANG_WARN_ENUM_CONVERSION = YES;
				CLANG_WARN_INFINITE_RECURSION = YES;
				CLANG_WARN_INT_CONVERSION = YES;
				CLANG_WARN_NON_LITERAL_NULL_CONVERSION = YES;
				CLANG_WARN_OBJC_IMPLICIT_RETAIN_SELF = YES;
				CLANG_WARN_OBJC_LITERAL_CONVERSION = YES;
				CLANG_WARN_OBJC_ROOT_CLASS = YES_ERROR;
				CLANG_WARN_QUOTED_INCLUDE_IN_FRAMEWORK_HEADER = YES;
				CLANG_WARN_RANGE_LOOP_ANALYSIS = YES;
				CLANG_WARN_STRICT_PROTOTYPES = YES;
				CLANG_WARN_SUSPICIOUS_MOVE = YES;
				CLANG_WARN_UNGUARDED_AVAILABILITY = YES_AGGRESSIVE;
				CLANG_WARN_UNREACHABLE_CODE = YES;
				CLANG_WARN__DUPLICATE_METHOD_MATCH = YES;
				COPY_PHASE_STRIP = NO;
				DEBUG_INFORMATION_FORMAT = "dwarf-with-dsym";
				ENABLE_NS_ASSERTIONS = NO;
				ENABLE_STRICT_OBJC_MSGSEND = YES;
				GCC_C_LANGUAGE_STANDARD = gnu11;
				GCC_NO_COMMON_BLOCKS = YES;
				GCC_WARN_64_TO_32_BIT_CONVERSION = YES;
				GCC_WARN_ABOUT_RETURN_TYPE = YES_ERROR;
				GCC_WARN_UNDECLARED_SELECTOR = YES;
				GCC_WARN_UNINITIALIZED_AUTOS = YES_AGGRESSIVE;
				GCC_WARN_UNUSED_FUNCTION = YES;
				GCC_WARN_UNUSED_VARIABLE = YES;
				IPHONEOS_DEPLOYMENT_TARGET = 12.0;
				MTL_ENABLE_DEBUG_INFO = NO;
				MTL_FAST_MATH = YES;
				SDKROOT = iphoneos;
				SUPPORTED_PLATFORMS = "iphonesimulator iphoneos";
				SWIFT_COMPILATION_MODE = wholemodule;
				SWIFT_OPTIMIZATION_LEVEL = "-O";
				VALIDATE_PRODUCT = YES;
			};
			name = Release;
		};
		65D07A4E24F816C5004CA3E9 /* Debug */ = {
			isa = XCBuildConfiguration;
			buildSettings = {
				ASSETCATALOG_COMPILER_APPICON_NAME = AppIcon;
				CODE_SIGN_IDENTITY = "Apple Development";
				CODE_SIGN_STYLE = Automatic;
				DEVELOPMENT_TEAM = 2E5MDC86ME;
				INFOPLIST_FILE = FoodFeed/Info.plist;
				IPHONEOS_DEPLOYMENT_TARGET = 12.0;
				LD_RUNPATH_SEARCH_PATHS = (
					"$(inherited)",
					"@executable_path/Frameworks",
				);
				PRODUCT_BUNDLE_IDENTIFIER = dev.haight.FoodFeed;
				PRODUCT_NAME = "$(TARGET_NAME)";
				PROVISIONING_PROFILE_SPECIFIER = "";
				SWIFT_VERSION = 5.0;
			};
			name = Debug;
		};
		65D07A4F24F816C5004CA3E9 /* Release */ = {
			isa = XCBuildConfiguration;
			buildSettings = {
				ASSETCATALOG_COMPILER_APPICON_NAME = AppIcon;
				CODE_SIGN_IDENTITY = "Apple Development";
				CODE_SIGN_STYLE = Automatic;
				DEVELOPMENT_TEAM = 2E5MDC86ME;
				INFOPLIST_FILE = FoodFeed/Info.plist;
				LD_RUNPATH_SEARCH_PATHS = (
					"$(inherited)",
					"@executable_path/Frameworks",
				);
				PRODUCT_BUNDLE_IDENTIFIER = dev.haight.FoodFeed;
				PRODUCT_NAME = "$(TARGET_NAME)";
				PROVISIONING_PROFILE_SPECIFIER = "";
				SWIFT_VERSION = 5.0;
			};
			name = Release;
		};
		65D07A5124F816C5004CA3E9 /* Debug */ = {
			isa = XCBuildConfiguration;
			buildSettings = {
				ALWAYS_EMBED_SWIFT_STANDARD_LIBRARIES = YES;
				BUNDLE_LOADER = "$(TEST_HOST)";
				CODE_SIGN_STYLE = Automatic;
				INFOPLIST_FILE = FoodFeedTests/Info.plist;
				LD_RUNPATH_SEARCH_PATHS = (
					"$(inherited)",
					"@executable_path/Frameworks",
					"@loader_path/Frameworks",
				);
				PRODUCT_BUNDLE_IDENTIFIER = dev.haight.FoodFeedTests;
				PRODUCT_NAME = "$(TARGET_NAME)";
				SWIFT_VERSION = 5.0;
				TARGETED_DEVICE_FAMILY = "1,2";
				TEST_HOST = "$(BUILT_PRODUCTS_DIR)/FoodFeed.app/FoodFeed";
			};
			name = Debug;
		};
		65D07A5224F816C5004CA3E9 /* Release */ = {
			isa = XCBuildConfiguration;
			buildSettings = {
				ALWAYS_EMBED_SWIFT_STANDARD_LIBRARIES = YES;
				BUNDLE_LOADER = "$(TEST_HOST)";
				CODE_SIGN_STYLE = Automatic;
				INFOPLIST_FILE = FoodFeedTests/Info.plist;
				LD_RUNPATH_SEARCH_PATHS = (
					"$(inherited)",
					"@executable_path/Frameworks",
					"@loader_path/Frameworks",
				);
				PRODUCT_BUNDLE_IDENTIFIER = dev.haight.FoodFeedTests;
				PRODUCT_NAME = "$(TARGET_NAME)";
				SWIFT_VERSION = 5.0;
				TARGETED_DEVICE_FAMILY = "1,2";
				TEST_HOST = "$(BUILT_PRODUCTS_DIR)/FoodFeed.app/FoodFeed";
			};
			name = Release;
		};
		65D07A5424F816C5004CA3E9 /* Debug */ = {
			isa = XCBuildConfiguration;
			buildSettings = {
				ALWAYS_EMBED_SWIFT_STANDARD_LIBRARIES = YES;
				CODE_SIGN_STYLE = Automatic;
				INFOPLIST_FILE = FoodFeedUITests/Info.plist;
				LD_RUNPATH_SEARCH_PATHS = (
					"$(inherited)",
					"@executable_path/Frameworks",
					"@loader_path/Frameworks",
				);
				PRODUCT_BUNDLE_IDENTIFIER = dev.haight.FoodFeedUITests;
				PRODUCT_NAME = "$(TARGET_NAME)";
				SWIFT_VERSION = 5.0;
				TARGETED_DEVICE_FAMILY = "1,2";
				TEST_TARGET_NAME = FoodFeed;
			};
			name = Debug;
		};
		65D07A5524F816C5004CA3E9 /* Release */ = {
			isa = XCBuildConfiguration;
			buildSettings = {
				ALWAYS_EMBED_SWIFT_STANDARD_LIBRARIES = YES;
				CODE_SIGN_STYLE = Automatic;
				INFOPLIST_FILE = FoodFeedUITests/Info.plist;
				LD_RUNPATH_SEARCH_PATHS = (
					"$(inherited)",
					"@executable_path/Frameworks",
					"@loader_path/Frameworks",
				);
				PRODUCT_BUNDLE_IDENTIFIER = dev.haight.FoodFeedUITests;
				PRODUCT_NAME = "$(TARGET_NAME)";
				SWIFT_VERSION = 5.0;
				TARGETED_DEVICE_FAMILY = "1,2";
				TEST_TARGET_NAME = FoodFeed;
			};
			name = Release;
		};
/* End XCBuildConfiguration section */

/* Begin XCConfigurationList section */
		65D07A1924F816C2004CA3E9 /* Build configuration list for PBXProject "FoodFeed" */ = {
			isa = XCConfigurationList;
			buildConfigurations = (
				65D07A4B24F816C5004CA3E9 /* Debug */,
				65D07A4C24F816C5004CA3E9 /* Release */,
			);
			defaultConfigurationIsVisible = 0;
			defaultConfigurationName = Release;
		};
		65D07A4D24F816C5004CA3E9 /* Build configuration list for PBXNativeTarget "FoodFeed" */ = {
			isa = XCConfigurationList;
			buildConfigurations = (
				65D07A4E24F816C5004CA3E9 /* Debug */,
				65D07A4F24F816C5004CA3E9 /* Release */,
			);
			defaultConfigurationIsVisible = 0;
			defaultConfigurationName = Release;
		};
		65D07A5024F816C5004CA3E9 /* Build configuration list for PBXNativeTarget "FoodFeedTests" */ = {
			isa = XCConfigurationList;
			buildConfigurations = (
				65D07A5124F816C5004CA3E9 /* Debug */,
				65D07A5224F816C5004CA3E9 /* Release */,
			);
			defaultConfigurationIsVisible = 0;
			defaultConfigurationName = Release;
		};
		65D07A5324F816C5004CA3E9 /* Build configuration list for PBXNativeTarget "FoodFeedUITests" */ = {
			isa = XCConfigurationList;
			buildConfigurations = (
				65D07A5424F816C5004CA3E9 /* Debug */,
				65D07A5524F816C5004CA3E9 /* Release */,
			);
			defaultConfigurationIsVisible = 0;
			defaultConfigurationName = Release;
		};
/* End XCConfigurationList section */

/* Begin XCRemoteSwiftPackageReference section */
		44C3DF312521F4FD00D317DA /* XCRemoteSwiftPackageReference "SwiftyGif" */ = {
			isa = XCRemoteSwiftPackageReference;
			repositoryURL = "https://github.com/kirualex/SwiftyGif";
			requirement = {
				kind = upToNextMajorVersion;
				minimumVersion = 5.3.0;
			};
		};
/* End XCRemoteSwiftPackageReference section */

/* Begin XCSwiftPackageProductDependency section */
		44C3DF322521F4FD00D317DA /* SwiftyGif */ = {
			isa = XCSwiftPackageProductDependency;
			package = 44C3DF312521F4FD00D317DA /* XCRemoteSwiftPackageReference "SwiftyGif" */;
			productName = SwiftyGif;
		};
/* End XCSwiftPackageProductDependency section */

/* Begin XCVersionGroup section */
		65D07A2C24F816C2004CA3E9 /* FoodFeed.xcdatamodeld */ = {
			isa = XCVersionGroup;
			children = (
				65D07A2D24F816C2004CA3E9 /* FoodFeed.xcdatamodel */,
			);
			currentVersion = 65D07A2D24F816C2004CA3E9 /* FoodFeed.xcdatamodel */;
			path = FoodFeed.xcdatamodeld;
			sourceTree = "<group>";
			versionGroupType = wrapper.xcdatamodel;
		};
/* End XCVersionGroup section */
	};
	rootObject = 65D07A1624F816C2004CA3E9 /* Project object */;
}
