// !$*UTF8*$!
{
	archiveVersion = 1;
	classes = {
	};
	objectVersion = 52;
	objects = {

/* Begin PBXBuildFile section */
		1721F46DF48FAF123BB2AA8B /* Pods_FoodFeed.framework in Frameworks */ = {isa = PBXBuildFile; fileRef = 66C900D4B54BEA33AFB6F6C1 /* Pods_FoodFeed.framework */; };
		2C48B634266D31460092D5E1 /* Colors.swift in Sources */ = {isa = PBXBuildFile; fileRef = 2C48B633266D31460092D5E1 /* Colors.swift */; };
		2C48B636266D32F00092D5E1 /* Fonts.swift in Sources */ = {isa = PBXBuildFile; fileRef = 2C48B635266D32F00092D5E1 /* Fonts.swift */; };
		2C48B683266D3B6E0092D5E1 /* CherryButton.swift in Sources */ = {isa = PBXBuildFile; fileRef = 2C48B682266D3B6E0092D5E1 /* CherryButton.swift */; };
		2C48B687266D59A00092D5E1 /* OptionButton.swift in Sources */ = {isa = PBXBuildFile; fileRef = 2C48B686266D59A00092D5E1 /* OptionButton.swift */; };
		2C48B689266D59BF0092D5E1 /* RaspberryButton.swift in Sources */ = {isa = PBXBuildFile; fileRef = 2C48B688266D59BF0092D5E1 /* RaspberryButton.swift */; };
		2C48B68B266D67DF0092D5E1 /* NotSureButton.swift in Sources */ = {isa = PBXBuildFile; fileRef = 2C48B68A266D67DF0092D5E1 /* NotSureButton.swift */; };
		31CA2A8A15AAA1CF833C2597 /* Pods_FoodFeed_FoodFeedUITests.framework in Frameworks */ = {isa = PBXBuildFile; fileRef = 8721627DC83B350892C79754 /* Pods_FoodFeed_FoodFeedUITests.framework */; };
		375B9C20ACCCF72594BFCE29 /* Pods_FoodFeedTests.framework in Frameworks */ = {isa = PBXBuildFile; fileRef = 1DEC3034C3958020CE08143F /* Pods_FoodFeedTests.framework */; };
		440C3273268DBD27007D70C6 /* Day2.txt in Resources */ = {isa = PBXBuildFile; fileRef = 440C3272268DBD27007D70C6 /* Day2.txt */; };
		440C3278268DBD33007D70C6 /* Day4.txt in Resources */ = {isa = PBXBuildFile; fileRef = 440C3277268DBD33007D70C6 /* Day4.txt */; };
		440C327D268DBD3B007D70C6 /* Day5.txt in Resources */ = {isa = PBXBuildFile; fileRef = 440C327C268DBD3B007D70C6 /* Day5.txt */; };
		44327DAE26AC8A98006156B6 /* Alamofire in Frameworks */ = {isa = PBXBuildFile; productRef = 44327DAD26AC8A98006156B6 /* Alamofire */; };
		44327DB126AC8C07006156B6 /* AlamofireImage in Frameworks */ = {isa = PBXBuildFile; productRef = 44327DB026AC8C07006156B6 /* AlamofireImage */; };
		44327DB326AC99C2006156B6 /* imageCache.swift in Sources */ = {isa = PBXBuildFile; fileRef = 44327DB226AC99C2006156B6 /* imageCache.swift */; };
		4465404C2603A7B9004B202B /* profileCardViewController.swift in Sources */ = {isa = PBXBuildFile; fileRef = 4465404B2603A7B9004B202B /* profileCardViewController.swift */; };
		446540592603ABA4004B202B /* userProfileCard.swift in Sources */ = {isa = PBXBuildFile; fileRef = 446540582603ABA4004B202B /* userProfileCard.swift */; };
		446540672604B7E5004B202B /* chatBubbleView.swift in Sources */ = {isa = PBXBuildFile; fileRef = 446540662604B7E5004B202B /* chatBubbleView.swift */; };
		4465406F2605F0AC004B202B /* userAnswerView.swift in Sources */ = {isa = PBXBuildFile; fileRef = 4465406E2605F0AC004B202B /* userAnswerView.swift */; };
		446540772605F107004B202B /* softCommentTableViewCell.swift in Sources */ = {isa = PBXBuildFile; fileRef = 446540762605F107004B202B /* softCommentTableViewCell.swift */; };
		446540922606110A004B202B /* guy_profile_pic.jpeg in Resources */ = {isa = PBXBuildFile; fileRef = 4465408C2606110A004B202B /* guy_profile_pic.jpeg */; };
		446540932606110A004B202B /* bot1.jpeg in Resources */ = {isa = PBXBuildFile; fileRef = 4465408D2606110A004B202B /* bot1.jpeg */; };
		446540942606110A004B202B /* U.jpeg in Resources */ = {isa = PBXBuildFile; fileRef = 4465408E2606110A004B202B /* U.jpeg */; };
		446540952606110A004B202B /* bot4.jpeg in Resources */ = {isa = PBXBuildFile; fileRef = 4465408F2606110A004B202B /* bot4.jpeg */; };
		446540962606110A004B202B /* bot2.jpeg in Resources */ = {isa = PBXBuildFile; fileRef = 446540902606110A004B202B /* bot2.jpeg */; };
		446540972606110A004B202B /* bot3.jpeg in Resources */ = {isa = PBXBuildFile; fileRef = 446540912606110A004B202B /* bot3.jpeg */; };
		446B298525F0BF9400379390 /* commentTableViewCell.swift in Sources */ = {isa = PBXBuildFile; fileRef = 446B298325F0BF9400379390 /* commentTableViewCell.swift */; };
		446B298625F0BF9400379390 /* commentTableViewCell.xib in Resources */ = {isa = PBXBuildFile; fileRef = 446B298425F0BF9400379390 /* commentTableViewCell.xib */; };
		446CAE9826517B5300F9081D /* credits .swift in Sources */ = {isa = PBXBuildFile; fileRef = 446CAE9726517B5300F9081D /* credits .swift */; };
		446CAEA526517BE200F9081D /* lowiron.gif in Resources */ = {isa = PBXBuildFile; fileRef = 446CAEA426517BE200F9081D /* lowiron.gif */; };
		446CAEAA26517D3000F9081D /* awkward.gif in Resources */ = {isa = PBXBuildFile; fileRef = 446CAEA926517D3000F9081D /* awkward.gif */; };
		446CAEAF26517E3B00F9081D /* exploded_head.gif in Resources */ = {isa = PBXBuildFile; fileRef = 446CAEAE26517E3B00F9081D /* exploded_head.gif */; };
		446CDCC825CA910A0028B799 /* newCharacterViewController.swift in Sources */ = {isa = PBXBuildFile; fileRef = 446CDCC725CA910A0028B799 /* newCharacterViewController.swift */; };
		446CF03425FF9A470039C9A4 /* HardcodedData.swift in Sources */ = {isa = PBXBuildFile; fileRef = 446CF03325FF9A470039C9A4 /* HardcodedData.swift */; };
		446CF03925FFACEB0039C9A4 /* profileCreatorViewController.swift in Sources */ = {isa = PBXBuildFile; fileRef = 446CF03825FFACEB0039C9A4 /* profileCreatorViewController.swift */; };
		4470BF7E2603DD2A002EE94E /* BotProfileViewController.swift in Sources */ = {isa = PBXBuildFile; fileRef = 4470BF7D2603DD29002EE94E /* BotProfileViewController.swift */; };
		4471EC1B261A04AC00D23E01 /* storyline.txt in Resources */ = {isa = PBXBuildFile; fileRef = 4471EC1A261A04AC00D23E01 /* storyline.txt */; };
		4473ED4626021E6C00CFF919 /* filled_favourite-512.png in Resources */ = {isa = PBXBuildFile; fileRef = 4473ED4526021E6C00CFF919 /* filled_favourite-512.png */; };
		4473ED70260225CE00CFF919 /* heart_outline.png in Resources */ = {isa = PBXBuildFile; fileRef = 4473ED6F260225CE00CFF919 /* heart_outline.png */; };
		4473ED75260226B800CFF919 /* 341-3417063_herz-clipart.png in Resources */ = {isa = PBXBuildFile; fileRef = 4473ED74260226B700CFF919 /* 341-3417063_herz-clipart.png */; };
		4473ED9A2602343200CFF919 /* speechBubble.png in Resources */ = {isa = PBXBuildFile; fileRef = 4473ED992602343200CFF919 /* speechBubble.png */; };
		447B69D725FFFDBC003400A0 /* Extensions.swift in Sources */ = {isa = PBXBuildFile; fileRef = 447B69D625FFFDBC003400A0 /* Extensions.swift */; };
		448D701826B0158800DE2046 /* excitedfrank.jpg in Resources */ = {isa = PBXBuildFile; fileRef = 448D701726B0158800DE2046 /* excitedfrank.jpg */; };
		448D701D26B01A4600DE2046 /* frank1.gif in Resources */ = {isa = PBXBuildFile; fileRef = 448D701C26B01A4600DE2046 /* frank1.gif */; };
		448D702326B01D4100DE2046 /* frank6.gif in Resources */ = {isa = PBXBuildFile; fileRef = 448D701E26B01D4000DE2046 /* frank6.gif */; };
		448D702426B01D4100DE2046 /* frank2.gif in Resources */ = {isa = PBXBuildFile; fileRef = 448D701F26B01D4000DE2046 /* frank2.gif */; };
		448D702526B01D4100DE2046 /* frank4.gif in Resources */ = {isa = PBXBuildFile; fileRef = 448D702026B01D4000DE2046 /* frank4.gif */; };
		448D702626B01D4100DE2046 /* frank3.gif in Resources */ = {isa = PBXBuildFile; fileRef = 448D702126B01D4100DE2046 /* frank3.gif */; };
		448D702726B01D4100DE2046 /* frank5.gif in Resources */ = {isa = PBXBuildFile; fileRef = 448D702226B01D4100DE2046 /* frank5.gif */; };
		448ED15C26ADDEB200E2D04E /* .gitignore in Resources */ = {isa = PBXBuildFile; fileRef = 448ED15B26ADDEB200E2D04E /* .gitignore */; };
		448ED15E26ADDF3F00E2D04E /* Constants.swift in Sources */ = {isa = PBXBuildFile; fileRef = 448ED15D26ADDF3F00E2D04E /* Constants.swift */; };
		4493EB1B2672B91C00D8258A /* Day3.txt in Resources */ = {isa = PBXBuildFile; fileRef = 4493EB1A2672B91C00D8258A /* Day3.txt */; };
		4493EB1D2672D70100D8258A /* Day1.txt in Resources */ = {isa = PBXBuildFile; fileRef = 4493EB1C2672D70100D8258A /* Day1.txt */; };
		44A119F426ADE70F003961FB /* GifViewController.swift in Sources */ = {isa = PBXBuildFile; fileRef = 44A119F326ADE70F003961FB /* GifViewController.swift */; };
		44A766DF2608A1BC00EBC9AD /* testViewController.swift in Sources */ = {isa = PBXBuildFile; fileRef = 44A766DE2608A1BC00EBC9AD /* testViewController.swift */; };
		44A76757260A284900EBC9AD /* SoftUIView in Frameworks */ = {isa = PBXBuildFile; productRef = 44A76756260A284900EBC9AD /* SoftUIView */; };
		44A813202583926D00685A0E /* 07891284.ttf in Resources */ = {isa = PBXBuildFile; fileRef = 44A8131F2583926B00685A0E /* 07891284.ttf */; };
		44A813242583926E00685A0E /* 07891284.ttf in Resources */ = {isa = PBXBuildFile; fileRef = 44A8131F2583926B00685A0E /* 07891284.ttf */; };
		44A813252583926E00685A0E /* 07891284.ttf in Resources */ = {isa = PBXBuildFile; fileRef = 44A8131F2583926B00685A0E /* 07891284.ttf */; };
		44AFA49E256D1F0000CC7A0A /* PostDataInput.swift in Sources */ = {isa = PBXBuildFile; fileRef = 44AFA49D256D1F0000CC7A0A /* PostDataInput.swift */; };
		44B189F325F5333800A94028 /* commentTableViewController.swift in Sources */ = {isa = PBXBuildFile; fileRef = 44B189F125F5333800A94028 /* commentTableViewController.swift */; };
		44B189F425F5333800A94028 /* commentTableViewController.xib in Resources */ = {isa = PBXBuildFile; fileRef = 44B189F225F5333800A94028 /* commentTableViewController.xib */; };
		44B32EBD2610F0200030C88C /* SwiftyGif in Frameworks */ = {isa = PBXBuildFile; productRef = 44B32EBC2610F0200030C88C /* SwiftyGif */; };
		44B32ED1261106AA0030C88C /* uiTestViewController.swift in Sources */ = {isa = PBXBuildFile; fileRef = 44B32ED0261106AA0030C88C /* uiTestViewController.swift */; };
		44BCE16525CDEB4F00760142 /* InteractionViewController.swift in Sources */ = {isa = PBXBuildFile; fileRef = 44BCE16425CDEB4F00760142 /* InteractionViewController.swift */; };
		44C3DEAE2520B67B00D317DA /* FeedPageViewController.swift in Sources */ = {isa = PBXBuildFile; fileRef = 44C3DEAD2520B67B00D317DA /* FeedPageViewController.swift */; };
		44C3DEB42520B76000D317DA /* Feed.swift in Sources */ = {isa = PBXBuildFile; fileRef = 44C3DEB32520B76000D317DA /* Feed.swift */; };
		44C3DEC32520C15600D317DA /* Protocols.swift in Sources */ = {isa = PBXBuildFile; fileRef = 44C3DEC22520C15600D317DA /* Protocols.swift */; };
		44C3DECE2520C30700D317DA /* FeedPagePresenter.swift in Sources */ = {isa = PBXBuildFile; fileRef = 44C3DECD2520C30700D317DA /* FeedPagePresenter.swift */; };
		44C3DED32520C3AE00D317DA /* FeedFetchService.swift in Sources */ = {isa = PBXBuildFile; fileRef = 44C3DED22520C3AE00D317DA /* FeedFetchService.swift */; };
		44C3DF0B2520DEF400D317DA /* Constant.swift in Sources */ = {isa = PBXBuildFile; fileRef = 44C3DF062520DEF400D317DA /* Constant.swift */; };
		44C3DF0C2520DEF400D317DA /* Connection.swift in Sources */ = {isa = PBXBuildFile; fileRef = 44C3DF072520DEF400D317DA /* Connection.swift */; };
		44C3DF0D2520DEF400D317DA /* InteractionUtil.swift in Sources */ = {isa = PBXBuildFile; fileRef = 44C3DF082520DEF400D317DA /* InteractionUtil.swift */; };
		44C3DF0E2520DEF400D317DA /* HTTPRequest.swift in Sources */ = {isa = PBXBuildFile; fileRef = 44C3DF092520DEF400D317DA /* HTTPRequest.swift */; };
		44C3DF0F2520DEF400D317DA /* HTTPError.swift in Sources */ = {isa = PBXBuildFile; fileRef = 44C3DF0A2520DEF400D317DA /* HTTPError.swift */; };
		44C3DF172521D94C00D317DA /* one.jpeg in Resources */ = {isa = PBXBuildFile; fileRef = 44C3DF162521D94C00D317DA /* one.jpeg */; };
		44C3DF1C2521D96100D317DA /* two.jpeg in Resources */ = {isa = PBXBuildFile; fileRef = 44C3DF1B2521D96100D317DA /* two.jpeg */; };
		44C3DF212521D99000D317DA /* three.jpeg in Resources */ = {isa = PBXBuildFile; fileRef = 44C3DF202521D99000D317DA /* three.jpeg */; };
		44C3DF2D2521F1F300D317DA /* giphy-13.gif in Resources */ = {isa = PBXBuildFile; fileRef = 44C3DF2C2521F1F300D317DA /* giphy-13.gif */; };
		44C3DF47252A274100D317DA /* fieri.jpeg in Resources */ = {isa = PBXBuildFile; fileRef = 44C3DF46252A274100D317DA /* fieri.jpeg */; };
		44D66C68253316B300C81C41 /* TimedComments.swift in Sources */ = {isa = PBXBuildFile; fileRef = 44D66C67253316B300C81C41 /* TimedComments.swift */; };
		44D66C7825336FF100C81C41 /* CommentsView.swift in Sources */ = {isa = PBXBuildFile; fileRef = 44D66C7725336FF100C81C41 /* CommentsView.swift */; };
		44D66C892534556E00C81C41 /* FeedViewLayout.swift in Sources */ = {isa = PBXBuildFile; fileRef = 44D66C882534556E00C81C41 /* FeedViewLayout.swift */; };
		44E768EA264AB40F00AD75FE /* Day6.txt in Resources */ = {isa = PBXBuildFile; fileRef = 44E768E9264AB40E00AD75FE /* Day6.txt */; };
		44E768F7264ABD6800AD75FE /* fed_up.gif in Resources */ = {isa = PBXBuildFile; fileRef = 44E768F6264ABD6800AD75FE /* fed_up.gif */; };
		44E768FF264ABDEE00AD75FE /* frustrated_stone_kick.gif in Resources */ = {isa = PBXBuildFile; fileRef = 44E768FE264ABDEE00AD75FE /* frustrated_stone_kick.gif */; };
		44F1918824F8CF7300DC5718 /* FeedViewController.swift in Sources */ = {isa = PBXBuildFile; fileRef = 44F1918724F8CF7300DC5718 /* FeedViewController.swift */; };
		44F7AD6326A495A900EF54FB /* UnsplashPhotoPicker in Frameworks */ = {isa = PBXBuildFile; productRef = 44F7AD6226A495A900EF54FB /* UnsplashPhotoPicker */; };
		6536A648256185B3006D7297 /* Post.swift in Sources */ = {isa = PBXBuildFile; fileRef = 6536A647256185B3006D7297 /* Post.swift */; };
		659F112B2562A4BA00E5C8B1 /* Backend.swift in Sources */ = {isa = PBXBuildFile; fileRef = 659F112A2562A4BA00E5C8B1 /* Backend.swift */; };
		65D07A2224F816C2004CA3E9 /* AppDelegate.swift in Sources */ = {isa = PBXBuildFile; fileRef = 65D07A2124F816C2004CA3E9 /* AppDelegate.swift */; };
		65D07A2424F816C2004CA3E9 /* SceneDelegate.swift in Sources */ = {isa = PBXBuildFile; fileRef = 65D07A2324F816C2004CA3E9 /* SceneDelegate.swift */; };
		65D07A2B24F816C2004CA3E9 /* Main.storyboard in Resources */ = {isa = PBXBuildFile; fileRef = 65D07A2924F816C2004CA3E9 /* Main.storyboard */; };
		65D07A2E24F816C2004CA3E9 /* FoodFeed.xcdatamodeld in Sources */ = {isa = PBXBuildFile; fileRef = 65D07A2C24F816C2004CA3E9 /* FoodFeed.xcdatamodeld */; };
		65D07A3024F816C5004CA3E9 /* Assets.xcassets in Resources */ = {isa = PBXBuildFile; fileRef = 65D07A2F24F816C5004CA3E9 /* Assets.xcassets */; };
		65D07A3324F816C5004CA3E9 /* LaunchScreen.storyboard in Resources */ = {isa = PBXBuildFile; fileRef = 65D07A3124F816C5004CA3E9 /* LaunchScreen.storyboard */; };
		65D07A3E24F816C5004CA3E9 /* FoodFeedTests.swift in Sources */ = {isa = PBXBuildFile; fileRef = 65D07A3D24F816C5004CA3E9 /* FoodFeedTests.swift */; };
		65D07A4924F816C5004CA3E9 /* FoodFeedUITests.swift in Sources */ = {isa = PBXBuildFile; fileRef = 65D07A4824F816C5004CA3E9 /* FoodFeedUITests.swift */; };
/* End PBXBuildFile section */

/* Begin PBXContainerItemProxy section */
		65D07A3A24F816C5004CA3E9 /* PBXContainerItemProxy */ = {
			isa = PBXContainerItemProxy;
			containerPortal = 65D07A1624F816C2004CA3E9 /* Project object */;
			proxyType = 1;
			remoteGlobalIDString = 65D07A1D24F816C2004CA3E9;
			remoteInfo = FoodFeed;
		};
		65D07A4524F816C5004CA3E9 /* PBXContainerItemProxy */ = {
			isa = PBXContainerItemProxy;
			containerPortal = 65D07A1624F816C2004CA3E9 /* Project object */;
			proxyType = 1;
			remoteGlobalIDString = 65D07A1D24F816C2004CA3E9;
			remoteInfo = FoodFeed;
		};
/* End PBXContainerItemProxy section */

/* Begin PBXFileReference section */
		05FAA69704E3C1134E330262 /* Pods-FoodFeed-FoodFeedUITests.release.xcconfig */ = {isa = PBXFileReference; includeInIndex = 1; lastKnownFileType = text.xcconfig; name = "Pods-FoodFeed-FoodFeedUITests.release.xcconfig"; path = "Target Support Files/Pods-FoodFeed-FoodFeedUITests/Pods-FoodFeed-FoodFeedUITests.release.xcconfig"; sourceTree = "<group>"; };
		0EF9A9275321D6C23D43CFE4 /* Pods-FoodFeedTests.debug.xcconfig */ = {isa = PBXFileReference; includeInIndex = 1; lastKnownFileType = text.xcconfig; name = "Pods-FoodFeedTests.debug.xcconfig"; path = "Target Support Files/Pods-FoodFeedTests/Pods-FoodFeedTests.debug.xcconfig"; sourceTree = "<group>"; };
		1DEC3034C3958020CE08143F /* Pods_FoodFeedTests.framework */ = {isa = PBXFileReference; explicitFileType = wrapper.framework; includeInIndex = 0; path = Pods_FoodFeedTests.framework; sourceTree = BUILT_PRODUCTS_DIR; };
		215E84DBD1B31738775EE115 /* Pods-FoodFeed.release.xcconfig */ = {isa = PBXFileReference; includeInIndex = 1; lastKnownFileType = text.xcconfig; name = "Pods-FoodFeed.release.xcconfig"; path = "Target Support Files/Pods-FoodFeed/Pods-FoodFeed.release.xcconfig"; sourceTree = "<group>"; };
		2C48B633266D31460092D5E1 /* Colors.swift */ = {isa = PBXFileReference; lastKnownFileType = sourcecode.swift; path = Colors.swift; sourceTree = "<group>"; };
		2C48B635266D32F00092D5E1 /* Fonts.swift */ = {isa = PBXFileReference; lastKnownFileType = sourcecode.swift; path = Fonts.swift; sourceTree = "<group>"; };
		2C48B682266D3B6E0092D5E1 /* CherryButton.swift */ = {isa = PBXFileReference; lastKnownFileType = sourcecode.swift; path = CherryButton.swift; sourceTree = "<group>"; };
		2C48B686266D59A00092D5E1 /* OptionButton.swift */ = {isa = PBXFileReference; lastKnownFileType = sourcecode.swift; path = OptionButton.swift; sourceTree = "<group>"; };
		2C48B688266D59BF0092D5E1 /* RaspberryButton.swift */ = {isa = PBXFileReference; lastKnownFileType = sourcecode.swift; path = RaspberryButton.swift; sourceTree = "<group>"; };
		2C48B68A266D67DF0092D5E1 /* NotSureButton.swift */ = {isa = PBXFileReference; lastKnownFileType = sourcecode.swift; path = NotSureButton.swift; sourceTree = "<group>"; };
		389BAF189938748AB77F9D37 /* Pods-FoodFeedTests.release.xcconfig */ = {isa = PBXFileReference; includeInIndex = 1; lastKnownFileType = text.xcconfig; name = "Pods-FoodFeedTests.release.xcconfig"; path = "Target Support Files/Pods-FoodFeedTests/Pods-FoodFeedTests.release.xcconfig"; sourceTree = "<group>"; };
		440C3272268DBD27007D70C6 /* Day2.txt */ = {isa = PBXFileReference; fileEncoding = 4; lastKnownFileType = text; name = Day2.txt; path = "../../../Library/Mobile Documents/com~apple~CloudDocs/FudFid /Day2.txt"; sourceTree = "<group>"; };
		440C3277268DBD33007D70C6 /* Day4.txt */ = {isa = PBXFileReference; fileEncoding = 4; lastKnownFileType = text; name = Day4.txt; path = "../../../Library/Mobile Documents/com~apple~CloudDocs/FudFid /Day4.txt"; sourceTree = "<group>"; };
		440C327C268DBD3B007D70C6 /* Day5.txt */ = {isa = PBXFileReference; fileEncoding = 4; lastKnownFileType = text; name = Day5.txt; path = "../../../Library/Mobile Documents/com~apple~CloudDocs/FudFid /Day5.txt"; sourceTree = "<group>"; };
		44327DB226AC99C2006156B6 /* imageCache.swift */ = {isa = PBXFileReference; lastKnownFileType = sourcecode.swift; path = imageCache.swift; sourceTree = "<group>"; };
		44386698261F625500507975 /* 200-9.gif */ = {isa = PBXFileReference; lastKnownFileType = image.gif; path = "200-9.gif"; sourceTree = "<group>"; };
		4465404B2603A7B9004B202B /* profileCardViewController.swift */ = {isa = PBXFileReference; lastKnownFileType = sourcecode.swift; path = profileCardViewController.swift; sourceTree = "<group>"; };
		446540582603ABA4004B202B /* userProfileCard.swift */ = {isa = PBXFileReference; lastKnownFileType = sourcecode.swift; path = userProfileCard.swift; sourceTree = "<group>"; };
		446540662604B7E5004B202B /* chatBubbleView.swift */ = {isa = PBXFileReference; lastKnownFileType = sourcecode.swift; path = chatBubbleView.swift; sourceTree = "<group>"; };
		4465406E2605F0AC004B202B /* userAnswerView.swift */ = {isa = PBXFileReference; lastKnownFileType = sourcecode.swift; path = userAnswerView.swift; sourceTree = "<group>"; };
		446540762605F107004B202B /* softCommentTableViewCell.swift */ = {isa = PBXFileReference; fileEncoding = 4; lastKnownFileType = sourcecode.swift; path = softCommentTableViewCell.swift; sourceTree = "<group>"; };
		4465408C2606110A004B202B /* guy_profile_pic.jpeg */ = {isa = PBXFileReference; lastKnownFileType = image.jpeg; path = guy_profile_pic.jpeg; sourceTree = "<group>"; };
		4465408D2606110A004B202B /* bot1.jpeg */ = {isa = PBXFileReference; lastKnownFileType = image.jpeg; path = bot1.jpeg; sourceTree = "<group>"; };
		4465408E2606110A004B202B /* U.jpeg */ = {isa = PBXFileReference; lastKnownFileType = image.jpeg; path = U.jpeg; sourceTree = "<group>"; };
		4465408F2606110A004B202B /* bot4.jpeg */ = {isa = PBXFileReference; lastKnownFileType = image.jpeg; path = bot4.jpeg; sourceTree = "<group>"; };
		446540902606110A004B202B /* bot2.jpeg */ = {isa = PBXFileReference; lastKnownFileType = image.jpeg; path = bot2.jpeg; sourceTree = "<group>"; };
		446540912606110A004B202B /* bot3.jpeg */ = {isa = PBXFileReference; lastKnownFileType = image.jpeg; path = bot3.jpeg; sourceTree = "<group>"; };
		446B298325F0BF9400379390 /* commentTableViewCell.swift */ = {isa = PBXFileReference; lastKnownFileType = sourcecode.swift; path = commentTableViewCell.swift; sourceTree = "<group>"; };
		446B298425F0BF9400379390 /* commentTableViewCell.xib */ = {isa = PBXFileReference; lastKnownFileType = file.xib; path = commentTableViewCell.xib; sourceTree = "<group>"; };
		446CAE9726517B5300F9081D /* credits .swift */ = {isa = PBXFileReference; lastKnownFileType = sourcecode.swift; path = "credits .swift"; sourceTree = "<group>"; };
		446CAEA426517BE200F9081D /* lowiron.gif */ = {isa = PBXFileReference; lastKnownFileType = image.gif; path = lowiron.gif; sourceTree = "<group>"; };
		446CAEA926517D3000F9081D /* awkward.gif */ = {isa = PBXFileReference; lastKnownFileType = image.gif; path = awkward.gif; sourceTree = "<group>"; };
		446CAEAE26517E3B00F9081D /* exploded_head.gif */ = {isa = PBXFileReference; lastKnownFileType = image.gif; path = exploded_head.gif; sourceTree = "<group>"; };
		446CDCC725CA910A0028B799 /* newCharacterViewController.swift */ = {isa = PBXFileReference; lastKnownFileType = sourcecode.swift; path = newCharacterViewController.swift; sourceTree = "<group>"; };
		446CF03325FF9A470039C9A4 /* HardcodedData.swift */ = {isa = PBXFileReference; lastKnownFileType = sourcecode.swift; path = HardcodedData.swift; sourceTree = "<group>"; };
		446CF03825FFACEB0039C9A4 /* profileCreatorViewController.swift */ = {isa = PBXFileReference; lastKnownFileType = sourcecode.swift; path = profileCreatorViewController.swift; sourceTree = "<group>"; };
		4470BF7D2603DD29002EE94E /* BotProfileViewController.swift */ = {isa = PBXFileReference; lastKnownFileType = sourcecode.swift; path = BotProfileViewController.swift; sourceTree = "<group>"; };
		4471EC1A261A04AC00D23E01 /* storyline.txt */ = {isa = PBXFileReference; fileEncoding = 4; lastKnownFileType = text; path = storyline.txt; sourceTree = "<group>"; };
		4473ED4526021E6C00CFF919 /* filled_favourite-512.png */ = {isa = PBXFileReference; lastKnownFileType = image.png; path = "filled_favourite-512.png"; sourceTree = "<group>"; };
		4473ED6F260225CE00CFF919 /* heart_outline.png */ = {isa = PBXFileReference; lastKnownFileType = image.png; path = heart_outline.png; sourceTree = "<group>"; };
		4473ED74260226B700CFF919 /* 341-3417063_herz-clipart.png */ = {isa = PBXFileReference; lastKnownFileType = image.png; path = "341-3417063_herz-clipart.png"; sourceTree = "<group>"; };
		4473ED992602343200CFF919 /* speechBubble.png */ = {isa = PBXFileReference; lastKnownFileType = image.png; path = speechBubble.png; sourceTree = "<group>"; };
		4473EDB326032ED500CFF919 /* TestPlan.xctestplan */ = {isa = PBXFileReference; lastKnownFileType = text; path = TestPlan.xctestplan; sourceTree = "<group>"; };
		447B69D625FFFDBC003400A0 /* Extensions.swift */ = {isa = PBXFileReference; lastKnownFileType = sourcecode.swift; path = Extensions.swift; sourceTree = "<group>"; };
		448D701726B0158800DE2046 /* excitedfrank.jpg */ = {isa = PBXFileReference; lastKnownFileType = image.jpeg; path = excitedfrank.jpg; sourceTree = "<group>"; };
		448D701C26B01A4600DE2046 /* frank1.gif */ = {isa = PBXFileReference; lastKnownFileType = image.gif; path = frank1.gif; sourceTree = "<group>"; };
		448D701E26B01D4000DE2046 /* frank6.gif */ = {isa = PBXFileReference; lastKnownFileType = image.gif; path = frank6.gif; sourceTree = "<group>"; };
		448D701F26B01D4000DE2046 /* frank2.gif */ = {isa = PBXFileReference; lastKnownFileType = image.gif; path = frank2.gif; sourceTree = "<group>"; };
		448D702026B01D4000DE2046 /* frank4.gif */ = {isa = PBXFileReference; lastKnownFileType = image.gif; path = frank4.gif; sourceTree = "<group>"; };
		448D702126B01D4100DE2046 /* frank3.gif */ = {isa = PBXFileReference; lastKnownFileType = image.gif; path = frank3.gif; sourceTree = "<group>"; };
		448D702226B01D4100DE2046 /* frank5.gif */ = {isa = PBXFileReference; lastKnownFileType = image.gif; path = frank5.gif; sourceTree = "<group>"; };
		448ED15B26ADDEB200E2D04E /* .gitignore */ = {isa = PBXFileReference; lastKnownFileType = text; path = .gitignore; sourceTree = "<group>"; };
		448ED15D26ADDF3F00E2D04E /* Constants.swift */ = {isa = PBXFileReference; lastKnownFileType = sourcecode.swift; path = Constants.swift; sourceTree = "<group>"; };
		4493EB1A2672B91C00D8258A /* Day3.txt */ = {isa = PBXFileReference; fileEncoding = 4; lastKnownFileType = text; path = Day3.txt; sourceTree = "<group>"; };
		4493EB1C2672D70100D8258A /* Day1.txt */ = {isa = PBXFileReference; fileEncoding = 4; lastKnownFileType = text; path = Day1.txt; sourceTree = "<group>"; };
		44A119F326ADE70F003961FB /* GifViewController.swift */ = {isa = PBXFileReference; lastKnownFileType = sourcecode.swift; path = GifViewController.swift; sourceTree = "<group>"; };
		44A766DE2608A1BC00EBC9AD /* testViewController.swift */ = {isa = PBXFileReference; lastKnownFileType = sourcecode.swift; path = testViewController.swift; sourceTree = "<group>"; };
		44A8131A25838E0700685A0E /* 07891284.ttf */ = {isa = PBXFileReference; lastKnownFileType = file; path = 07891284.ttf; sourceTree = "<group>"; };
		44A8131F2583926B00685A0E /* 07891284.ttf */ = {isa = PBXFileReference; lastKnownFileType = file; path = 07891284.ttf; sourceTree = "<group>"; };
		44AFA49D256D1F0000CC7A0A /* PostDataInput.swift */ = {isa = PBXFileReference; lastKnownFileType = sourcecode.swift; path = PostDataInput.swift; sourceTree = "<group>"; };
		44B189F125F5333800A94028 /* commentTableViewController.swift */ = {isa = PBXFileReference; lastKnownFileType = sourcecode.swift; path = commentTableViewController.swift; sourceTree = "<group>"; };
		44B189F225F5333800A94028 /* commentTableViewController.xib */ = {isa = PBXFileReference; lastKnownFileType = file.xib; path = commentTableViewController.xib; sourceTree = "<group>"; };
		44B32ED0261106AA0030C88C /* uiTestViewController.swift */ = {isa = PBXFileReference; lastKnownFileType = sourcecode.swift; path = uiTestViewController.swift; sourceTree = "<group>"; };
		44BCE16425CDEB4F00760142 /* InteractionViewController.swift */ = {isa = PBXFileReference; lastKnownFileType = sourcecode.swift; path = InteractionViewController.swift; sourceTree = "<group>"; };
		44C3DEAD2520B67B00D317DA /* FeedPageViewController.swift */ = {isa = PBXFileReference; lastKnownFileType = sourcecode.swift; path = FeedPageViewController.swift; sourceTree = "<group>"; };
		44C3DEB32520B76000D317DA /* Feed.swift */ = {isa = PBXFileReference; lastKnownFileType = sourcecode.swift; path = Feed.swift; sourceTree = "<group>"; };
		44C3DEC22520C15600D317DA /* Protocols.swift */ = {isa = PBXFileReference; lastKnownFileType = sourcecode.swift; path = Protocols.swift; sourceTree = "<group>"; };
		44C3DECD2520C30700D317DA /* FeedPagePresenter.swift */ = {isa = PBXFileReference; lastKnownFileType = sourcecode.swift; name = FeedPagePresenter.swift; path = FoodFeed/Controllers/FeedPagePresenter.swift; sourceTree = SOURCE_ROOT; };
		44C3DED22520C3AE00D317DA /* FeedFetchService.swift */ = {isa = PBXFileReference; lastKnownFileType = sourcecode.swift; path = FeedFetchService.swift; sourceTree = "<group>"; };
		44C3DF062520DEF400D317DA /* Constant.swift */ = {isa = PBXFileReference; fileEncoding = 4; lastKnownFileType = sourcecode.swift; path = Constant.swift; sourceTree = "<group>"; };
		44C3DF072520DEF400D317DA /* Connection.swift */ = {isa = PBXFileReference; fileEncoding = 4; lastKnownFileType = sourcecode.swift; path = Connection.swift; sourceTree = "<group>"; };
		44C3DF082520DEF400D317DA /* InteractionUtil.swift */ = {isa = PBXFileReference; fileEncoding = 4; lastKnownFileType = sourcecode.swift; path = InteractionUtil.swift; sourceTree = "<group>"; };
		44C3DF092520DEF400D317DA /* HTTPRequest.swift */ = {isa = PBXFileReference; fileEncoding = 4; lastKnownFileType = sourcecode.swift; path = HTTPRequest.swift; sourceTree = "<group>"; };
		44C3DF0A2520DEF400D317DA /* HTTPError.swift */ = {isa = PBXFileReference; fileEncoding = 4; lastKnownFileType = sourcecode.swift; path = HTTPError.swift; sourceTree = "<group>"; };
		44C3DF162521D94C00D317DA /* one.jpeg */ = {isa = PBXFileReference; lastKnownFileType = image.jpeg; path = one.jpeg; sourceTree = "<group>"; };
		44C3DF1B2521D96100D317DA /* two.jpeg */ = {isa = PBXFileReference; lastKnownFileType = image.jpeg; path = two.jpeg; sourceTree = "<group>"; };
		44C3DF202521D99000D317DA /* three.jpeg */ = {isa = PBXFileReference; lastKnownFileType = image.jpeg; path = three.jpeg; sourceTree = "<group>"; };
		44C3DF2C2521F1F300D317DA /* giphy-13.gif */ = {isa = PBXFileReference; lastKnownFileType = image.gif; path = "giphy-13.gif"; sourceTree = "<group>"; };
		44C3DF46252A274100D317DA /* fieri.jpeg */ = {isa = PBXFileReference; lastKnownFileType = image.jpeg; path = fieri.jpeg; sourceTree = "<group>"; };
		44D66C67253316B300C81C41 /* TimedComments.swift */ = {isa = PBXFileReference; lastKnownFileType = sourcecode.swift; path = TimedComments.swift; sourceTree = "<group>"; };
		44D66C7725336FF100C81C41 /* CommentsView.swift */ = {isa = PBXFileReference; lastKnownFileType = sourcecode.swift; path = CommentsView.swift; sourceTree = "<group>"; };
		44D66C882534556E00C81C41 /* FeedViewLayout.swift */ = {isa = PBXFileReference; lastKnownFileType = sourcecode.swift; path = FeedViewLayout.swift; sourceTree = "<group>"; };
		44E768E9264AB40E00AD75FE /* Day6.txt */ = {isa = PBXFileReference; fileEncoding = 4; lastKnownFileType = text; path = Day6.txt; sourceTree = "<group>"; };
		44E768F6264ABD6800AD75FE /* fed_up.gif */ = {isa = PBXFileReference; lastKnownFileType = image.gif; path = fed_up.gif; sourceTree = "<group>"; };
		44E768FE264ABDEE00AD75FE /* frustrated_stone_kick.gif */ = {isa = PBXFileReference; lastKnownFileType = image.gif; path = frustrated_stone_kick.gif; sourceTree = "<group>"; };
		44F1918724F8CF7300DC5718 /* FeedViewController.swift */ = {isa = PBXFileReference; lastKnownFileType = sourcecode.swift; path = FeedViewController.swift; sourceTree = "<group>"; };
		6536A647256185B3006D7297 /* Post.swift */ = {isa = PBXFileReference; lastKnownFileType = sourcecode.swift; path = Post.swift; sourceTree = "<group>"; };
		659F112A2562A4BA00E5C8B1 /* Backend.swift */ = {isa = PBXFileReference; lastKnownFileType = sourcecode.swift; path = Backend.swift; sourceTree = "<group>"; };
		65D07A1E24F816C2004CA3E9 /* FoodFeed.app */ = {isa = PBXFileReference; explicitFileType = wrapper.application; includeInIndex = 0; path = FoodFeed.app; sourceTree = BUILT_PRODUCTS_DIR; };
		65D07A2124F816C2004CA3E9 /* AppDelegate.swift */ = {isa = PBXFileReference; lastKnownFileType = sourcecode.swift; path = AppDelegate.swift; sourceTree = "<group>"; };
		65D07A2324F816C2004CA3E9 /* SceneDelegate.swift */ = {isa = PBXFileReference; lastKnownFileType = sourcecode.swift; path = SceneDelegate.swift; sourceTree = "<group>"; };
		65D07A2A24F816C2004CA3E9 /* Base */ = {isa = PBXFileReference; lastKnownFileType = file.storyboard; name = Base; path = Base.lproj/Main.storyboard; sourceTree = "<group>"; };
		65D07A2D24F816C2004CA3E9 /* FoodFeed.xcdatamodel */ = {isa = PBXFileReference; lastKnownFileType = wrapper.xcdatamodel; path = FoodFeed.xcdatamodel; sourceTree = "<group>"; };
		65D07A2F24F816C5004CA3E9 /* Assets.xcassets */ = {isa = PBXFileReference; lastKnownFileType = folder.assetcatalog; path = Assets.xcassets; sourceTree = "<group>"; };
		65D07A3224F816C5004CA3E9 /* Base */ = {isa = PBXFileReference; lastKnownFileType = file.storyboard; name = Base; path = Base.lproj/LaunchScreen.storyboard; sourceTree = "<group>"; };
		65D07A3424F816C5004CA3E9 /* Info.plist */ = {isa = PBXFileReference; lastKnownFileType = text.plist.xml; path = Info.plist; sourceTree = "<group>"; };
		65D07A3924F816C5004CA3E9 /* FoodFeedTests.xctest */ = {isa = PBXFileReference; explicitFileType = wrapper.cfbundle; includeInIndex = 0; path = FoodFeedTests.xctest; sourceTree = BUILT_PRODUCTS_DIR; };
		65D07A3D24F816C5004CA3E9 /* FoodFeedTests.swift */ = {isa = PBXFileReference; lastKnownFileType = sourcecode.swift; path = FoodFeedTests.swift; sourceTree = "<group>"; };
		65D07A3F24F816C5004CA3E9 /* Info.plist */ = {isa = PBXFileReference; lastKnownFileType = text.plist.xml; path = Info.plist; sourceTree = "<group>"; };
		65D07A4424F816C5004CA3E9 /* FoodFeedUITests.xctest */ = {isa = PBXFileReference; explicitFileType = wrapper.cfbundle; includeInIndex = 0; path = FoodFeedUITests.xctest; sourceTree = BUILT_PRODUCTS_DIR; };
		65D07A4824F816C5004CA3E9 /* FoodFeedUITests.swift */ = {isa = PBXFileReference; lastKnownFileType = sourcecode.swift; path = FoodFeedUITests.swift; sourceTree = "<group>"; };
		65D07A4A24F816C5004CA3E9 /* Info.plist */ = {isa = PBXFileReference; lastKnownFileType = text.plist.xml; path = Info.plist; sourceTree = "<group>"; };
		66C900D4B54BEA33AFB6F6C1 /* Pods_FoodFeed.framework */ = {isa = PBXFileReference; explicitFileType = wrapper.framework; includeInIndex = 0; path = Pods_FoodFeed.framework; sourceTree = BUILT_PRODUCTS_DIR; };
		8721627DC83B350892C79754 /* Pods_FoodFeed_FoodFeedUITests.framework */ = {isa = PBXFileReference; explicitFileType = wrapper.framework; includeInIndex = 0; path = Pods_FoodFeed_FoodFeedUITests.framework; sourceTree = BUILT_PRODUCTS_DIR; };
		97C648C0FD76AAA3028724C2 /* Pods-FoodFeed.debug.xcconfig */ = {isa = PBXFileReference; includeInIndex = 1; lastKnownFileType = text.xcconfig; name = "Pods-FoodFeed.debug.xcconfig"; path = "Target Support Files/Pods-FoodFeed/Pods-FoodFeed.debug.xcconfig"; sourceTree = "<group>"; };
		FA709B3D01B75633CBAF47FA /* Pods-FoodFeed-FoodFeedUITests.debug.xcconfig */ = {isa = PBXFileReference; includeInIndex = 1; lastKnownFileType = text.xcconfig; name = "Pods-FoodFeed-FoodFeedUITests.debug.xcconfig"; path = "Target Support Files/Pods-FoodFeed-FoodFeedUITests/Pods-FoodFeed-FoodFeedUITests.debug.xcconfig"; sourceTree = "<group>"; };
/* End PBXFileReference section */

/* Begin PBXFrameworksBuildPhase section */
		65D07A1B24F816C2004CA3E9 /* Frameworks */ = {
			isa = PBXFrameworksBuildPhase;
			buildActionMask = 2147483647;
			files = (
				44327DAE26AC8A98006156B6 /* Alamofire in Frameworks */,
				44A76757260A284900EBC9AD /* SoftUIView in Frameworks */,
				44F7AD6326A495A900EF54FB /* UnsplashPhotoPicker in Frameworks */,
				44B32EBD2610F0200030C88C /* SwiftyGif in Frameworks */,
				1721F46DF48FAF123BB2AA8B /* Pods_FoodFeed.framework in Frameworks */,
				44327DB126AC8C07006156B6 /* AlamofireImage in Frameworks */,
			);
			runOnlyForDeploymentPostprocessing = 0;
		};
		65D07A3624F816C5004CA3E9 /* Frameworks */ = {
			isa = PBXFrameworksBuildPhase;
			buildActionMask = 2147483647;
			files = (
				375B9C20ACCCF72594BFCE29 /* Pods_FoodFeedTests.framework in Frameworks */,
			);
			runOnlyForDeploymentPostprocessing = 0;
		};
		65D07A4124F816C5004CA3E9 /* Frameworks */ = {
			isa = PBXFrameworksBuildPhase;
			buildActionMask = 2147483647;
			files = (
				31CA2A8A15AAA1CF833C2597 /* Pods_FoodFeed_FoodFeedUITests.framework in Frameworks */,
			);
			runOnlyForDeploymentPostprocessing = 0;
		};
/* End PBXFrameworksBuildPhase section */

/* Begin PBXGroup section */
		1DCB9E3CA6110EACE63B2D74 /* Frameworks */ = {
			isa = PBXGroup;
			children = (
				66C900D4B54BEA33AFB6F6C1 /* Pods_FoodFeed.framework */,
				8721627DC83B350892C79754 /* Pods_FoodFeed_FoodFeedUITests.framework */,
				1DEC3034C3958020CE08143F /* Pods_FoodFeedTests.framework */,
			);
			name = Frameworks;
			sourceTree = "<group>";
		};
		2A76C7E20707CA08719EC8DC /* Pods */ = {
			isa = PBXGroup;
			children = (
				97C648C0FD76AAA3028724C2 /* Pods-FoodFeed.debug.xcconfig */,
				215E84DBD1B31738775EE115 /* Pods-FoodFeed.release.xcconfig */,
				FA709B3D01B75633CBAF47FA /* Pods-FoodFeed-FoodFeedUITests.debug.xcconfig */,
				05FAA69704E3C1134E330262 /* Pods-FoodFeed-FoodFeedUITests.release.xcconfig */,
				0EF9A9275321D6C23D43CFE4 /* Pods-FoodFeedTests.debug.xcconfig */,
				389BAF189938748AB77F9D37 /* Pods-FoodFeedTests.release.xcconfig */,
			);
			path = Pods;
			sourceTree = "<group>";
		};
		2C48B5E9266D2FC00092D5E1 /* UI */ = {
			isa = PBXGroup;
			children = (
				2C48B681266D3B560092D5E1 /* Buttons */,
				2C48B633266D31460092D5E1 /* Colors.swift */,
				2C48B635266D32F00092D5E1 /* Fonts.swift */,
			);
			path = UI;
			sourceTree = "<group>";
		};
		2C48B681266D3B560092D5E1 /* Buttons */ = {
			isa = PBXGroup;
			children = (
				2C48B686266D59A00092D5E1 /* OptionButton.swift */,
				2C48B682266D3B6E0092D5E1 /* CherryButton.swift */,
				2C48B688266D59BF0092D5E1 /* RaspberryButton.swift */,
				2C48B68A266D67DF0092D5E1 /* NotSureButton.swift */,
			);
			path = Buttons;
			sourceTree = "<group>";
		};
		4465407E26061032004B202B /* botUserResources  */ = {
			isa = PBXGroup;
			children = (
				4465408B2606110A004B202B /* ProfilePictures */,
			);
			path = "botUserResources ";
			sourceTree = "<group>";
		};
		4465408B2606110A004B202B /* ProfilePictures */ = {
			isa = PBXGroup;
			children = (
				4465408C2606110A004B202B /* guy_profile_pic.jpeg */,
				4465408D2606110A004B202B /* bot1.jpeg */,
				4465408E2606110A004B202B /* U.jpeg */,
				4465408F2606110A004B202B /* bot4.jpeg */,
				446540902606110A004B202B /* bot2.jpeg */,
				446540912606110A004B202B /* bot3.jpeg */,
			);
			path = ProfilePictures;
			sourceTree = "<group>";
		};
		4473EDA7260251E400CFF919 /* Onboarding */ = {
			isa = PBXGroup;
			children = (
				446CDCC725CA910A0028B799 /* newCharacterViewController.swift */,
				446CF03825FFACEB0039C9A4 /* profileCreatorViewController.swift */,
				44A766DE2608A1BC00EBC9AD /* testViewController.swift */,
				446540582603ABA4004B202B /* userProfileCard.swift */,
				4465404B2603A7B9004B202B /* profileCardViewController.swift */,
				4470BF7D2603DD29002EE94E /* BotProfileViewController.swift */,
				44AFA49D256D1F0000CC7A0A /* PostDataInput.swift */,
			);
			path = Onboarding;
			sourceTree = "<group>";
		};
		448D701B26B019F300DE2046 /* Day3 */ = {
			isa = PBXGroup;
			children = (
				448D701F26B01D4000DE2046 /* frank2.gif */,
				448D702126B01D4100DE2046 /* frank3.gif */,
				448D702026B01D4000DE2046 /* frank4.gif */,
				448D702226B01D4100DE2046 /* frank5.gif */,
				448D701E26B01D4000DE2046 /* frank6.gif */,
				448D701C26B01A4600DE2046 /* frank1.gif */,
			);
			path = Day3;
			sourceTree = "<group>";
		};
		448ED15A26ADDE7F00E2D04E /* Git */ = {
			isa = PBXGroup;
			children = (
				448ED15B26ADDEB200E2D04E /* .gitignore */,
				448ED15D26ADDF3F00E2D04E /* Constants.swift */,
			);
			path = Git;
			sourceTree = "<group>";
		};
		44C3DEB22520B72F00D317DA /* Controllers */ = {
			isa = PBXGroup;
			children = (
				44C3DEAD2520B67B00D317DA /* FeedPageViewController.swift */,
				44F1918724F8CF7300DC5718 /* FeedViewController.swift */,
				44C3DECD2520C30700D317DA /* FeedPagePresenter.swift */,
				44C3DED22520C3AE00D317DA /* FeedFetchService.swift */,
				44A119F326ADE70F003961FB /* GifViewController.swift */,
			);
			path = Controllers;
			sourceTree = "<group>";
		};
		44C3DEBB2520B78F00D317DA /* Model */ = {
			isa = PBXGroup;
			children = (
				44C3DEB32520B76000D317DA /* Feed.swift */,
				44D66C67253316B300C81C41 /* TimedComments.swift */,
				44C3DEC22520C15600D317DA /* Protocols.swift */,
				65D07A2C24F816C2004CA3E9 /* FoodFeed.xcdatamodeld */,
			);
			path = Model;
			sourceTree = "<group>";
		};
		44C3DF052520DEF400D317DA /* Util */ = {
			isa = PBXGroup;
			children = (
				44C3DF062520DEF400D317DA /* Constant.swift */,
				44C3DF072520DEF400D317DA /* Connection.swift */,
				44C3DF082520DEF400D317DA /* InteractionUtil.swift */,
				44C3DF092520DEF400D317DA /* HTTPRequest.swift */,
				44C3DF0A2520DEF400D317DA /* HTTPError.swift */,
				44327DB226AC99C2006156B6 /* imageCache.swift */,
			);
			path = Util;
			sourceTree = "<group>";
		};
		44C3DF2B2521E4E000D317DA /* PlaceholderAssets */ = {
			isa = PBXGroup;
			children = (
				4473ED992602343200CFF919 /* speechBubble.png */,
				4473ED74260226B700CFF919 /* 341-3417063_herz-clipart.png */,
				4473ED6F260225CE00CFF919 /* heart_outline.png */,
				4473ED4526021E6C00CFF919 /* filled_favourite-512.png */,
				44A8131F2583926B00685A0E /* 07891284.ttf */,
				44C3DF2C2521F1F300D317DA /* giphy-13.gif */,
				44C3DF162521D94C00D317DA /* one.jpeg */,
				44C3DF1B2521D96100D317DA /* two.jpeg */,
				44C3DF202521D99000D317DA /* three.jpeg */,
				44C3DF46252A274100D317DA /* fieri.jpeg */,
			);
			path = PlaceholderAssets;
			sourceTree = "<group>";
		};
		44D66C7C2533700A00C81C41 /* View */ = {
			isa = PBXGroup;
			children = (
				44D66C7725336FF100C81C41 /* CommentsView.swift */,
				44D66C882534556E00C81C41 /* FeedViewLayout.swift */,
			);
			path = View;
			sourceTree = "<group>";
		};
		44E768EF264ABC7600AD75FE /* Gifs  */ = {
			isa = PBXGroup;
			children = (
				448D701B26B019F300DE2046 /* Day3 */,
				44E768F0264ABC7C00AD75FE /* Day6  */,
			);
			path = "Gifs ";
			sourceTree = "<group>";
		};
		44E768F0264ABC7C00AD75FE /* Day6  */ = {
			isa = PBXGroup;
			children = (
				446CAEAE26517E3B00F9081D /* exploded_head.gif */,
				446CAEA926517D3000F9081D /* awkward.gif */,
				44E768F6264ABD6800AD75FE /* fed_up.gif */,
				44E768FE264ABDEE00AD75FE /* frustrated_stone_kick.gif */,
				446CAEA426517BE200F9081D /* lowiron.gif */,
			);
			path = "Day6 ";
			sourceTree = "<group>";
		};
		6536A64625618597006D7297 /* Post */ = {
			isa = PBXGroup;
			children = (
				44B189F125F5333800A94028 /* commentTableViewController.swift */,
				44B189F225F5333800A94028 /* commentTableViewController.xib */,
				44BCE16425CDEB4F00760142 /* InteractionViewController.swift */,
				6536A647256185B3006D7297 /* Post.swift */,
				4465406E2605F0AC004B202B /* userAnswerView.swift */,
				446B298325F0BF9400379390 /* commentTableViewCell.swift */,
				446540662604B7E5004B202B /* chatBubbleView.swift */,
				446B298425F0BF9400379390 /* commentTableViewCell.xib */,
				446540762605F107004B202B /* softCommentTableViewCell.swift */,
			);
			path = Post;
			sourceTree = "<group>";
		};
		659F11292562A49300E5C8B1 /* Service */ = {
			isa = PBXGroup;
			children = (
				659F112A2562A4BA00E5C8B1 /* Backend.swift */,
				446CF03325FF9A470039C9A4 /* HardcodedData.swift */,
				447B69D625FFFDBC003400A0 /* Extensions.swift */,
			);
			path = Service;
			sourceTree = "<group>";
		};
		65D07A1524F816C2004CA3E9 = {
			isa = PBXGroup;
			children = (
				65D07A2024F816C2004CA3E9 /* FoodFeed */,
				448ED15A26ADDE7F00E2D04E /* Git */,
				65D07A3C24F816C5004CA3E9 /* FoodFeedTests */,
				65D07A4724F816C5004CA3E9 /* FoodFeedUITests */,
				65D07A1F24F816C2004CA3E9 /* Products */,
				2A76C7E20707CA08719EC8DC /* Pods */,
				1DCB9E3CA6110EACE63B2D74 /* Frameworks */,
			);
			sourceTree = "<group>";
		};
		65D07A1F24F816C2004CA3E9 /* Products */ = {
			isa = PBXGroup;
			children = (
				65D07A1E24F816C2004CA3E9 /* FoodFeed.app */,
				65D07A3924F816C5004CA3E9 /* FoodFeedTests.xctest */,
				65D07A4424F816C5004CA3E9 /* FoodFeedUITests.xctest */,
			);
			name = Products;
			sourceTree = "<group>";
		};
		65D07A2024F816C2004CA3E9 /* FoodFeed */ = {
			isa = PBXGroup;
			children = (
				2C48B5E9266D2FC00092D5E1 /* UI */,
				44A8131A25838E0700685A0E /* 07891284.ttf */,
				4471EC1A261A04AC00D23E01 /* storyline.txt */,
				4493EB1C2672D70100D8258A /* Day1.txt */,
				440C3272268DBD27007D70C6 /* Day2.txt */,
				4493EB1A2672B91C00D8258A /* Day3.txt */,
				440C3277268DBD33007D70C6 /* Day4.txt */,
				440C327C268DBD3B007D70C6 /* Day5.txt */,
				44E768E9264AB40E00AD75FE /* Day6.txt */,
				659F11292562A49300E5C8B1 /* Service */,
				6536A64625618597006D7297 /* Post */,
				65D07A2124F816C2004CA3E9 /* AppDelegate.swift */,
				65D07A2324F816C2004CA3E9 /* SceneDelegate.swift */,
				44C3DEBB2520B78F00D317DA /* Model */,
				44C3DEB22520B72F00D317DA /* Controllers */,
				44D66C7C2533700A00C81C41 /* View */,
				44C3DF052520DEF400D317DA /* Util */,
				65D07A2924F816C2004CA3E9 /* Main.storyboard */,
				44B32ED0261106AA0030C88C /* uiTestViewController.swift */,
				4473EDA7260251E400CFF919 /* Onboarding */,
				65D07A2F24F816C5004CA3E9 /* Assets.xcassets */,
				44386698261F625500507975 /* 200-9.gif */,
				448D701726B0158800DE2046 /* excitedfrank.jpg */,
				446CAE9726517B5300F9081D /* credits .swift */,
				44E768EF264ABC7600AD75FE /* Gifs  */,
				44C3DF2B2521E4E000D317DA /* PlaceholderAssets */,
				65D07A3124F816C5004CA3E9 /* LaunchScreen.storyboard */,
				65D07A3424F816C5004CA3E9 /* Info.plist */,
				4465407E26061032004B202B /* botUserResources  */,
			);
			path = FoodFeed;
			sourceTree = "<group>";
		};
		65D07A3C24F816C5004CA3E9 /* FoodFeedTests */ = {
			isa = PBXGroup;
			children = (
				65D07A3D24F816C5004CA3E9 /* FoodFeedTests.swift */,
				65D07A3F24F816C5004CA3E9 /* Info.plist */,
			);
			path = FoodFeedTests;
			sourceTree = "<group>";
		};
		65D07A4724F816C5004CA3E9 /* FoodFeedUITests */ = {
			isa = PBXGroup;
			children = (
				4473EDB326032ED500CFF919 /* TestPlan.xctestplan */,
				65D07A4824F816C5004CA3E9 /* FoodFeedUITests.swift */,
				65D07A4A24F816C5004CA3E9 /* Info.plist */,
			);
			path = FoodFeedUITests;
			sourceTree = "<group>";
		};
/* End PBXGroup section */

/* Begin PBXNativeTarget section */
		65D07A1D24F816C2004CA3E9 /* FoodFeed */ = {
			isa = PBXNativeTarget;
			buildConfigurationList = 65D07A4D24F816C5004CA3E9 /* Build configuration list for PBXNativeTarget "FoodFeed" */;
			buildPhases = (
				025C12AF7AAE0ED196945986 /* [CP] Check Pods Manifest.lock */,
				65D07A1A24F816C2004CA3E9 /* Sources */,
				65D07A1B24F816C2004CA3E9 /* Frameworks */,
				65D07A1C24F816C2004CA3E9 /* Resources */,
				9947B0CC331AE009CA373DD9 /* [CP] Embed Pods Frameworks */,
			);
			buildRules = (
			);
			dependencies = (
			);
			name = FoodFeed;
			packageProductDependencies = (
				44A76756260A284900EBC9AD /* SoftUIView */,
				44B32EBC2610F0200030C88C /* SwiftyGif */,
				44F7AD6226A495A900EF54FB /* UnsplashPhotoPicker */,
				44327DAD26AC8A98006156B6 /* Alamofire */,
				44327DB026AC8C07006156B6 /* AlamofireImage */,
			);
			productName = FoodFeed;
			productReference = 65D07A1E24F816C2004CA3E9 /* FoodFeed.app */;
			productType = "com.apple.product-type.application";
		};
		65D07A3824F816C5004CA3E9 /* FoodFeedTests */ = {
			isa = PBXNativeTarget;
			buildConfigurationList = 65D07A5024F816C5004CA3E9 /* Build configuration list for PBXNativeTarget "FoodFeedTests" */;
			buildPhases = (
				41041CC89B8D5F1F75BAE382 /* [CP] Check Pods Manifest.lock */,
				65D07A3524F816C5004CA3E9 /* Sources */,
				65D07A3624F816C5004CA3E9 /* Frameworks */,
				65D07A3724F816C5004CA3E9 /* Resources */,
			);
			buildRules = (
			);
			dependencies = (
				65D07A3B24F816C5004CA3E9 /* PBXTargetDependency */,
			);
			name = FoodFeedTests;
			productName = FoodFeedTests;
			productReference = 65D07A3924F816C5004CA3E9 /* FoodFeedTests.xctest */;
			productType = "com.apple.product-type.bundle.unit-test";
		};
		65D07A4324F816C5004CA3E9 /* FoodFeedUITests */ = {
			isa = PBXNativeTarget;
			buildConfigurationList = 65D07A5324F816C5004CA3E9 /* Build configuration list for PBXNativeTarget "FoodFeedUITests" */;
			buildPhases = (
				055DA63D90EC878029CBAAFA /* [CP] Check Pods Manifest.lock */,
				65D07A4024F816C5004CA3E9 /* Sources */,
				65D07A4124F816C5004CA3E9 /* Frameworks */,
				65D07A4224F816C5004CA3E9 /* Resources */,
				C4428F4A99B9B9B8501D7EDC /* [CP] Embed Pods Frameworks */,
			);
			buildRules = (
			);
			dependencies = (
				65D07A4624F816C5004CA3E9 /* PBXTargetDependency */,
			);
			name = FoodFeedUITests;
			productName = FoodFeedUITests;
			productReference = 65D07A4424F816C5004CA3E9 /* FoodFeedUITests.xctest */;
			productType = "com.apple.product-type.bundle.ui-testing";
		};
/* End PBXNativeTarget section */

/* Begin PBXProject section */
		65D07A1624F816C2004CA3E9 /* Project object */ = {
			isa = PBXProject;
			attributes = {
				LastSwiftUpdateCheck = 1150;
				LastUpgradeCheck = 1240;
				ORGANIZATIONNAME = "Daniel Haight";
				TargetAttributes = {
					65D07A1D24F816C2004CA3E9 = {
						CreatedOnToolsVersion = 11.5;
					};
					65D07A3824F816C5004CA3E9 = {
						CreatedOnToolsVersion = 11.5;
						TestTargetID = 65D07A1D24F816C2004CA3E9;
					};
					65D07A4324F816C5004CA3E9 = {
						CreatedOnToolsVersion = 11.5;
						TestTargetID = 65D07A1D24F816C2004CA3E9;
					};
				};
			};
			buildConfigurationList = 65D07A1924F816C2004CA3E9 /* Build configuration list for PBXProject "FoodFeed" */;
			compatibilityVersion = "Xcode 9.3";
			developmentRegion = en;
			hasScannedForEncodings = 0;
			knownRegions = (
				en,
				Base,
			);
			mainGroup = 65D07A1524F816C2004CA3E9;
			packageReferences = (
				44A76755260A284900EBC9AD /* XCRemoteSwiftPackageReference "SoftUIView" */,
				44B32EBB2610F0200030C88C /* XCRemoteSwiftPackageReference "SwiftyGif" */,
				44F7AD6126A495A900EF54FB /* XCRemoteSwiftPackageReference "unsplash-photopicker-ios" */,
				44327DAC26AC8A98006156B6 /* XCRemoteSwiftPackageReference "Alamofire" */,
				44327DAF26AC8C07006156B6 /* XCRemoteSwiftPackageReference "AlamofireImage" */,
			);
			productRefGroup = 65D07A1F24F816C2004CA3E9 /* Products */;
			projectDirPath = "";
			projectRoot = "";
			targets = (
				65D07A1D24F816C2004CA3E9 /* FoodFeed */,
				65D07A3824F816C5004CA3E9 /* FoodFeedTests */,
				65D07A4324F816C5004CA3E9 /* FoodFeedUITests */,
			);
		};
/* End PBXProject section */

/* Begin PBXResourcesBuildPhase section */
		65D07A1C24F816C2004CA3E9 /* Resources */ = {
			isa = PBXResourcesBuildPhase;
			buildActionMask = 2147483647;
			files = (
				44C3DF172521D94C00D317DA /* one.jpeg in Resources */,
				446540952606110A004B202B /* bot4.jpeg in Resources */,
				448D702426B01D4100DE2046 /* frank2.gif in Resources */,
				4473ED9A2602343200CFF919 /* speechBubble.png in Resources */,
				446CAEA526517BE200F9081D /* lowiron.gif in Resources */,
				448ED15C26ADDEB200E2D04E /* .gitignore in Resources */,
				448D701D26B01A4600DE2046 /* frank1.gif in Resources */,
				44A813202583926D00685A0E /* 07891284.ttf in Resources */,
				440C327D268DBD3B007D70C6 /* Day5.txt in Resources */,
				4493EB1D2672D70100D8258A /* Day1.txt in Resources */,
				44E768FF264ABDEE00AD75FE /* frustrated_stone_kick.gif in Resources */,
				44C3DF2D2521F1F300D317DA /* giphy-13.gif in Resources */,
				440C3278268DBD33007D70C6 /* Day4.txt in Resources */,
				44C3DF1C2521D96100D317DA /* two.jpeg in Resources */,
				4493EB1B2672B91C00D8258A /* Day3.txt in Resources */,
				44C3DF47252A274100D317DA /* fieri.jpeg in Resources */,
				44E768EA264AB40F00AD75FE /* Day6.txt in Resources */,
				448D702526B01D4100DE2046 /* frank4.gif in Resources */,
				4471EC1B261A04AC00D23E01 /* storyline.txt in Resources */,
				446B298625F0BF9400379390 /* commentTableViewCell.xib in Resources */,
				4473ED4626021E6C00CFF919 /* filled_favourite-512.png in Resources */,
				65D07A3324F816C5004CA3E9 /* LaunchScreen.storyboard in Resources */,
				448D702726B01D4100DE2046 /* frank5.gif in Resources */,
				446540962606110A004B202B /* bot2.jpeg in Resources */,
				65D07A3024F816C5004CA3E9 /* Assets.xcassets in Resources */,
				446540942606110A004B202B /* U.jpeg in Resources */,
				446540932606110A004B202B /* bot1.jpeg in Resources */,
				440C3273268DBD27007D70C6 /* Day2.txt in Resources */,
				44B189F425F5333800A94028 /* commentTableViewController.xib in Resources */,
				4473ED70260225CE00CFF919 /* heart_outline.png in Resources */,
				446540972606110A004B202B /* bot3.jpeg in Resources */,
				446540922606110A004B202B /* guy_profile_pic.jpeg in Resources */,
				448D701826B0158800DE2046 /* excitedfrank.jpg in Resources */,
				44C3DF212521D99000D317DA /* three.jpeg in Resources */,
				65D07A2B24F816C2004CA3E9 /* Main.storyboard in Resources */,
				44E768F7264ABD6800AD75FE /* fed_up.gif in Resources */,
				448D702626B01D4100DE2046 /* frank3.gif in Resources */,
				446CAEAA26517D3000F9081D /* awkward.gif in Resources */,
				446CAEAF26517E3B00F9081D /* exploded_head.gif in Resources */,
				448D702326B01D4100DE2046 /* frank6.gif in Resources */,
				4473ED75260226B800CFF919 /* 341-3417063_herz-clipart.png in Resources */,
			);
			runOnlyForDeploymentPostprocessing = 0;
		};
		65D07A3724F816C5004CA3E9 /* Resources */ = {
			isa = PBXResourcesBuildPhase;
			buildActionMask = 2147483647;
			files = (
				44A813242583926E00685A0E /* 07891284.ttf in Resources */,
			);
			runOnlyForDeploymentPostprocessing = 0;
		};
		65D07A4224F816C5004CA3E9 /* Resources */ = {
			isa = PBXResourcesBuildPhase;
			buildActionMask = 2147483647;
			files = (
				44A813252583926E00685A0E /* 07891284.ttf in Resources */,
			);
			runOnlyForDeploymentPostprocessing = 0;
		};
/* End PBXResourcesBuildPhase section */

/* Begin PBXShellScriptBuildPhase section */
		025C12AF7AAE0ED196945986 /* [CP] Check Pods Manifest.lock */ = {
			isa = PBXShellScriptBuildPhase;
			buildActionMask = 2147483647;
			files = (
			);
			inputFileListPaths = (
			);
			inputPaths = (
				"${PODS_PODFILE_DIR_PATH}/Podfile.lock",
				"${PODS_ROOT}/Manifest.lock",
			);
			name = "[CP] Check Pods Manifest.lock";
			outputFileListPaths = (
			);
			outputPaths = (
				"$(DERIVED_FILE_DIR)/Pods-FoodFeed-checkManifestLockResult.txt",
			);
			runOnlyForDeploymentPostprocessing = 0;
			shellPath = /bin/sh;
			shellScript = "diff \"${PODS_PODFILE_DIR_PATH}/Podfile.lock\" \"${PODS_ROOT}/Manifest.lock\" > /dev/null\nif [ $? != 0 ] ; then\n    # print error to STDERR\n    echo \"error: The sandbox is not in sync with the Podfile.lock. Run 'pod install' or update your CocoaPods installation.\" >&2\n    exit 1\nfi\n# This output is used by Xcode 'outputs' to avoid re-running this script phase.\necho \"SUCCESS\" > \"${SCRIPT_OUTPUT_FILE_0}\"\n";
			showEnvVarsInLog = 0;
		};
		055DA63D90EC878029CBAAFA /* [CP] Check Pods Manifest.lock */ = {
			isa = PBXShellScriptBuildPhase;
			buildActionMask = 2147483647;
			files = (
			);
			inputFileListPaths = (
			);
			inputPaths = (
				"${PODS_PODFILE_DIR_PATH}/Podfile.lock",
				"${PODS_ROOT}/Manifest.lock",
			);
			name = "[CP] Check Pods Manifest.lock";
			outputFileListPaths = (
			);
			outputPaths = (
				"$(DERIVED_FILE_DIR)/Pods-FoodFeed-FoodFeedUITests-checkManifestLockResult.txt",
			);
			runOnlyForDeploymentPostprocessing = 0;
			shellPath = /bin/sh;
			shellScript = "diff \"${PODS_PODFILE_DIR_PATH}/Podfile.lock\" \"${PODS_ROOT}/Manifest.lock\" > /dev/null\nif [ $? != 0 ] ; then\n    # print error to STDERR\n    echo \"error: The sandbox is not in sync with the Podfile.lock. Run 'pod install' or update your CocoaPods installation.\" >&2\n    exit 1\nfi\n# This output is used by Xcode 'outputs' to avoid re-running this script phase.\necho \"SUCCESS\" > \"${SCRIPT_OUTPUT_FILE_0}\"\n";
			showEnvVarsInLog = 0;
		};
		41041CC89B8D5F1F75BAE382 /* [CP] Check Pods Manifest.lock */ = {
			isa = PBXShellScriptBuildPhase;
			buildActionMask = 2147483647;
			files = (
			);
			inputFileListPaths = (
			);
			inputPaths = (
				"${PODS_PODFILE_DIR_PATH}/Podfile.lock",
				"${PODS_ROOT}/Manifest.lock",
			);
			name = "[CP] Check Pods Manifest.lock";
			outputFileListPaths = (
			);
			outputPaths = (
				"$(DERIVED_FILE_DIR)/Pods-FoodFeedTests-checkManifestLockResult.txt",
			);
			runOnlyForDeploymentPostprocessing = 0;
			shellPath = /bin/sh;
			shellScript = "diff \"${PODS_PODFILE_DIR_PATH}/Podfile.lock\" \"${PODS_ROOT}/Manifest.lock\" > /dev/null\nif [ $? != 0 ] ; then\n    # print error to STDERR\n    echo \"error: The sandbox is not in sync with the Podfile.lock. Run 'pod install' or update your CocoaPods installation.\" >&2\n    exit 1\nfi\n# This output is used by Xcode 'outputs' to avoid re-running this script phase.\necho \"SUCCESS\" > \"${SCRIPT_OUTPUT_FILE_0}\"\n";
			showEnvVarsInLog = 0;
		};
		9947B0CC331AE009CA373DD9 /* [CP] Embed Pods Frameworks */ = {
			isa = PBXShellScriptBuildPhase;
			buildActionMask = 2147483647;
			files = (
			);
			inputFileListPaths = (
				"${PODS_ROOT}/Target Support Files/Pods-FoodFeed/Pods-FoodFeed-frameworks-${CONFIGURATION}-input-files.xcfilelist",
			);
			name = "[CP] Embed Pods Frameworks";
			outputFileListPaths = (
				"${PODS_ROOT}/Target Support Files/Pods-FoodFeed/Pods-FoodFeed-frameworks-${CONFIGURATION}-output-files.xcfilelist",
			);
			runOnlyForDeploymentPostprocessing = 0;
			shellPath = /bin/sh;
			shellScript = "\"${PODS_ROOT}/Target Support Files/Pods-FoodFeed/Pods-FoodFeed-frameworks.sh\"\n";
			showEnvVarsInLog = 0;
		};
		C4428F4A99B9B9B8501D7EDC /* [CP] Embed Pods Frameworks */ = {
			isa = PBXShellScriptBuildPhase;
			buildActionMask = 2147483647;
			files = (
			);
			inputFileListPaths = (
				"${PODS_ROOT}/Target Support Files/Pods-FoodFeed-FoodFeedUITests/Pods-FoodFeed-FoodFeedUITests-frameworks-${CONFIGURATION}-input-files.xcfilelist",
			);
			name = "[CP] Embed Pods Frameworks";
			outputFileListPaths = (
				"${PODS_ROOT}/Target Support Files/Pods-FoodFeed-FoodFeedUITests/Pods-FoodFeed-FoodFeedUITests-frameworks-${CONFIGURATION}-output-files.xcfilelist",
			);
			runOnlyForDeploymentPostprocessing = 0;
			shellPath = /bin/sh;
			shellScript = "\"${PODS_ROOT}/Target Support Files/Pods-FoodFeed-FoodFeedUITests/Pods-FoodFeed-FoodFeedUITests-frameworks.sh\"\n";
			showEnvVarsInLog = 0;
		};
/* End PBXShellScriptBuildPhase section */

/* Begin PBXSourcesBuildPhase section */
		65D07A1A24F816C2004CA3E9 /* Sources */ = {
			isa = PBXSourcesBuildPhase;
			buildActionMask = 2147483647;
			files = (
				446540592603ABA4004B202B /* userProfileCard.swift in Sources */,
				44B189F325F5333800A94028 /* commentTableViewController.swift in Sources */,
				44C3DECE2520C30700D317DA /* FeedPagePresenter.swift in Sources */,
				44D66C68253316B300C81C41 /* TimedComments.swift in Sources */,
				44D66C7825336FF100C81C41 /* CommentsView.swift in Sources */,
				446B298525F0BF9400379390 /* commentTableViewCell.swift in Sources */,
				65D07A2E24F816C2004CA3E9 /* FoodFeed.xcdatamodeld in Sources */,
				44AFA49E256D1F0000CC7A0A /* PostDataInput.swift in Sources */,
				447B69D725FFFDBC003400A0 /* Extensions.swift in Sources */,
				659F112B2562A4BA00E5C8B1 /* Backend.swift in Sources */,
				2C48B683266D3B6E0092D5E1 /* CherryButton.swift in Sources */,
				44C3DEB42520B76000D317DA /* Feed.swift in Sources */,
				446CF03425FF9A470039C9A4 /* HardcodedData.swift in Sources */,
				44BCE16525CDEB4F00760142 /* InteractionViewController.swift in Sources */,
				44C3DEC32520C15600D317DA /* Protocols.swift in Sources */,
				65D07A2224F816C2004CA3E9 /* AppDelegate.swift in Sources */,
				2C48B68B266D67DF0092D5E1 /* NotSureButton.swift in Sources */,
				4465406F2605F0AC004B202B /* userAnswerView.swift in Sources */,
				44D66C892534556E00C81C41 /* FeedViewLayout.swift in Sources */,
				44B32ED1261106AA0030C88C /* uiTestViewController.swift in Sources */,
				44327DB326AC99C2006156B6 /* imageCache.swift in Sources */,
				44F1918824F8CF7300DC5718 /* FeedViewController.swift in Sources */,
				44C3DF0C2520DEF400D317DA /* Connection.swift in Sources */,
				448ED15E26ADDF3F00E2D04E /* Constants.swift in Sources */,
				65D07A2424F816C2004CA3E9 /* SceneDelegate.swift in Sources */,
				44A119F426ADE70F003961FB /* GifViewController.swift in Sources */,
				44C3DF0B2520DEF400D317DA /* Constant.swift in Sources */,
				44C3DED32520C3AE00D317DA /* FeedFetchService.swift in Sources */,
				2C48B687266D59A00092D5E1 /* OptionButton.swift in Sources */,
				44A766DF2608A1BC00EBC9AD /* testViewController.swift in Sources */,
				446540672604B7E5004B202B /* chatBubbleView.swift in Sources */,
				44C3DF0E2520DEF400D317DA /* HTTPRequest.swift in Sources */,
				44C3DF0D2520DEF400D317DA /* InteractionUtil.swift in Sources */,
				2C48B634266D31460092D5E1 /* Colors.swift in Sources */,
				6536A648256185B3006D7297 /* Post.swift in Sources */,
				4465404C2603A7B9004B202B /* profileCardViewController.swift in Sources */,
				4470BF7E2603DD2A002EE94E /* BotProfileViewController.swift in Sources */,
				446540772605F107004B202B /* softCommentTableViewCell.swift in Sources */,
				44C3DF0F2520DEF400D317DA /* HTTPError.swift in Sources */,
				446CF03925FFACEB0039C9A4 /* profileCreatorViewController.swift in Sources */,
				2C48B689266D59BF0092D5E1 /* RaspberryButton.swift in Sources */,
				446CAE9826517B5300F9081D /* credits .swift in Sources */,
				446CDCC825CA910A0028B799 /* newCharacterViewController.swift in Sources */,
				2C48B636266D32F00092D5E1 /* Fonts.swift in Sources */,
				44C3DEAE2520B67B00D317DA /* FeedPageViewController.swift in Sources */,
			);
			runOnlyForDeploymentPostprocessing = 0;
		};
		65D07A3524F816C5004CA3E9 /* Sources */ = {
			isa = PBXSourcesBuildPhase;
			buildActionMask = 2147483647;
			files = (
				65D07A3E24F816C5004CA3E9 /* FoodFeedTests.swift in Sources */,
			);
			runOnlyForDeploymentPostprocessing = 0;
		};
		65D07A4024F816C5004CA3E9 /* Sources */ = {
			isa = PBXSourcesBuildPhase;
			buildActionMask = 2147483647;
			files = (
				65D07A4924F816C5004CA3E9 /* FoodFeedUITests.swift in Sources */,
			);
			runOnlyForDeploymentPostprocessing = 0;
		};
/* End PBXSourcesBuildPhase section */

/* Begin PBXTargetDependency section */
		65D07A3B24F816C5004CA3E9 /* PBXTargetDependency */ = {
			isa = PBXTargetDependency;
			target = 65D07A1D24F816C2004CA3E9 /* FoodFeed */;
			targetProxy = 65D07A3A24F816C5004CA3E9 /* PBXContainerItemProxy */;
		};
		65D07A4624F816C5004CA3E9 /* PBXTargetDependency */ = {
			isa = PBXTargetDependency;
			target = 65D07A1D24F816C2004CA3E9 /* FoodFeed */;
			targetProxy = 65D07A4524F816C5004CA3E9 /* PBXContainerItemProxy */;
		};
/* End PBXTargetDependency section */

/* Begin PBXVariantGroup section */
		65D07A2924F816C2004CA3E9 /* Main.storyboard */ = {
			isa = PBXVariantGroup;
			children = (
				65D07A2A24F816C2004CA3E9 /* Base */,
			);
			name = Main.storyboard;
			sourceTree = "<group>";
		};
		65D07A3124F816C5004CA3E9 /* LaunchScreen.storyboard */ = {
			isa = PBXVariantGroup;
			children = (
				65D07A3224F816C5004CA3E9 /* Base */,
			);
			name = LaunchScreen.storyboard;
			sourceTree = "<group>";
		};
/* End PBXVariantGroup section */

/* Begin XCBuildConfiguration section */
		65D07A4B24F816C5004CA3E9 /* Debug */ = {
			isa = XCBuildConfiguration;
			buildSettings = {
				ALWAYS_SEARCH_USER_PATHS = NO;
				CLANG_ANALYZER_NONNULL = YES;
				CLANG_ANALYZER_NUMBER_OBJECT_CONVERSION = YES_AGGRESSIVE;
				CLANG_CXX_LANGUAGE_STANDARD = "gnu++14";
				CLANG_CXX_LIBRARY = "libc++";
				CLANG_ENABLE_MODULES = YES;
				CLANG_ENABLE_OBJC_ARC = YES;
				CLANG_ENABLE_OBJC_WEAK = YES;
				CLANG_WARN_BLOCK_CAPTURE_AUTORELEASING = YES;
				CLANG_WARN_BOOL_CONVERSION = YES;
				CLANG_WARN_COMMA = YES;
				CLANG_WARN_CONSTANT_CONVERSION = YES;
				CLANG_WARN_DEPRECATED_OBJC_IMPLEMENTATIONS = YES;
				CLANG_WARN_DIRECT_OBJC_ISA_USAGE = YES_ERROR;
				CLANG_WARN_DOCUMENTATION_COMMENTS = YES;
				CLANG_WARN_EMPTY_BODY = YES;
				CLANG_WARN_ENUM_CONVERSION = YES;
				CLANG_WARN_INFINITE_RECURSION = YES;
				CLANG_WARN_INT_CONVERSION = YES;
				CLANG_WARN_NON_LITERAL_NULL_CONVERSION = YES;
				CLANG_WARN_OBJC_IMPLICIT_RETAIN_SELF = YES;
				CLANG_WARN_OBJC_LITERAL_CONVERSION = YES;
				CLANG_WARN_OBJC_ROOT_CLASS = YES_ERROR;
				CLANG_WARN_QUOTED_INCLUDE_IN_FRAMEWORK_HEADER = YES;
				CLANG_WARN_RANGE_LOOP_ANALYSIS = YES;
				CLANG_WARN_STRICT_PROTOTYPES = YES;
				CLANG_WARN_SUSPICIOUS_MOVE = YES;
				CLANG_WARN_UNGUARDED_AVAILABILITY = YES_AGGRESSIVE;
				CLANG_WARN_UNREACHABLE_CODE = YES;
				CLANG_WARN__DUPLICATE_METHOD_MATCH = YES;
				COPY_PHASE_STRIP = NO;
				DEBUG_INFORMATION_FORMAT = dwarf;
				ENABLE_STRICT_OBJC_MSGSEND = YES;
				ENABLE_TESTABILITY = YES;
				"EXCLUDED_ARCHS[sdk=*]" = "";
				GCC_C_LANGUAGE_STANDARD = gnu11;
				GCC_DYNAMIC_NO_PIC = NO;
				GCC_NO_COMMON_BLOCKS = YES;
				GCC_OPTIMIZATION_LEVEL = 0;
				GCC_PREPROCESSOR_DEFINITIONS = (
					"DEBUG=1",
					"$(inherited)",
				);
				GCC_WARN_64_TO_32_BIT_CONVERSION = YES;
				GCC_WARN_ABOUT_RETURN_TYPE = YES_ERROR;
				GCC_WARN_UNDECLARED_SELECTOR = YES;
				GCC_WARN_UNINITIALIZED_AUTOS = YES_AGGRESSIVE;
				GCC_WARN_UNUSED_FUNCTION = YES;
				GCC_WARN_UNUSED_VARIABLE = YES;
				IPHONEOS_DEPLOYMENT_TARGET = 12.0;
				MTL_ENABLE_DEBUG_INFO = INCLUDE_SOURCE;
				MTL_FAST_MATH = YES;
				ONLY_ACTIVE_ARCH = YES;
				SDKROOT = iphoneos;
				SUPPORTED_PLATFORMS = "iphonesimulator iphoneos";
				SWIFT_ACTIVE_COMPILATION_CONDITIONS = DEBUG;
				SWIFT_OPTIMIZATION_LEVEL = "-Onone";
			};
			name = Debug;
		};
		65D07A4C24F816C5004CA3E9 /* Release */ = {
			isa = XCBuildConfiguration;
			buildSettings = {
				ALWAYS_SEARCH_USER_PATHS = NO;
				CLANG_ANALYZER_NONNULL = YES;
				CLANG_ANALYZER_NUMBER_OBJECT_CONVERSION = YES_AGGRESSIVE;
				CLANG_CXX_LANGUAGE_STANDARD = "gnu++14";
				CLANG_CXX_LIBRARY = "libc++";
				CLANG_ENABLE_MODULES = YES;
				CLANG_ENABLE_OBJC_ARC = YES;
				CLANG_ENABLE_OBJC_WEAK = YES;
				CLANG_WARN_BLOCK_CAPTURE_AUTORELEASING = YES;
				CLANG_WARN_BOOL_CONVERSION = YES;
				CLANG_WARN_COMMA = YES;
				CLANG_WARN_CONSTANT_CONVERSION = YES;
				CLANG_WARN_DEPRECATED_OBJC_IMPLEMENTATIONS = YES;
				CLANG_WARN_DIRECT_OBJC_ISA_USAGE = YES_ERROR;
				CLANG_WARN_DOCUMENTATION_COMMENTS = YES;
				CLANG_WARN_EMPTY_BODY = YES;
				CLANG_WARN_ENUM_CONVERSION = YES;
				CLANG_WARN_INFINITE_RECURSION = YES;
				CLANG_WARN_INT_CONVERSION = YES;
				CLANG_WARN_NON_LITERAL_NULL_CONVERSION = YES;
				CLANG_WARN_OBJC_IMPLICIT_RETAIN_SELF = YES;
				CLANG_WARN_OBJC_LITERAL_CONVERSION = YES;
				CLANG_WARN_OBJC_ROOT_CLASS = YES_ERROR;
				CLANG_WARN_QUOTED_INCLUDE_IN_FRAMEWORK_HEADER = YES;
				CLANG_WARN_RANGE_LOOP_ANALYSIS = YES;
				CLANG_WARN_STRICT_PROTOTYPES = YES;
				CLANG_WARN_SUSPICIOUS_MOVE = YES;
				CLANG_WARN_UNGUARDED_AVAILABILITY = YES_AGGRESSIVE;
				CLANG_WARN_UNREACHABLE_CODE = YES;
				CLANG_WARN__DUPLICATE_METHOD_MATCH = YES;
				COPY_PHASE_STRIP = NO;
				DEBUG_INFORMATION_FORMAT = "dwarf-with-dsym";
				ENABLE_NS_ASSERTIONS = NO;
				ENABLE_STRICT_OBJC_MSGSEND = YES;
				"EXCLUDED_ARCHS[sdk=*]" = "";
				GCC_C_LANGUAGE_STANDARD = gnu11;
				GCC_NO_COMMON_BLOCKS = YES;
				GCC_WARN_64_TO_32_BIT_CONVERSION = YES;
				GCC_WARN_ABOUT_RETURN_TYPE = YES_ERROR;
				GCC_WARN_UNDECLARED_SELECTOR = YES;
				GCC_WARN_UNINITIALIZED_AUTOS = YES_AGGRESSIVE;
				GCC_WARN_UNUSED_FUNCTION = YES;
				GCC_WARN_UNUSED_VARIABLE = YES;
				IPHONEOS_DEPLOYMENT_TARGET = 12.0;
				MTL_ENABLE_DEBUG_INFO = NO;
				MTL_FAST_MATH = YES;
				SDKROOT = iphoneos;
				SUPPORTED_PLATFORMS = "iphonesimulator iphoneos";
				SWIFT_COMPILATION_MODE = wholemodule;
				SWIFT_OPTIMIZATION_LEVEL = "-O";
				VALIDATE_PRODUCT = YES;
			};
			name = Release;
		};
		65D07A4E24F816C5004CA3E9 /* Debug */ = {
			isa = XCBuildConfiguration;
			baseConfigurationReference = 97C648C0FD76AAA3028724C2 /* Pods-FoodFeed.debug.xcconfig */;
			buildSettings = {
				ASSETCATALOG_COMPILER_APPICON_NAME = AppIcon;
				CODE_SIGN_IDENTITY = "Apple Development";
				CODE_SIGN_STYLE = Automatic;
				CURRENT_PROJECT_VERSION = 3;
				DEVELOPMENT_TEAM = 2E5MDC86ME;
				INFOPLIST_FILE = FoodFeed/Info.plist;
				IPHONEOS_DEPLOYMENT_TARGET = 12.0;
				LD_RUNPATH_SEARCH_PATHS = (
					"$(inherited)",
					"@executable_path/Frameworks",
				);
				MARKETING_VERSION = 2.0;
				ONLY_ACTIVE_ARCH = YES;
				PRODUCT_BUNDLE_IDENTIFIER = dev.haight.FoodFeed;
				PRODUCT_NAME = "$(TARGET_NAME)";
				PROVISIONING_PROFILE_SPECIFIER = "";
				SWIFT_VERSION = 5.0;
			};
			name = Debug;
		};
		65D07A4F24F816C5004CA3E9 /* Release */ = {
			isa = XCBuildConfiguration;
			baseConfigurationReference = 215E84DBD1B31738775EE115 /* Pods-FoodFeed.release.xcconfig */;
			buildSettings = {
				ASSETCATALOG_COMPILER_APPICON_NAME = AppIcon;
				CODE_SIGN_IDENTITY = "Apple Development";
				CODE_SIGN_STYLE = Automatic;
				CURRENT_PROJECT_VERSION = 3;
				DEVELOPMENT_TEAM = DS9RJBMYKW;
				INFOPLIST_FILE = FoodFeed/Info.plist;
				LD_RUNPATH_SEARCH_PATHS = (
					"$(inherited)",
					"@executable_path/Frameworks",
				);
				MARKETING_VERSION = 2.0;
				ONLY_ACTIVE_ARCH = NO;
				PRODUCT_BUNDLE_IDENTIFIER = com.saltformysquid.fudfid;
				PRODUCT_NAME = "$(TARGET_NAME)";
				PROVISIONING_PROFILE_SPECIFIER = "";
				SWIFT_VERSION = 5.0;
			};
			name = Release;
		};
		65D07A5124F816C5004CA3E9 /* Debug */ = {
			isa = XCBuildConfiguration;
			baseConfigurationReference = 0EF9A9275321D6C23D43CFE4 /* Pods-FoodFeedTests.debug.xcconfig */;
			buildSettings = {
				ALWAYS_EMBED_SWIFT_STANDARD_LIBRARIES = YES;
				BUNDLE_LOADER = "$(TEST_HOST)";
				CODE_SIGN_STYLE = Automatic;
				DEVELOPMENT_TEAM = 2E5MDC86ME;
				INFOPLIST_FILE = FoodFeedTests/Info.plist;
				LD_RUNPATH_SEARCH_PATHS = (
					"$(inherited)",
					"@executable_path/Frameworks",
					"@loader_path/Frameworks",
				);
				PRODUCT_BUNDLE_IDENTIFIER = dev.haight.FoodFeedTests;
				PRODUCT_NAME = "$(TARGET_NAME)";
				SWIFT_VERSION = 5.0;
				TARGETED_DEVICE_FAMILY = "1,2";
				TEST_HOST = "$(BUILT_PRODUCTS_DIR)/FoodFeed.app/FoodFeed";
			};
			name = Debug;
		};
		65D07A5224F816C5004CA3E9 /* Release */ = {
			isa = XCBuildConfiguration;
			baseConfigurationReference = 389BAF189938748AB77F9D37 /* Pods-FoodFeedTests.release.xcconfig */;
			buildSettings = {
				ALWAYS_EMBED_SWIFT_STANDARD_LIBRARIES = YES;
				BUNDLE_LOADER = "$(TEST_HOST)";
				CODE_SIGN_STYLE = Automatic;
				DEVELOPMENT_TEAM = 2E5MDC86ME;
				INFOPLIST_FILE = FoodFeedTests/Info.plist;
				LD_RUNPATH_SEARCH_PATHS = (
					"$(inherited)",
					"@executable_path/Frameworks",
					"@loader_path/Frameworks",
				);
				PRODUCT_BUNDLE_IDENTIFIER = dev.haight.FoodFeedTests;
				PRODUCT_NAME = "$(TARGET_NAME)";
				SWIFT_VERSION = 5.0;
				TARGETED_DEVICE_FAMILY = "1,2";
				TEST_HOST = "$(BUILT_PRODUCTS_DIR)/FoodFeed.app/FoodFeed";
			};
			name = Release;
		};
		65D07A5424F816C5004CA3E9 /* Debug */ = {
			isa = XCBuildConfiguration;
			baseConfigurationReference = FA709B3D01B75633CBAF47FA /* Pods-FoodFeed-FoodFeedUITests.debug.xcconfig */;
			buildSettings = {
				ALWAYS_EMBED_SWIFT_STANDARD_LIBRARIES = YES;
				CODE_SIGN_STYLE = Automatic;
				DEVELOPMENT_TEAM = 2E5MDC86ME;
				INFOPLIST_FILE = FoodFeedUITests/Info.plist;
				LD_RUNPATH_SEARCH_PATHS = (
					"$(inherited)",
					"@executable_path/Frameworks",
					"@loader_path/Frameworks",
				);
				PRODUCT_BUNDLE_IDENTIFIER = dev.haight.FoodFeedUITests;
				PRODUCT_NAME = "$(TARGET_NAME)";
				SWIFT_VERSION = 5.0;
				TARGETED_DEVICE_FAMILY = "1,2";
				TEST_TARGET_NAME = FoodFeed;
			};
			name = Debug;
		};
		65D07A5524F816C5004CA3E9 /* Release */ = {
			isa = XCBuildConfiguration;
			baseConfigurationReference = 05FAA69704E3C1134E330262 /* Pods-FoodFeed-FoodFeedUITests.release.xcconfig */;
			buildSettings = {
				ALWAYS_EMBED_SWIFT_STANDARD_LIBRARIES = YES;
				CODE_SIGN_STYLE = Automatic;
				DEVELOPMENT_TEAM = 2E5MDC86ME;
				INFOPLIST_FILE = FoodFeedUITests/Info.plist;
				LD_RUNPATH_SEARCH_PATHS = (
					"$(inherited)",
					"@executable_path/Frameworks",
					"@loader_path/Frameworks",
				);
				PRODUCT_BUNDLE_IDENTIFIER = dev.haight.FoodFeedUITests;
				PRODUCT_NAME = "$(TARGET_NAME)";
				SWIFT_VERSION = 5.0;
				TARGETED_DEVICE_FAMILY = "1,2";
				TEST_TARGET_NAME = FoodFeed;
			};
			name = Release;
		};
/* End XCBuildConfiguration section */

/* Begin XCConfigurationList section */
		65D07A1924F816C2004CA3E9 /* Build configuration list for PBXProject "FoodFeed" */ = {
			isa = XCConfigurationList;
			buildConfigurations = (
				65D07A4B24F816C5004CA3E9 /* Debug */,
				65D07A4C24F816C5004CA3E9 /* Release */,
			);
			defaultConfigurationIsVisible = 0;
			defaultConfigurationName = Release;
		};
		65D07A4D24F816C5004CA3E9 /* Build configuration list for PBXNativeTarget "FoodFeed" */ = {
			isa = XCConfigurationList;
			buildConfigurations = (
				65D07A4E24F816C5004CA3E9 /* Debug */,
				65D07A4F24F816C5004CA3E9 /* Release */,
			);
			defaultConfigurationIsVisible = 0;
			defaultConfigurationName = Release;
		};
		65D07A5024F816C5004CA3E9 /* Build configuration list for PBXNativeTarget "FoodFeedTests" */ = {
			isa = XCConfigurationList;
			buildConfigurations = (
				65D07A5124F816C5004CA3E9 /* Debug */,
				65D07A5224F816C5004CA3E9 /* Release */,
			);
			defaultConfigurationIsVisible = 0;
			defaultConfigurationName = Release;
		};
		65D07A5324F816C5004CA3E9 /* Build configuration list for PBXNativeTarget "FoodFeedUITests" */ = {
			isa = XCConfigurationList;
			buildConfigurations = (
				65D07A5424F816C5004CA3E9 /* Debug */,
				65D07A5524F816C5004CA3E9 /* Release */,
			);
			defaultConfigurationIsVisible = 0;
			defaultConfigurationName = Release;
		};
/* End XCConfigurationList section */

/* Begin XCRemoteSwiftPackageReference section */
		44327DAC26AC8A98006156B6 /* XCRemoteSwiftPackageReference "Alamofire" */ = {
			isa = XCRemoteSwiftPackageReference;
			repositoryURL = "https://github.com/Alamofire/Alamofire.git";
			requirement = {
				kind = upToNextMajorVersion;
				minimumVersion = 5.4.0;
			};
		};
		44327DAF26AC8C07006156B6 /* XCRemoteSwiftPackageReference "AlamofireImage" */ = {
			isa = XCRemoteSwiftPackageReference;
			repositoryURL = "https://github.com/Alamofire/AlamofireImage";
			requirement = {
				kind = upToNextMajorVersion;
				minimumVersion = 4.0.0;
			};
		};
		44A76755260A284900EBC9AD /* XCRemoteSwiftPackageReference "SoftUIView" */ = {
			isa = XCRemoteSwiftPackageReference;
			repositoryURL = "https://github.com/hmhv/SoftUIView.git";
			requirement = {
				kind = upToNextMajorVersion;
				minimumVersion = 0.0.3;
			};
		};
		44B32EBB2610F0200030C88C /* XCRemoteSwiftPackageReference "SwiftyGif" */ = {
			isa = XCRemoteSwiftPackageReference;
			repositoryURL = "https://github.com/kirualex/SwiftyGif.git";
			requirement = {
				kind = upToNextMajorVersion;
				minimumVersion = 5.4.0;
			};
		};
		44F7AD6126A495A900EF54FB /* XCRemoteSwiftPackageReference "unsplash-photopicker-ios" */ = {
			isa = XCRemoteSwiftPackageReference;
			repositoryURL = "https://github.com/unsplash/unsplash-photopicker-ios.git";
			requirement = {
				kind = upToNextMajorVersion;
				minimumVersion = 1.0.0;
			};
		};
/* End XCRemoteSwiftPackageReference section */

/* Begin XCSwiftPackageProductDependency section */
		44327DAD26AC8A98006156B6 /* Alamofire */ = {
			isa = XCSwiftPackageProductDependency;
			package = 44327DAC26AC8A98006156B6 /* XCRemoteSwiftPackageReference "Alamofire" */;
			productName = Alamofire;
		};
		44327DB026AC8C07006156B6 /* AlamofireImage */ = {
			isa = XCSwiftPackageProductDependency;
			package = 44327DAF26AC8C07006156B6 /* XCRemoteSwiftPackageReference "AlamofireImage" */;
			productName = AlamofireImage;
		};
		44A76756260A284900EBC9AD /* SoftUIView */ = {
			isa = XCSwiftPackageProductDependency;
			package = 44A76755260A284900EBC9AD /* XCRemoteSwiftPackageReference "SoftUIView" */;
			productName = SoftUIView;
		};
		44B32EBC2610F0200030C88C /* SwiftyGif */ = {
			isa = XCSwiftPackageProductDependency;
			package = 44B32EBB2610F0200030C88C /* XCRemoteSwiftPackageReference "SwiftyGif" */;
			productName = SwiftyGif;
		};
		44F7AD6226A495A900EF54FB /* UnsplashPhotoPicker */ = {
			isa = XCSwiftPackageProductDependency;
			package = 44F7AD6126A495A900EF54FB /* XCRemoteSwiftPackageReference "unsplash-photopicker-ios" */;
			productName = UnsplashPhotoPicker;
		};
/* End XCSwiftPackageProductDependency section */

/* Begin XCVersionGroup section */
		65D07A2C24F816C2004CA3E9 /* FoodFeed.xcdatamodeld */ = {
			isa = XCVersionGroup;
			children = (
				65D07A2D24F816C2004CA3E9 /* FoodFeed.xcdatamodel */,
			);
			currentVersion = 65D07A2D24F816C2004CA3E9 /* FoodFeed.xcdatamodel */;
			path = FoodFeed.xcdatamodeld;
			sourceTree = "<group>";
			versionGroupType = wrapper.xcdatamodel;
		};
/* End XCVersionGroup section */
	};
	rootObject = 65D07A1624F816C2004CA3E9 /* Project object */;
}
